
Microsoft Visual Studio Solution File, Format Version 12.00
# Visual Studio 2013
VisualStudioVersion = 12.0.30501.0
MinimumVisualStudioVersion = 10.0.40219.1
Project("{FAE04EC0-301F-11D3-BF4B-00C04F79EFBC}") = "BNE.BLL", "BNE.BLL\BNE.BLL.csproj", "{B316CE73-6590-43E7-BD7A-2C24963C09FB}"
EndProject
Project("{FAE04EC0-301F-11D3-BF4B-00C04F79EFBC}") = "BNE.BLL.Common", "BNE.BLL.Commom\BNE.BLL.Common.csproj", "{F41B8060-1EA8-4C42-9FA0-02868DAC7F8E}"
EndProject
Project("{FAE04EC0-301F-11D3-BF4B-00C04F79EFBC}") = "BNE.BLL.Security", "BNE.BLL.Security\BNE.BLL.Security.csproj", "{E006078B-F337-4BDD-BB41-8FA26CBFD3B6}"
EndProject
Project("{FAE04EC0-301F-11D3-BF4B-00C04F79EFBC}") = "BNE.RedesSociais", "BNE.RedesSociais\BNE.RedesSociais.csproj", "{6531A217-E16C-476D-9DDD-EDE23087308D}"
EndProject
Project("{FAE04EC0-301F-11D3-BF4B-00C04F79EFBC}") = "BNE.Chat", "BNE.Chat\BNE.Chat.csproj", "{AADEA832-EFF4-42AA-8D81-89F294BE1A6C}"
EndProject
Project("{FAE04EC0-301F-11D3-BF4B-00C04F79EFBC}") = "BNE.EL", "BNE.EL\BNE.EL.csproj", "{328D2B86-DD73-410E-AA9C-42D59BD28796}"
EndProject
Project("{2150E333-8FDC-42A3-9474-1A3956D46DE8}") = "Outros", "Outros", "{7DD01F6F-BFE4-4688-BF72-0BDCD7006D10}"
EndProject
Project("{FAE04EC0-301F-11D3-BF4B-00C04F79EFBC}") = "BNE.Services.AsyncServices", "BNE.Services.AsyncServices\BNE.Services.AsyncServices.csproj", "{E5551E0E-CAC3-4AA3-A6E8-0AF279E9555E}"
EndProject
Project("{FAE04EC0-301F-11D3-BF4B-00C04F79EFBC}") = "BNE.Services.Base", "BNE.Services.Base\BNE.Services.Base.csproj", "{043F37E4-113A-4BCE-AF0D-D05B61DDBEA4}"
EndProject
Project("{FAE04EC0-301F-11D3-BF4B-00C04F79EFBC}") = "AllInMailCore", "AllInMail.Core\AllInMailCore.csproj", "{A9E931AC-89D9-4D49-891E-2B088851B849}"
EndProject
Project("{FAE04EC0-301F-11D3-BF4B-00C04F79EFBC}") = "AllIn.Triggers", "AllIn.AsyncTriggers\AllIn.Triggers.csproj", "{0C0EC061-4F99-4CF6-BAB6-A067B566349E}"
EndProject
Project("{FAE04EC0-301F-11D3-BF4B-00C04F79EFBC}") = "BNE.Services.Plugins", "BNE.Services.Plugins\BNE.Services.Plugins.csproj", "{EF862A0C-3068-41E8-AD47-36AF2B470F65}"
EndProject
Project("{FAE04EC0-301F-11D3-BF4B-00C04F79EFBC}") = "BNE.Services.AsyncExecutor", "BNE.Services.AsyncExecutor\BNE.Services.AsyncExecutor.csproj", "{C270D0FB-61D7-49D1-A860-C3A18209CB0E}"
EndProject
Project("{FAE04EC0-301F-11D3-BF4B-00C04F79EFBC}") = "BNE.Services.Test", "BNE.Services.Test\BNE.Services.Test.csproj", "{C3234BD4-9E92-42C4-9495-F46553465ACD}"
EndProject
Project("{2150E333-8FDC-42A3-9474-1A3956D46DE8}") = "Second", "Second", "{251F4E32-4467-4A74-8BBD-F7B0CC6E5913}"
EndProject
Project("{FAE04EC0-301F-11D3-BF4B-00C04F79EFBC}") = "BNE.BLL.AsyncServices", "BNE.BLL.AsyncServices\BNE.BLL.AsyncServices.csproj", "{2D01AB29-8BC5-46F0-9AF9-3DE70FFE6510}"
EndProject
Global
	GlobalSection(TeamFoundationVersionControl) = preSolution
		SccNumberOfProjects = 14
		SccEnterpriseProvider = {4CA58AB2-18FA-4F8D-95D4-32DDF27D184C}
		SccTeamFoundationServer = http://tfs.employer.com.br:8080/tfs/defaultcollection
		SccProjectUniqueName0 = BNE.BLL\\BNE.BLL.csproj
		SccProjectTopLevelParentUniqueName0 = BNE\u0020-\u0020Assincrono.sln
		SccProjectName0 = BNE.BLL
		SccAuxPath0 = http://tfs.employer.com.br:8080/tfs/defaultcollection
		SccLocalPath0 = BNE.BLL
		SccProvider0 = {4CA58AB2-18FA-4F8D-95D4-32DDF27D184C}
		SccProjectUniqueName1 = BNE.BLL.Commom\\BNE.BLL.Common.csproj
		SccProjectTopLevelParentUniqueName1 = BNE\u0020-\u0020Assincrono.sln
		SccProjectName1 = BNE.BLL.Commom
		SccAuxPath1 = http://tfs.employer.com.br:8080/tfs/defaultcollection
		SccLocalPath1 = BNE.BLL.Commom
		SccProvider1 = {4CA58AB2-18FA-4F8D-95D4-32DDF27D184C}
		SccProjectUniqueName2 = BNE.BLL.Security\\BNE.BLL.Security.csproj
		SccProjectTopLevelParentUniqueName2 = BNE\u0020-\u0020Assincrono.sln
		SccProjectName2 = BNE.BLL.Security
		SccAuxPath2 = http://tfs.employer.com.br:8080/tfs/defaultcollection
		SccLocalPath2 = BNE.BLL.Security
		SccProvider2 = {4CA58AB2-18FA-4F8D-95D4-32DDF27D184C}
		SccProjectUniqueName3 = BNE.RedesSociais\\BNE.RedesSociais.csproj
		SccProjectTopLevelParentUniqueName3 = BNE\u0020-\u0020Assincrono.sln
		SccProjectName3 = BNE.RedesSociais
		SccAuxPath3 = http://tfs.employer.com.br:8080/tfs/defaultcollection
		SccLocalPath3 = BNE.RedesSociais
		SccProvider3 = {4CA58AB2-18FA-4F8D-95D4-32DDF27D184C}
		SccProjectUniqueName4 = BNE.Chat\\BNE.Chat.csproj
		SccProjectTopLevelParentUniqueName4 = BNE\u0020-\u0020Assincrono.sln
		SccProjectName4 = BNE.Chat
		SccAuxPath4 = http://tfs.employer.com.br:8080/tfs/defaultcollection
		SccLocalPath4 = BNE.Chat
		SccProvider4 = {4CA58AB2-18FA-4F8D-95D4-32DDF27D184C}
		SccProjectUniqueName5 = BNE.EL\\BNE.EL.csproj
		SccProjectTopLevelParentUniqueName5 = BNE\u0020-\u0020Assincrono.sln
		SccProjectName5 = BNE.EL
		SccAuxPath5 = http://tfs.employer.com.br:8080/tfs/defaultcollection
		SccLocalPath5 = BNE.EL
		SccProvider5 = {4CA58AB2-18FA-4F8D-95D4-32DDF27D184C}
		SccProjectUniqueName6 = BNE.Services.AsyncServices\\BNE.Services.AsyncServices.csproj
		SccProjectTopLevelParentUniqueName6 = BNE\u0020-\u0020Assincrono.sln
		SccProjectName6 = BNE.Services.AsyncServices
		SccAuxPath6 = http://tfs.employer.com.br:8080/tfs/defaultcollection
		SccLocalPath6 = BNE.Services.AsyncServices
		SccProvider6 = {4CA58AB2-18FA-4F8D-95D4-32DDF27D184C}
		SccProjectUniqueName7 = BNE.Services.Base\\BNE.Services.Base.csproj
		SccProjectTopLevelParentUniqueName7 = BNE\u0020-\u0020Assincrono.sln
		SccProjectName7 = BNE.Services.Base
		SccAuxPath7 = http://tfs.employer.com.br:8080/tfs/defaultcollection
		SccLocalPath7 = BNE.Services.Base
		SccProvider7 = {4CA58AB2-18FA-4F8D-95D4-32DDF27D184C}
		SccProjectUniqueName8 = AllInMail.Core\\AllInMailCore.csproj
		SccProjectTopLevelParentUniqueName8 = BNE\u0020-\u0020Assincrono.sln
		SccProjectName8 = AllInMail.Core
		SccAuxPath8 = http://tfs.employer.com.br:8080/tfs/defaultcollection
		SccLocalPath8 = AllInMail.Core
		SccProvider8 = {4CA58AB2-18FA-4F8D-95D4-32DDF27D184C}
		SccProjectUniqueName9 = AllIn.AsyncTriggers\\AllIn.Triggers.csproj
		SccProjectName9 = AllIn.AsyncTriggers
		SccAuxPath9 = http://tfs.employer.com.br:8080/tfs/defaultcollection
		SccLocalPath9 = AllIn.AsyncTriggers
		SccProvider9 = {4CA58AB2-18FA-4F8D-95D4-32DDF27D184C}
		SccProjectUniqueName10 = BNE.Services.Plugins\\BNE.Services.Plugins.csproj
		SccProjectName10 = BNE.Services.Plugins
		SccAuxPath10 = http://tfs.employer.com.br:8080/tfs/defaultcollection
		SccLocalPath10 = BNE.Services.Plugins
		SccProvider10 = {4CA58AB2-18FA-4F8D-95D4-32DDF27D184C}
		SccProjectUniqueName11 = BNE.Services.AsyncExecutor\\BNE.Services.AsyncExecutor.csproj
		SccProjectTopLevelParentUniqueName11 = BNE\u0020-\u0020Assincrono.sln
		SccProjectName11 = BNE.Services.AsyncExecutor
		SccAuxPath11 = http://tfs.employer.com.br:8080/tfs/defaultcollection
		SccLocalPath11 = BNE.Services.AsyncExecutor
		SccProvider11 = {4CA58AB2-18FA-4F8D-95D4-32DDF27D184C}
		SccProjectUniqueName12 = BNE.Services.Test\\BNE.Services.Test.csproj
		SccProjectName12 = BNE.Services.Test
		SccAuxPath12 = http://tfs.employer.com.br:8080/tfs/defaultcollection
		SccLocalPath12 = BNE.Services.Test
		SccProvider12 = {4CA58AB2-18FA-4F8D-95D4-32DDF27D184C}
		SccProjectUniqueName13 = BNE.BLL.AsyncServices\\BNE.BLL.AsyncServices.csproj
		SccProjectTopLevelParentUniqueName13 = BNE\u0020-\u0020Assincrono.sln
		SccProjectName13 = BNE.BLL.AsyncServices
		SccAuxPath13 = http://tfs.employer.com.br:8080/tfs/defaultcollection
		SccLocalPath13 = BNE.BLL.AsyncServices
		SccProvider13 = {4CA58AB2-18FA-4F8D-95D4-32DDF27D184C}
	EndGlobalSection
	GlobalSection(SolutionConfigurationPlatforms) = preSolution
		BNE_Dev|Any CPU = BNE_Dev|Any CPU
		BNE_Dev|x64 = BNE_Dev|x64
		BNE_Dev|x86 = BNE_Dev|x86
		Debug|Any CPU = Debug|Any CPU
		Debug|x64 = Debug|x64
		Debug|x86 = Debug|x86
		Homologacao|Any CPU = Homologacao|Any CPU
		Homologacao|x64 = Homologacao|x64
		Homologacao|x86 = Homologacao|x86
		Producao|Any CPU = Producao|Any CPU
		Producao|x64 = Producao|x64
		Producao|x86 = Producao|x86
		Release|Any CPU = Release|Any CPU
		Release|x64 = Release|x64
		Release|x86 = Release|x86
	EndGlobalSection
	GlobalSection(ProjectConfigurationPlatforms) = postSolution
		{B316CE73-6590-43E7-BD7A-2C24963C09FB}.BNE_Dev|Any CPU.ActiveCfg = BNE_Dev|Any CPU
		{B316CE73-6590-43E7-BD7A-2C24963C09FB}.BNE_Dev|Any CPU.Build.0 = BNE_Dev|Any CPU
		{B316CE73-6590-43E7-BD7A-2C24963C09FB}.BNE_Dev|x64.ActiveCfg = BNE_Dev|x64
		{B316CE73-6590-43E7-BD7A-2C24963C09FB}.BNE_Dev|x64.Build.0 = BNE_Dev|x64
		{B316CE73-6590-43E7-BD7A-2C24963C09FB}.BNE_Dev|x86.ActiveCfg = BNE_Dev|Any CPU
		{B316CE73-6590-43E7-BD7A-2C24963C09FB}.Debug|Any CPU.ActiveCfg = Debug|Any CPU
		{B316CE73-6590-43E7-BD7A-2C24963C09FB}.Debug|Any CPU.Build.0 = Debug|Any CPU
		{B316CE73-6590-43E7-BD7A-2C24963C09FB}.Debug|x64.ActiveCfg = Debug|x64
		{B316CE73-6590-43E7-BD7A-2C24963C09FB}.Debug|x64.Build.0 = Debug|x64
		{B316CE73-6590-43E7-BD7A-2C24963C09FB}.Debug|x86.ActiveCfg = Debug|Any CPU
		{B316CE73-6590-43E7-BD7A-2C24963C09FB}.Homologacao|Any CPU.ActiveCfg = Homologacao|Any CPU
		{B316CE73-6590-43E7-BD7A-2C24963C09FB}.Homologacao|Any CPU.Build.0 = Homologacao|Any CPU
		{B316CE73-6590-43E7-BD7A-2C24963C09FB}.Homologacao|x64.ActiveCfg = Homologacao|x64
		{B316CE73-6590-43E7-BD7A-2C24963C09FB}.Homologacao|x64.Build.0 = Homologacao|x64
		{B316CE73-6590-43E7-BD7A-2C24963C09FB}.Homologacao|x86.ActiveCfg = Homologacao|Any CPU
		{B316CE73-6590-43E7-BD7A-2C24963C09FB}.Producao|Any CPU.ActiveCfg = Producao|Any CPU
		{B316CE73-6590-43E7-BD7A-2C24963C09FB}.Producao|Any CPU.Build.0 = Producao|Any CPU
		{B316CE73-6590-43E7-BD7A-2C24963C09FB}.Producao|x64.ActiveCfg = Producao|x64
		{B316CE73-6590-43E7-BD7A-2C24963C09FB}.Producao|x64.Build.0 = Producao|x64
		{B316CE73-6590-43E7-BD7A-2C24963C09FB}.Producao|x86.ActiveCfg = Producao|Any CPU
		{B316CE73-6590-43E7-BD7A-2C24963C09FB}.Release|Any CPU.ActiveCfg = Release|Any CPU
		{B316CE73-6590-43E7-BD7A-2C24963C09FB}.Release|Any CPU.Build.0 = Release|Any CPU
		{B316CE73-6590-43E7-BD7A-2C24963C09FB}.Release|x64.ActiveCfg = Release|x64
		{B316CE73-6590-43E7-BD7A-2C24963C09FB}.Release|x64.Build.0 = Release|x64
		{B316CE73-6590-43E7-BD7A-2C24963C09FB}.Release|x86.ActiveCfg = Release|Any CPU
		{F41B8060-1EA8-4C42-9FA0-02868DAC7F8E}.BNE_Dev|Any CPU.ActiveCfg = Homologacao|Any CPU
		{F41B8060-1EA8-4C42-9FA0-02868DAC7F8E}.BNE_Dev|Any CPU.Build.0 = Homologacao|Any CPU
		{F41B8060-1EA8-4C42-9FA0-02868DAC7F8E}.BNE_Dev|x64.ActiveCfg = Homologacao|x64
		{F41B8060-1EA8-4C42-9FA0-02868DAC7F8E}.BNE_Dev|x64.Build.0 = Homologacao|x64
		{F41B8060-1EA8-4C42-9FA0-02868DAC7F8E}.BNE_Dev|x86.ActiveCfg = Homologacao|Any CPU
		{F41B8060-1EA8-4C42-9FA0-02868DAC7F8E}.Debug|Any CPU.ActiveCfg = Debug|Any CPU
		{F41B8060-1EA8-4C42-9FA0-02868DAC7F8E}.Debug|Any CPU.Build.0 = Debug|Any CPU
		{F41B8060-1EA8-4C42-9FA0-02868DAC7F8E}.Debug|x64.ActiveCfg = Debug|x64
		{F41B8060-1EA8-4C42-9FA0-02868DAC7F8E}.Debug|x64.Build.0 = Debug|x64
		{F41B8060-1EA8-4C42-9FA0-02868DAC7F8E}.Debug|x86.ActiveCfg = Debug|Any CPU
		{F41B8060-1EA8-4C42-9FA0-02868DAC7F8E}.Homologacao|Any CPU.ActiveCfg = Homologacao|Any CPU
		{F41B8060-1EA8-4C42-9FA0-02868DAC7F8E}.Homologacao|Any CPU.Build.0 = Homologacao|Any CPU
		{F41B8060-1EA8-4C42-9FA0-02868DAC7F8E}.Homologacao|x64.ActiveCfg = Homologacao|x64
		{F41B8060-1EA8-4C42-9FA0-02868DAC7F8E}.Homologacao|x64.Build.0 = Homologacao|x64
		{F41B8060-1EA8-4C42-9FA0-02868DAC7F8E}.Homologacao|x86.ActiveCfg = Homologacao|Any CPU
		{F41B8060-1EA8-4C42-9FA0-02868DAC7F8E}.Producao|Any CPU.ActiveCfg = Homologacao|Any CPU
		{F41B8060-1EA8-4C42-9FA0-02868DAC7F8E}.Producao|Any CPU.Build.0 = Homologacao|Any CPU
		{F41B8060-1EA8-4C42-9FA0-02868DAC7F8E}.Producao|x64.ActiveCfg = Homologacao|x64
		{F41B8060-1EA8-4C42-9FA0-02868DAC7F8E}.Producao|x64.Build.0 = Homologacao|x64
		{F41B8060-1EA8-4C42-9FA0-02868DAC7F8E}.Producao|x86.ActiveCfg = Homologacao|Any CPU
		{F41B8060-1EA8-4C42-9FA0-02868DAC7F8E}.Release|Any CPU.ActiveCfg = Release|Any CPU
		{F41B8060-1EA8-4C42-9FA0-02868DAC7F8E}.Release|Any CPU.Build.0 = Release|Any CPU
		{F41B8060-1EA8-4C42-9FA0-02868DAC7F8E}.Release|x64.ActiveCfg = Release|x64
		{F41B8060-1EA8-4C42-9FA0-02868DAC7F8E}.Release|x64.Build.0 = Release|x64
		{F41B8060-1EA8-4C42-9FA0-02868DAC7F8E}.Release|x86.ActiveCfg = Release|Any CPU
		{E006078B-F337-4BDD-BB41-8FA26CBFD3B6}.BNE_Dev|Any CPU.ActiveCfg = Producao|Any CPU
		{E006078B-F337-4BDD-BB41-8FA26CBFD3B6}.BNE_Dev|Any CPU.Build.0 = Producao|Any CPU
		{E006078B-F337-4BDD-BB41-8FA26CBFD3B6}.BNE_Dev|x64.ActiveCfg = Producao|x64
		{E006078B-F337-4BDD-BB41-8FA26CBFD3B6}.BNE_Dev|x64.Build.0 = Producao|x64
		{E006078B-F337-4BDD-BB41-8FA26CBFD3B6}.BNE_Dev|x86.ActiveCfg = Producao|Any CPU
		{E006078B-F337-4BDD-BB41-8FA26CBFD3B6}.Debug|Any CPU.ActiveCfg = Debug|Any CPU
		{E006078B-F337-4BDD-BB41-8FA26CBFD3B6}.Debug|Any CPU.Build.0 = Debug|Any CPU
		{E006078B-F337-4BDD-BB41-8FA26CBFD3B6}.Debug|x64.ActiveCfg = Debug|x64
		{E006078B-F337-4BDD-BB41-8FA26CBFD3B6}.Debug|x64.Build.0 = Debug|x64
		{E006078B-F337-4BDD-BB41-8FA26CBFD3B6}.Debug|x86.ActiveCfg = Debug|Any CPU
		{E006078B-F337-4BDD-BB41-8FA26CBFD3B6}.Homologacao|Any CPU.ActiveCfg = Homologacao|Any CPU
		{E006078B-F337-4BDD-BB41-8FA26CBFD3B6}.Homologacao|Any CPU.Build.0 = Homologacao|Any CPU
		{E006078B-F337-4BDD-BB41-8FA26CBFD3B6}.Homologacao|x64.ActiveCfg = Homologacao|x64
		{E006078B-F337-4BDD-BB41-8FA26CBFD3B6}.Homologacao|x64.Build.0 = Homologacao|x64
		{E006078B-F337-4BDD-BB41-8FA26CBFD3B6}.Homologacao|x86.ActiveCfg = Homologacao|Any CPU
		{E006078B-F337-4BDD-BB41-8FA26CBFD3B6}.Producao|Any CPU.ActiveCfg = Producao|Any CPU
		{E006078B-F337-4BDD-BB41-8FA26CBFD3B6}.Producao|Any CPU.Build.0 = Producao|Any CPU
		{E006078B-F337-4BDD-BB41-8FA26CBFD3B6}.Producao|x64.ActiveCfg = Producao|x64
		{E006078B-F337-4BDD-BB41-8FA26CBFD3B6}.Producao|x64.Build.0 = Producao|x64
		{E006078B-F337-4BDD-BB41-8FA26CBFD3B6}.Producao|x86.ActiveCfg = Producao|Any CPU
		{E006078B-F337-4BDD-BB41-8FA26CBFD3B6}.Release|Any CPU.ActiveCfg = Release|Any CPU
		{E006078B-F337-4BDD-BB41-8FA26CBFD3B6}.Release|Any CPU.Build.0 = Release|Any CPU
		{E006078B-F337-4BDD-BB41-8FA26CBFD3B6}.Release|x64.ActiveCfg = Release|x64
		{E006078B-F337-4BDD-BB41-8FA26CBFD3B6}.Release|x64.Build.0 = Release|x64
		{E006078B-F337-4BDD-BB41-8FA26CBFD3B6}.Release|x86.ActiveCfg = Release|Any CPU
		{6531A217-E16C-476D-9DDD-EDE23087308D}.BNE_Dev|Any CPU.ActiveCfg = Producao|Any CPU
		{6531A217-E16C-476D-9DDD-EDE23087308D}.BNE_Dev|Any CPU.Build.0 = Producao|Any CPU
		{6531A217-E16C-476D-9DDD-EDE23087308D}.BNE_Dev|x64.ActiveCfg = Producao|x64
		{6531A217-E16C-476D-9DDD-EDE23087308D}.BNE_Dev|x64.Build.0 = Producao|x64
		{6531A217-E16C-476D-9DDD-EDE23087308D}.BNE_Dev|x86.ActiveCfg = Producao|Any CPU
		{6531A217-E16C-476D-9DDD-EDE23087308D}.Debug|Any CPU.ActiveCfg = Debug|Any CPU
		{6531A217-E16C-476D-9DDD-EDE23087308D}.Debug|Any CPU.Build.0 = Debug|Any CPU
		{6531A217-E16C-476D-9DDD-EDE23087308D}.Debug|x64.ActiveCfg = Debug|x64
		{6531A217-E16C-476D-9DDD-EDE23087308D}.Debug|x64.Build.0 = Debug|x64
		{6531A217-E16C-476D-9DDD-EDE23087308D}.Debug|x86.ActiveCfg = Debug|Any CPU
		{6531A217-E16C-476D-9DDD-EDE23087308D}.Homologacao|Any CPU.ActiveCfg = Homologacao|Any CPU
		{6531A217-E16C-476D-9DDD-EDE23087308D}.Homologacao|Any CPU.Build.0 = Homologacao|Any CPU
		{6531A217-E16C-476D-9DDD-EDE23087308D}.Homologacao|x64.ActiveCfg = Homologacao|x64
		{6531A217-E16C-476D-9DDD-EDE23087308D}.Homologacao|x64.Build.0 = Homologacao|x64
		{6531A217-E16C-476D-9DDD-EDE23087308D}.Homologacao|x86.ActiveCfg = Homologacao|Any CPU
		{6531A217-E16C-476D-9DDD-EDE23087308D}.Producao|Any CPU.ActiveCfg = Producao|Any CPU
		{6531A217-E16C-476D-9DDD-EDE23087308D}.Producao|Any CPU.Build.0 = Producao|Any CPU
		{6531A217-E16C-476D-9DDD-EDE23087308D}.Producao|x64.ActiveCfg = Producao|x64
		{6531A217-E16C-476D-9DDD-EDE23087308D}.Producao|x64.Build.0 = Producao|x64
		{6531A217-E16C-476D-9DDD-EDE23087308D}.Producao|x86.ActiveCfg = Producao|Any CPU
		{6531A217-E16C-476D-9DDD-EDE23087308D}.Release|Any CPU.ActiveCfg = Release|Any CPU
		{6531A217-E16C-476D-9DDD-EDE23087308D}.Release|Any CPU.Build.0 = Release|Any CPU
		{6531A217-E16C-476D-9DDD-EDE23087308D}.Release|x64.ActiveCfg = Release|x64
		{6531A217-E16C-476D-9DDD-EDE23087308D}.Release|x64.Build.0 = Release|x64
		{6531A217-E16C-476D-9DDD-EDE23087308D}.Release|x86.ActiveCfg = Release|Any CPU
		{AADEA832-EFF4-42AA-8D81-89F294BE1A6C}.BNE_Dev|Any CPU.ActiveCfg = Release|Any CPU
		{AADEA832-EFF4-42AA-8D81-89F294BE1A6C}.BNE_Dev|Any CPU.Build.0 = Release|Any CPU
		{AADEA832-EFF4-42AA-8D81-89F294BE1A6C}.BNE_Dev|x64.ActiveCfg = Release|Any CPU
		{AADEA832-EFF4-42AA-8D81-89F294BE1A6C}.BNE_Dev|x86.ActiveCfg = Release|Any CPU
		{AADEA832-EFF4-42AA-8D81-89F294BE1A6C}.Debug|Any CPU.ActiveCfg = Debug|Any CPU
		{AADEA832-EFF4-42AA-8D81-89F294BE1A6C}.Debug|Any CPU.Build.0 = Debug|Any CPU
		{AADEA832-EFF4-42AA-8D81-89F294BE1A6C}.Debug|x64.ActiveCfg = Debug|Any CPU
		{AADEA832-EFF4-42AA-8D81-89F294BE1A6C}.Debug|x86.ActiveCfg = Debug|Any CPU
		{AADEA832-EFF4-42AA-8D81-89F294BE1A6C}.Homologacao|Any CPU.ActiveCfg = Release|Any CPU
		{AADEA832-EFF4-42AA-8D81-89F294BE1A6C}.Homologacao|Any CPU.Build.0 = Release|Any CPU
		{AADEA832-EFF4-42AA-8D81-89F294BE1A6C}.Homologacao|x64.ActiveCfg = Release|Any CPU
		{AADEA832-EFF4-42AA-8D81-89F294BE1A6C}.Homologacao|x86.ActiveCfg = Release|Any CPU
		{AADEA832-EFF4-42AA-8D81-89F294BE1A6C}.Producao|Any CPU.ActiveCfg = Release|Any CPU
		{AADEA832-EFF4-42AA-8D81-89F294BE1A6C}.Producao|Any CPU.Build.0 = Release|Any CPU
		{AADEA832-EFF4-42AA-8D81-89F294BE1A6C}.Producao|x64.ActiveCfg = Release|Any CPU
		{AADEA832-EFF4-42AA-8D81-89F294BE1A6C}.Producao|x86.ActiveCfg = Release|Any CPU
		{AADEA832-EFF4-42AA-8D81-89F294BE1A6C}.Release|Any CPU.ActiveCfg = Release|Any CPU
		{AADEA832-EFF4-42AA-8D81-89F294BE1A6C}.Release|Any CPU.Build.0 = Release|Any CPU
		{AADEA832-EFF4-42AA-8D81-89F294BE1A6C}.Release|x64.ActiveCfg = Release|Any CPU
		{AADEA832-EFF4-42AA-8D81-89F294BE1A6C}.Release|x86.ActiveCfg = Release|Any CPU
		{328D2B86-DD73-410E-AA9C-42D59BD28796}.BNE_Dev|Any CPU.ActiveCfg = BNE_Dev|Any CPU
		{328D2B86-DD73-410E-AA9C-42D59BD28796}.BNE_Dev|Any CPU.Build.0 = BNE_Dev|Any CPU
		{328D2B86-DD73-410E-AA9C-42D59BD28796}.BNE_Dev|x64.ActiveCfg = BNE_Dev|x64
		{328D2B86-DD73-410E-AA9C-42D59BD28796}.BNE_Dev|x64.Build.0 = BNE_Dev|x64
		{328D2B86-DD73-410E-AA9C-42D59BD28796}.BNE_Dev|x86.ActiveCfg = BNE_Dev|Any CPU
		{328D2B86-DD73-410E-AA9C-42D59BD28796}.Debug|Any CPU.ActiveCfg = Debug|Any CPU
		{328D2B86-DD73-410E-AA9C-42D59BD28796}.Debug|Any CPU.Build.0 = Debug|Any CPU
		{328D2B86-DD73-410E-AA9C-42D59BD28796}.Debug|x64.ActiveCfg = Debug|x64
		{328D2B86-DD73-410E-AA9C-42D59BD28796}.Debug|x64.Build.0 = Debug|x64
		{328D2B86-DD73-410E-AA9C-42D59BD28796}.Debug|x86.ActiveCfg = Debug|Any CPU
		{328D2B86-DD73-410E-AA9C-42D59BD28796}.Homologacao|Any CPU.ActiveCfg = Homologacao|Any CPU
		{328D2B86-DD73-410E-AA9C-42D59BD28796}.Homologacao|Any CPU.Build.0 = Homologacao|Any CPU
		{328D2B86-DD73-410E-AA9C-42D59BD28796}.Homologacao|x64.ActiveCfg = Homologacao|x64
		{328D2B86-DD73-410E-AA9C-42D59BD28796}.Homologacao|x64.Build.0 = Homologacao|x64
		{328D2B86-DD73-410E-AA9C-42D59BD28796}.Homologacao|x86.ActiveCfg = Homologacao|Any CPU
		{328D2B86-DD73-410E-AA9C-42D59BD28796}.Producao|Any CPU.ActiveCfg = Producao|Any CPU
		{328D2B86-DD73-410E-AA9C-42D59BD28796}.Producao|Any CPU.Build.0 = Producao|Any CPU
		{328D2B86-DD73-410E-AA9C-42D59BD28796}.Producao|x64.ActiveCfg = Producao|x64
		{328D2B86-DD73-410E-AA9C-42D59BD28796}.Producao|x64.Build.0 = Producao|x64
		{328D2B86-DD73-410E-AA9C-42D59BD28796}.Producao|x86.ActiveCfg = Producao|Any CPU
		{328D2B86-DD73-410E-AA9C-42D59BD28796}.Release|Any CPU.ActiveCfg = Release|Any CPU
		{328D2B86-DD73-410E-AA9C-42D59BD28796}.Release|Any CPU.Build.0 = Release|Any CPU
		{328D2B86-DD73-410E-AA9C-42D59BD28796}.Release|x64.ActiveCfg = Release|x64
		{328D2B86-DD73-410E-AA9C-42D59BD28796}.Release|x64.Build.0 = Release|x64
		{328D2B86-DD73-410E-AA9C-42D59BD28796}.Release|x86.ActiveCfg = Release|Any CPU
		{E5551E0E-CAC3-4AA3-A6E8-0AF279E9555E}.BNE_Dev|Any CPU.ActiveCfg = Homologacao|Any CPU
		{E5551E0E-CAC3-4AA3-A6E8-0AF279E9555E}.BNE_Dev|Any CPU.Build.0 = Homologacao|Any CPU
		{E5551E0E-CAC3-4AA3-A6E8-0AF279E9555E}.BNE_Dev|x64.ActiveCfg = Homologacao|x64
		{E5551E0E-CAC3-4AA3-A6E8-0AF279E9555E}.BNE_Dev|x64.Build.0 = Homologacao|x64
		{E5551E0E-CAC3-4AA3-A6E8-0AF279E9555E}.BNE_Dev|x86.ActiveCfg = Homologacao|Any CPU
		{E5551E0E-CAC3-4AA3-A6E8-0AF279E9555E}.Debug|Any CPU.ActiveCfg = Debug|Any CPU
		{E5551E0E-CAC3-4AA3-A6E8-0AF279E9555E}.Debug|Any CPU.Build.0 = Debug|Any CPU
		{E5551E0E-CAC3-4AA3-A6E8-0AF279E9555E}.Debug|x64.ActiveCfg = Debug|x64
		{E5551E0E-CAC3-4AA3-A6E8-0AF279E9555E}.Debug|x64.Build.0 = Debug|x64
		{E5551E0E-CAC3-4AA3-A6E8-0AF279E9555E}.Debug|x86.ActiveCfg = Debug|Any CPU
		{E5551E0E-CAC3-4AA3-A6E8-0AF279E9555E}.Homologacao|Any CPU.ActiveCfg = Homologacao|Any CPU
		{E5551E0E-CAC3-4AA3-A6E8-0AF279E9555E}.Homologacao|Any CPU.Build.0 = Homologacao|Any CPU
		{E5551E0E-CAC3-4AA3-A6E8-0AF279E9555E}.Homologacao|x64.ActiveCfg = Homologacao|x64
		{E5551E0E-CAC3-4AA3-A6E8-0AF279E9555E}.Homologacao|x64.Build.0 = Homologacao|x64
		{E5551E0E-CAC3-4AA3-A6E8-0AF279E9555E}.Homologacao|x86.ActiveCfg = Homologacao|Any CPU
		{E5551E0E-CAC3-4AA3-A6E8-0AF279E9555E}.Producao|Any CPU.ActiveCfg = Homologacao|Any CPU
		{E5551E0E-CAC3-4AA3-A6E8-0AF279E9555E}.Producao|Any CPU.Build.0 = Homologacao|Any CPU
		{E5551E0E-CAC3-4AA3-A6E8-0AF279E9555E}.Producao|x64.ActiveCfg = Homologacao|x64
		{E5551E0E-CAC3-4AA3-A6E8-0AF279E9555E}.Producao|x64.Build.0 = Homologacao|x64
		{E5551E0E-CAC3-4AA3-A6E8-0AF279E9555E}.Producao|x86.ActiveCfg = Homologacao|Any CPU
		{E5551E0E-CAC3-4AA3-A6E8-0AF279E9555E}.Release|Any CPU.ActiveCfg = Release|Any CPU
		{E5551E0E-CAC3-4AA3-A6E8-0AF279E9555E}.Release|Any CPU.Build.0 = Release|Any CPU
		{E5551E0E-CAC3-4AA3-A6E8-0AF279E9555E}.Release|x64.ActiveCfg = Release|x64
		{E5551E0E-CAC3-4AA3-A6E8-0AF279E9555E}.Release|x64.Build.0 = Release|x64
		{E5551E0E-CAC3-4AA3-A6E8-0AF279E9555E}.Release|x86.ActiveCfg = Release|Any CPU
		{043F37E4-113A-4BCE-AF0D-D05B61DDBEA4}.BNE_Dev|Any CPU.ActiveCfg = Homologacao|Any CPU
		{043F37E4-113A-4BCE-AF0D-D05B61DDBEA4}.BNE_Dev|Any CPU.Build.0 = Homologacao|Any CPU
		{043F37E4-113A-4BCE-AF0D-D05B61DDBEA4}.BNE_Dev|x64.ActiveCfg = Homologacao|x64
		{043F37E4-113A-4BCE-AF0D-D05B61DDBEA4}.BNE_Dev|x64.Build.0 = Homologacao|x64
		{043F37E4-113A-4BCE-AF0D-D05B61DDBEA4}.BNE_Dev|x86.ActiveCfg = Homologacao|Any CPU
		{043F37E4-113A-4BCE-AF0D-D05B61DDBEA4}.Debug|Any CPU.ActiveCfg = Debug|Any CPU
		{043F37E4-113A-4BCE-AF0D-D05B61DDBEA4}.Debug|Any CPU.Build.0 = Debug|Any CPU
		{043F37E4-113A-4BCE-AF0D-D05B61DDBEA4}.Debug|x64.ActiveCfg = Debug|x64
		{043F37E4-113A-4BCE-AF0D-D05B61DDBEA4}.Debug|x64.Build.0 = Debug|x64
		{043F37E4-113A-4BCE-AF0D-D05B61DDBEA4}.Debug|x86.ActiveCfg = Debug|Any CPU
		{043F37E4-113A-4BCE-AF0D-D05B61DDBEA4}.Homologacao|Any CPU.ActiveCfg = Homologacao|Any CPU
		{043F37E4-113A-4BCE-AF0D-D05B61DDBEA4}.Homologacao|Any CPU.Build.0 = Homologacao|Any CPU
		{043F37E4-113A-4BCE-AF0D-D05B61DDBEA4}.Homologacao|x64.ActiveCfg = Homologacao|x64
		{043F37E4-113A-4BCE-AF0D-D05B61DDBEA4}.Homologacao|x64.Build.0 = Homologacao|x64
		{043F37E4-113A-4BCE-AF0D-D05B61DDBEA4}.Homologacao|x86.ActiveCfg = Homologacao|Any CPU
		{043F37E4-113A-4BCE-AF0D-D05B61DDBEA4}.Producao|Any CPU.ActiveCfg = Homologacao|Any CPU
		{043F37E4-113A-4BCE-AF0D-D05B61DDBEA4}.Producao|Any CPU.Build.0 = Homologacao|Any CPU
		{043F37E4-113A-4BCE-AF0D-D05B61DDBEA4}.Producao|x64.ActiveCfg = Homologacao|x64
		{043F37E4-113A-4BCE-AF0D-D05B61DDBEA4}.Producao|x64.Build.0 = Homologacao|x64
		{043F37E4-113A-4BCE-AF0D-D05B61DDBEA4}.Producao|x86.ActiveCfg = Homologacao|Any CPU
		{043F37E4-113A-4BCE-AF0D-D05B61DDBEA4}.Release|Any CPU.ActiveCfg = Release|Any CPU
		{043F37E4-113A-4BCE-AF0D-D05B61DDBEA4}.Release|Any CPU.Build.0 = Release|Any CPU
		{043F37E4-113A-4BCE-AF0D-D05B61DDBEA4}.Release|x64.ActiveCfg = Release|x64
		{043F37E4-113A-4BCE-AF0D-D05B61DDBEA4}.Release|x64.Build.0 = Release|x64
		{043F37E4-113A-4BCE-AF0D-D05B61DDBEA4}.Release|x86.ActiveCfg = Release|Any CPU
		{A9E931AC-89D9-4D49-891E-2B088851B849}.BNE_Dev|Any CPU.ActiveCfg = Homologacao|Any CPU
		{A9E931AC-89D9-4D49-891E-2B088851B849}.BNE_Dev|Any CPU.Build.0 = Homologacao|Any CPU
		{A9E931AC-89D9-4D49-891E-2B088851B849}.BNE_Dev|x64.ActiveCfg = Homologacao|x64
		{A9E931AC-89D9-4D49-891E-2B088851B849}.BNE_Dev|x64.Build.0 = Homologacao|x64
		{A9E931AC-89D9-4D49-891E-2B088851B849}.BNE_Dev|x86.ActiveCfg = Homologacao|Any CPU
		{A9E931AC-89D9-4D49-891E-2B088851B849}.Debug|Any CPU.ActiveCfg = Debug|Any CPU
		{A9E931AC-89D9-4D49-891E-2B088851B849}.Debug|Any CPU.Build.0 = Debug|Any CPU
		{A9E931AC-89D9-4D49-891E-2B088851B849}.Debug|x64.ActiveCfg = Debug|x64
		{A9E931AC-89D9-4D49-891E-2B088851B849}.Debug|x64.Build.0 = Debug|x64
		{A9E931AC-89D9-4D49-891E-2B088851B849}.Debug|x86.ActiveCfg = Debug|Any CPU
		{A9E931AC-89D9-4D49-891E-2B088851B849}.Homologacao|Any CPU.ActiveCfg = Homologacao|Any CPU
		{A9E931AC-89D9-4D49-891E-2B088851B849}.Homologacao|Any CPU.Build.0 = Homologacao|Any CPU
		{A9E931AC-89D9-4D49-891E-2B088851B849}.Homologacao|x64.ActiveCfg = Homologacao|x64
		{A9E931AC-89D9-4D49-891E-2B088851B849}.Homologacao|x64.Build.0 = Homologacao|x64
		{A9E931AC-89D9-4D49-891E-2B088851B849}.Homologacao|x86.ActiveCfg = Homologacao|Any CPU
		{A9E931AC-89D9-4D49-891E-2B088851B849}.Producao|Any CPU.ActiveCfg = Homologacao|Any CPU
		{A9E931AC-89D9-4D49-891E-2B088851B849}.Producao|Any CPU.Build.0 = Homologacao|Any CPU
		{A9E931AC-89D9-4D49-891E-2B088851B849}.Producao|x64.ActiveCfg = Homologacao|x64
		{A9E931AC-89D9-4D49-891E-2B088851B849}.Producao|x64.Build.0 = Homologacao|x64
		{A9E931AC-89D9-4D49-891E-2B088851B849}.Producao|x86.ActiveCfg = Homologacao|Any CPU
		{A9E931AC-89D9-4D49-891E-2B088851B849}.Release|Any CPU.ActiveCfg = Release|Any CPU
		{A9E931AC-89D9-4D49-891E-2B088851B849}.Release|Any CPU.Build.0 = Release|Any CPU
		{A9E931AC-89D9-4D49-891E-2B088851B849}.Release|x64.ActiveCfg = Release|x64
		{A9E931AC-89D9-4D49-891E-2B088851B849}.Release|x64.Build.0 = Release|x64
		{A9E931AC-89D9-4D49-891E-2B088851B849}.Release|x86.ActiveCfg = Release|Any CPU
		{0C0EC061-4F99-4CF6-BAB6-A067B566349E}.BNE_Dev|Any CPU.ActiveCfg = Release|Any CPU
		{0C0EC061-4F99-4CF6-BAB6-A067B566349E}.BNE_Dev|Any CPU.Build.0 = Release|Any CPU
		{0C0EC061-4F99-4CF6-BAB6-A067B566349E}.BNE_Dev|x64.ActiveCfg = Release|Any CPU
		{0C0EC061-4F99-4CF6-BAB6-A067B566349E}.BNE_Dev|x86.ActiveCfg = Release|Any CPU
		{0C0EC061-4F99-4CF6-BAB6-A067B566349E}.Debug|Any CPU.ActiveCfg = Debug|Any CPU
		{0C0EC061-4F99-4CF6-BAB6-A067B566349E}.Debug|Any CPU.Build.0 = Debug|Any CPU
		{0C0EC061-4F99-4CF6-BAB6-A067B566349E}.Debug|x64.ActiveCfg = Debug|Any CPU
		{0C0EC061-4F99-4CF6-BAB6-A067B566349E}.Debug|x86.ActiveCfg = Debug|Any CPU
		{0C0EC061-4F99-4CF6-BAB6-A067B566349E}.Homologacao|Any CPU.ActiveCfg = Release|Any CPU
		{0C0EC061-4F99-4CF6-BAB6-A067B566349E}.Homologacao|Any CPU.Build.0 = Release|Any CPU
		{0C0EC061-4F99-4CF6-BAB6-A067B566349E}.Homologacao|x64.ActiveCfg = Release|Any CPU
		{0C0EC061-4F99-4CF6-BAB6-A067B566349E}.Homologacao|x86.ActiveCfg = Release|Any CPU
		{0C0EC061-4F99-4CF6-BAB6-A067B566349E}.Producao|Any CPU.ActiveCfg = Release|Any CPU
		{0C0EC061-4F99-4CF6-BAB6-A067B566349E}.Producao|Any CPU.Build.0 = Release|Any CPU
		{0C0EC061-4F99-4CF6-BAB6-A067B566349E}.Producao|x64.ActiveCfg = Release|Any CPU
		{0C0EC061-4F99-4CF6-BAB6-A067B566349E}.Producao|x86.ActiveCfg = Release|Any CPU
		{0C0EC061-4F99-4CF6-BAB6-A067B566349E}.Release|Any CPU.ActiveCfg = Release|Any CPU
		{0C0EC061-4F99-4CF6-BAB6-A067B566349E}.Release|Any CPU.Build.0 = Release|Any CPU
		{0C0EC061-4F99-4CF6-BAB6-A067B566349E}.Release|x64.ActiveCfg = Release|Any CPU
		{0C0EC061-4F99-4CF6-BAB6-A067B566349E}.Release|x86.ActiveCfg = Release|Any CPU
		{EF862A0C-3068-41E8-AD47-36AF2B470F65}.BNE_Dev|Any CPU.ActiveCfg = Homologacao|Any CPU
		{EF862A0C-3068-41E8-AD47-36AF2B470F65}.BNE_Dev|Any CPU.Build.0 = Homologacao|Any CPU
		{EF862A0C-3068-41E8-AD47-36AF2B470F65}.BNE_Dev|x64.ActiveCfg = Homologacao|x64
		{EF862A0C-3068-41E8-AD47-36AF2B470F65}.BNE_Dev|x64.Build.0 = Homologacao|x64
		{EF862A0C-3068-41E8-AD47-36AF2B470F65}.BNE_Dev|x86.ActiveCfg = Homologacao|Any CPU
		{EF862A0C-3068-41E8-AD47-36AF2B470F65}.Debug|Any CPU.ActiveCfg = Debug|Any CPU
		{EF862A0C-3068-41E8-AD47-36AF2B470F65}.Debug|Any CPU.Build.0 = Debug|Any CPU
		{EF862A0C-3068-41E8-AD47-36AF2B470F65}.Debug|x64.ActiveCfg = Debug|x64
		{EF862A0C-3068-41E8-AD47-36AF2B470F65}.Debug|x64.Build.0 = Debug|x64
		{EF862A0C-3068-41E8-AD47-36AF2B470F65}.Debug|x86.ActiveCfg = Debug|Any CPU
		{EF862A0C-3068-41E8-AD47-36AF2B470F65}.Homologacao|Any CPU.ActiveCfg = Homologacao|Any CPU
		{EF862A0C-3068-41E8-AD47-36AF2B470F65}.Homologacao|Any CPU.Build.0 = Homologacao|Any CPU
		{EF862A0C-3068-41E8-AD47-36AF2B470F65}.Homologacao|x64.ActiveCfg = Homologacao|x64
		{EF862A0C-3068-41E8-AD47-36AF2B470F65}.Homologacao|x64.Build.0 = Homologacao|x64
		{EF862A0C-3068-41E8-AD47-36AF2B470F65}.Homologacao|x86.ActiveCfg = Homologacao|Any CPU
		{EF862A0C-3068-41E8-AD47-36AF2B470F65}.Producao|Any CPU.ActiveCfg = Homologacao|Any CPU
		{EF862A0C-3068-41E8-AD47-36AF2B470F65}.Producao|Any CPU.Build.0 = Homologacao|Any CPU
		{EF862A0C-3068-41E8-AD47-36AF2B470F65}.Producao|x64.ActiveCfg = Homologacao|x64
		{EF862A0C-3068-41E8-AD47-36AF2B470F65}.Producao|x64.Build.0 = Homologacao|x64
		{EF862A0C-3068-41E8-AD47-36AF2B470F65}.Producao|x86.ActiveCfg = Homologacao|Any CPU
		{EF862A0C-3068-41E8-AD47-36AF2B470F65}.Release|Any CPU.ActiveCfg = Release|Any CPU
		{EF862A0C-3068-41E8-AD47-36AF2B470F65}.Release|Any CPU.Build.0 = Release|Any CPU
		{EF862A0C-3068-41E8-AD47-36AF2B470F65}.Release|x64.ActiveCfg = Release|x64
		{EF862A0C-3068-41E8-AD47-36AF2B470F65}.Release|x64.Build.0 = Release|x64
		{EF862A0C-3068-41E8-AD47-36AF2B470F65}.Release|x86.ActiveCfg = Release|Any CPU
		{C270D0FB-61D7-49D1-A860-C3A18209CB0E}.BNE_Dev|Any CPU.ActiveCfg = Homologacao|Any CPU
		{C270D0FB-61D7-49D1-A860-C3A18209CB0E}.BNE_Dev|Any CPU.Build.0 = Homologacao|Any CPU
		{C270D0FB-61D7-49D1-A860-C3A18209CB0E}.BNE_Dev|x64.ActiveCfg = Homologacao|x64
		{C270D0FB-61D7-49D1-A860-C3A18209CB0E}.BNE_Dev|x64.Build.0 = Homologacao|x64
		{C270D0FB-61D7-49D1-A860-C3A18209CB0E}.BNE_Dev|x86.ActiveCfg = Homologacao|x86
		{C270D0FB-61D7-49D1-A860-C3A18209CB0E}.BNE_Dev|x86.Build.0 = Homologacao|x86
		{C270D0FB-61D7-49D1-A860-C3A18209CB0E}.Debug|Any CPU.ActiveCfg = Debug|Any CPU
		{C270D0FB-61D7-49D1-A860-C3A18209CB0E}.Debug|Any CPU.Build.0 = Debug|Any CPU
		{C270D0FB-61D7-49D1-A860-C3A18209CB0E}.Debug|x64.ActiveCfg = Debug|x64
		{C270D0FB-61D7-49D1-A860-C3A18209CB0E}.Debug|x64.Build.0 = Debug|x64
		{C270D0FB-61D7-49D1-A860-C3A18209CB0E}.Debug|x86.ActiveCfg = Debug|x86
		{C270D0FB-61D7-49D1-A860-C3A18209CB0E}.Debug|x86.Build.0 = Debug|x86
		{C270D0FB-61D7-49D1-A860-C3A18209CB0E}.Homologacao|Any CPU.ActiveCfg = Homologacao|Any CPU
		{C270D0FB-61D7-49D1-A860-C3A18209CB0E}.Homologacao|Any CPU.Build.0 = Homologacao|Any CPU
		{C270D0FB-61D7-49D1-A860-C3A18209CB0E}.Homologacao|x64.ActiveCfg = Homologacao|x64
		{C270D0FB-61D7-49D1-A860-C3A18209CB0E}.Homologacao|x64.Build.0 = Homologacao|x64
		{C270D0FB-61D7-49D1-A860-C3A18209CB0E}.Homologacao|x86.ActiveCfg = Homologacao|x86
		{C270D0FB-61D7-49D1-A860-C3A18209CB0E}.Homologacao|x86.Build.0 = Homologacao|x86
		{C270D0FB-61D7-49D1-A860-C3A18209CB0E}.Producao|Any CPU.ActiveCfg = Homologacao|Any CPU
		{C270D0FB-61D7-49D1-A860-C3A18209CB0E}.Producao|Any CPU.Build.0 = Homologacao|Any CPU
		{C270D0FB-61D7-49D1-A860-C3A18209CB0E}.Producao|x64.ActiveCfg = Homologacao|x64
		{C270D0FB-61D7-49D1-A860-C3A18209CB0E}.Producao|x64.Build.0 = Homologacao|x64
		{C270D0FB-61D7-49D1-A860-C3A18209CB0E}.Producao|x86.ActiveCfg = Homologacao|x86
		{C270D0FB-61D7-49D1-A860-C3A18209CB0E}.Producao|x86.Build.0 = Homologacao|x86
		{C270D0FB-61D7-49D1-A860-C3A18209CB0E}.Release|Any CPU.ActiveCfg = Release|Any CPU
		{C270D0FB-61D7-49D1-A860-C3A18209CB0E}.Release|Any CPU.Build.0 = Release|Any CPU
		{C270D0FB-61D7-49D1-A860-C3A18209CB0E}.Release|x64.ActiveCfg = Release|x64
		{C270D0FB-61D7-49D1-A860-C3A18209CB0E}.Release|x64.Build.0 = Release|x64
		{C270D0FB-61D7-49D1-A860-C3A18209CB0E}.Release|x86.ActiveCfg = Release|x86
		{C270D0FB-61D7-49D1-A860-C3A18209CB0E}.Release|x86.Build.0 = Release|x86
		{C3234BD4-9E92-42C4-9495-F46553465ACD}.BNE_Dev|Any CPU.ActiveCfg = Release|Any CPU
		{C3234BD4-9E92-42C4-9495-F46553465ACD}.BNE_Dev|Any CPU.Build.0 = Release|Any CPU
		{C3234BD4-9E92-42C4-9495-F46553465ACD}.BNE_Dev|x64.ActiveCfg = Release|Any CPU
		{C3234BD4-9E92-42C4-9495-F46553465ACD}.BNE_Dev|x86.ActiveCfg = Release|Any CPU
		{C3234BD4-9E92-42C4-9495-F46553465ACD}.Debug|Any CPU.ActiveCfg = Debug|Any CPU
		{C3234BD4-9E92-42C4-9495-F46553465ACD}.Debug|Any CPU.Build.0 = Debug|Any CPU
		{C3234BD4-9E92-42C4-9495-F46553465ACD}.Debug|x64.ActiveCfg = Debug|Any CPU
		{C3234BD4-9E92-42C4-9495-F46553465ACD}.Debug|x86.ActiveCfg = Debug|Any CPU
		{C3234BD4-9E92-42C4-9495-F46553465ACD}.Homologacao|Any CPU.ActiveCfg = Release|Any CPU
		{C3234BD4-9E92-42C4-9495-F46553465ACD}.Homologacao|Any CPU.Build.0 = Release|Any CPU
		{C3234BD4-9E92-42C4-9495-F46553465ACD}.Homologacao|x64.ActiveCfg = Release|Any CPU
		{C3234BD4-9E92-42C4-9495-F46553465ACD}.Homologacao|x86.ActiveCfg = Release|Any CPU
		{C3234BD4-9E92-42C4-9495-F46553465ACD}.Producao|Any CPU.ActiveCfg = Release|Any CPU
		{C3234BD4-9E92-42C4-9495-F46553465ACD}.Producao|Any CPU.Build.0 = Release|Any CPU
		{C3234BD4-9E92-42C4-9495-F46553465ACD}.Producao|x64.ActiveCfg = Release|Any CPU
		{C3234BD4-9E92-42C4-9495-F46553465ACD}.Producao|x86.ActiveCfg = Release|Any CPU
		{C3234BD4-9E92-42C4-9495-F46553465ACD}.Release|Any CPU.ActiveCfg = Release|Any CPU
		{C3234BD4-9E92-42C4-9495-F46553465ACD}.Release|Any CPU.Build.0 = Release|Any CPU
		{C3234BD4-9E92-42C4-9495-F46553465ACD}.Release|x64.ActiveCfg = Release|Any CPU
		{C3234BD4-9E92-42C4-9495-F46553465ACD}.Release|x86.ActiveCfg = Release|Any CPU
		{2D01AB29-8BC5-46F0-9AF9-3DE70FFE6510}.BNE_Dev|Any CPU.ActiveCfg = Release|Any CPU
		{2D01AB29-8BC5-46F0-9AF9-3DE70FFE6510}.BNE_Dev|Any CPU.Build.0 = Release|Any CPU
		{2D01AB29-8BC5-46F0-9AF9-3DE70FFE6510}.BNE_Dev|x64.ActiveCfg = Release|Any CPU
		{2D01AB29-8BC5-46F0-9AF9-3DE70FFE6510}.BNE_Dev|x86.ActiveCfg = Release|Any CPU
		{2D01AB29-8BC5-46F0-9AF9-3DE70FFE6510}.Debug|Any CPU.ActiveCfg = Debug|Any CPU
		{2D01AB29-8BC5-46F0-9AF9-3DE70FFE6510}.Debug|Any CPU.Build.0 = Debug|Any CPU
		{2D01AB29-8BC5-46F0-9AF9-3DE70FFE6510}.Debug|x64.ActiveCfg = Debug|Any CPU
		{2D01AB29-8BC5-46F0-9AF9-3DE70FFE6510}.Debug|x86.ActiveCfg = Debug|Any CPU
		{2D01AB29-8BC5-46F0-9AF9-3DE70FFE6510}.Homologacao|Any CPU.ActiveCfg = Release|Any CPU
		{2D01AB29-8BC5-46F0-9AF9-3DE70FFE6510}.Homologacao|Any CPU.Build.0 = Release|Any CPU
		{2D01AB29-8BC5-46F0-9AF9-3DE70FFE6510}.Homologacao|x64.ActiveCfg = Release|Any CPU
		{2D01AB29-8BC5-46F0-9AF9-3DE70FFE6510}.Homologacao|x86.ActiveCfg = Release|Any CPU
		{2D01AB29-8BC5-46F0-9AF9-3DE70FFE6510}.Producao|Any CPU.ActiveCfg = Release|Any CPU
		{2D01AB29-8BC5-46F0-9AF9-3DE70FFE6510}.Producao|Any CPU.Build.0 = Release|Any CPU
		{2D01AB29-8BC5-46F0-9AF9-3DE70FFE6510}.Producao|x64.ActiveCfg = Release|Any CPU
		{2D01AB29-8BC5-46F0-9AF9-3DE70FFE6510}.Producao|x86.ActiveCfg = Release|Any CPU
		{2D01AB29-8BC5-46F0-9AF9-3DE70FFE6510}.Release|Any CPU.ActiveCfg = Release|Any CPU
		{2D01AB29-8BC5-46F0-9AF9-3DE70FFE6510}.Release|Any CPU.Build.0 = Release|Any CPU
		{2D01AB29-8BC5-46F0-9AF9-3DE70FFE6510}.Release|x64.ActiveCfg = Release|Any CPU
		{2D01AB29-8BC5-46F0-9AF9-3DE70FFE6510}.Release|x86.ActiveCfg = Release|Any CPU
	EndGlobalSection
	GlobalSection(SolutionProperties) = preSolution
		HideSolutionNode = FALSE
	EndGlobalSection
	GlobalSection(NestedProjects) = preSolution
		{B316CE73-6590-43E7-BD7A-2C24963C09FB} = {251F4E32-4467-4A74-8BBD-F7B0CC6E5913}
		{F41B8060-1EA8-4C42-9FA0-02868DAC7F8E} = {7DD01F6F-BFE4-4688-BF72-0BDCD7006D10}
		{E006078B-F337-4BDD-BB41-8FA26CBFD3B6} = {7DD01F6F-BFE4-4688-BF72-0BDCD7006D10}
		{6531A217-E16C-476D-9DDD-EDE23087308D} = {7DD01F6F-BFE4-4688-BF72-0BDCD7006D10}
		{AADEA832-EFF4-42AA-8D81-89F294BE1A6C} = {7DD01F6F-BFE4-4688-BF72-0BDCD7006D10}
		{328D2B86-DD73-410E-AA9C-42D59BD28796} = {7DD01F6F-BFE4-4688-BF72-0BDCD7006D10}
		{E5551E0E-CAC3-4AA3-A6E8-0AF279E9555E} = {251F4E32-4467-4A74-8BBD-F7B0CC6E5913}
		{043F37E4-113A-4BCE-AF0D-D05B61DDBEA4} = {7DD01F6F-BFE4-4688-BF72-0BDCD7006D10}
		{A9E931AC-89D9-4D49-891E-2B088851B849} = {251F4E32-4467-4A74-8BBD-F7B0CC6E5913}
		{C270D0FB-61D7-49D1-A860-C3A18209CB0E} = {251F4E32-4467-4A74-8BBD-F7B0CC6E5913}
		{2D01AB29-8BC5-46F0-9AF9-3DE70FFE6510} = {7DD01F6F-BFE4-4688-BF72-0BDCD7006D10}
	EndGlobalSection
EndGlobal
