
Microsoft Visual Studio Solution File, Format Version 12.00
# Visual Studio 2012
Project("{2150E333-8FDC-42A3-9474-1A3956D46DE8}") = "BLL", "BLL", "{1447F2E9-4923-48FC-9208-583DD3411274}"
EndProject
Project("{2150E333-8FDC-42A3-9474-1A3956D46DE8}") = "WebServices", "WebServices", "{F5B9FACD-1FCF-4D3D-AA4B-7D3252EA1AEE}"
EndProject
Project("{2150E333-8FDC-42A3-9474-1A3956D46DE8}") = "WEB", "WEB", "{2B11A149-546A-4DD5-A38F-018429146AB3}"
EndProject
Project("{2150E333-8FDC-42A3-9474-1A3956D46DE8}") = "RulesSet", "RulesSet", "{6D166D83-A48D-41F9-B3F5-5831765BF08D}"
	ProjectSection(SolutionItems) = preProject
		BNERules.ruleset = BNERules.ruleset
	EndProjectSection
EndProject
Project("{2150E333-8FDC-42A3-9474-1A3956D46DE8}") = "SolutionItens", "SolutionItens", "{CA762187-35FF-4BD1-9052-4AA9BD8F3AC0}"
EndProject
Project("{2150E333-8FDC-42A3-9474-1A3956D46DE8}") = "Library", "Library", "{6460A203-CBE3-4374-BA3F-EF24E6BBC0FE}"
	ProjectSection(SolutionItems) = preProject
		Library\ABCpdf.DLL = Library\ABCpdf.DLL
		Library\Ajax.dll = Library\Ajax.dll
		Library\AjaxControlToolkit.dll = Library\AjaxControlToolkit.dll
		Library\Employer.Componentes.UI.Web.chm = Library\Employer.Componentes.UI.Web.chm
		Library\Employer.Componentes.UI.Web.dll = Library\Employer.Componentes.UI.Web.dll
		Library\Employer.Plataforma.BLL.Conexao.dll = Library\Employer.Plataforma.BLL.Conexao.dll
		Library\Employer.Plataforma.DAL.dll = Library\Employer.Plataforma.DAL.dll
		Library\Employer.Plataforma.Web.Componentes.dll = Library\Employer.Plataforma.Web.Componentes.dll
		Library\Employer.PlataformaLog.dll = Library\Employer.PlataformaLog.dll
		Library\Facebook.dll = Library\Facebook.dll
		Library\Hammock.dll = Library\Hammock.dll
		Library\HtmlAgilityPack.dll = Library\HtmlAgilityPack.dll
		Library\Interop.Bneutil.dll = Library\Interop.Bneutil.dll
		Library\JSONSharp.dll = Library\JSONSharp.dll
		Library\Mandrill.dll = Library\Mandrill.dll
		Library\Microsoft.Contracts.dll = Library\Microsoft.Contracts.dll
		Library\Microsoft.Exchange.WebServices.dll = Library\Microsoft.Exchange.WebServices.dll
		Library\MSCaptcha.dll = Library\MSCaptcha.dll
		Library\MSCaptcha.xml = Library\MSCaptcha.xml
		Library\MSNPSharp.dll = Library\MSNPSharp.dll
		Library\MSNPSharp.XmlSerializers.dll = Library\MSNPSharp.XmlSerializers.dll
		Library\Newtonsoft.Json.dll = Library\Newtonsoft.Json.dll
		Library\Newtonsoft.Json.Net35.dll = Library\Newtonsoft.Json.Net35.dll
		Library\RestSharp.dll = Library\RestSharp.dll
		Library\Telerik.Web.Design.dll = Library\Telerik.Web.Design.dll
		Library\Telerik.Web.UI.dll = Library\Telerik.Web.UI.dll
		Library\TweetSharp.Next.dll = Library\TweetSharp.Next.dll
	EndProjectSection
EndProject
Project("{2150E333-8FDC-42A3-9474-1A3956D46DE8}") = "RedesSociais", "RedesSociais", "{5B680FBA-D00E-4D09-AB56-9A63AFBB50A2}"
EndProject
Project("{FAE04EC0-301F-11D3-BF4B-00C04F79EFBC}") = "BNE.Web", "BNE.Web\BNE.Web.csproj", "{FB4DE244-2CA4-4B86-A9DC-75159DC85871}"
	ProjectSection(ProjectDependencies) = postProject
		{D4002D00-0F81-435C-ABEE-950BC284F2B3} = {D4002D00-0F81-435C-ABEE-950BC284F2B3}
	EndProjectSection
EndProject
Project("{FAE04EC0-301F-11D3-BF4B-00C04F79EFBC}") = "BNE.BLL", "BNE.BLL\BNE.BLL.csproj", "{B316CE73-6590-43E7-BD7A-2C24963C09FB}"
EndProject
Project("{FAE04EC0-301F-11D3-BF4B-00C04F79EFBC}") = "BNE.EL", "BNE.EL\BNE.EL.csproj", "{328D2B86-DD73-410E-AA9C-42D59BD28796}"
EndProject
Project("{FAE04EC0-301F-11D3-BF4B-00C04F79EFBC}") = "BNE.Sistmars.BLL", "BNE.Sistmars.BLL\BNE.Sistmars.BLL.csproj", "{19CB3255-8F72-489A-A894-794566E88F09}"
EndProject
Project("{FAE04EC0-301F-11D3-BF4B-00C04F79EFBC}") = "BNE.BLL.Security", "BNE.BLL.Security\BNE.BLL.Security.csproj", "{E006078B-F337-4BDD-BB41-8FA26CBFD3B6}"
EndProject
Project("{FAE04EC0-301F-11D3-BF4B-00C04F79EFBC}") = "BNE.RedesSociais", "BNE.RedesSociais\BNE.RedesSociais.csproj", "{6531A217-E16C-476D-9DDD-EDE23087308D}"
EndProject
Project("{FAE04EC0-301F-11D3-BF4B-00C04F79EFBC}") = "BNE.Web.Services.Mobile", "BNE.Web.Services.Mobile\BNE.Web.Services.Mobile.csproj", "{D4002D00-0F81-435C-ABEE-950BC284F2B3}"
EndProject
Project("{FAE04EC0-301F-11D3-BF4B-00C04F79EFBC}") = "BNE.Componentes", "BNE.Componentes\BNE.Componentes.csproj", "{15EA9E89-5731-4D34-B1C9-5532F6668DD9}"
EndProject
Project("{FAE04EC0-301F-11D3-BF4B-00C04F79EFBC}") = "BNE.Web.Vagas", "BNE.Web.Vagas\BNE.Web.Vagas.csproj", "{EF601A10-6B77-4D0C-8860-8BA2B22A4336}"
EndProject
Project("{FAE04EC0-301F-11D3-BF4B-00C04F79EFBC}") = "BNE.Common", "BNE.Common\BNE.Common.csproj", "{8B630179-734F-47F0-9D72-CC500F4482EB}"
EndProject
Project("{FAE04EC0-301F-11D3-BF4B-00C04F79EFBC}") = "BNE.BLL.Common", "BNE.BLL.Commom\BNE.BLL.Common.csproj", "{F41B8060-1EA8-4C42-9FA0-02868DAC7F8E}"
EndProject
Project("{FAE04EC0-301F-11D3-BF4B-00C04F79EFBC}") = "BNE.Services.Base", "BNE.Services.Base\BNE.Services.Base.csproj", "{043F37E4-113A-4BCE-AF0D-D05B61DDBEA4}"
EndProject
Project("{00D1A9C2-B5F0-4AF3-8072-F6C62B433612}") = "BNE.CLR", "BNE.CLR\BNE.CLR.sqlproj", "{CB568B3C-88F0-4531-BA75-6C442234162D}"
EndProject
Project("{FAE04EC0-301F-11D3-BF4B-00C04F79EFBC}") = "BNE.Chat", "BNE.Chat\BNE.Chat.csproj", "{AADEA832-EFF4-42AA-8D81-89F294BE1A6C}"
EndProject
Project("{FAE04EC0-301F-11D3-BF4B-00C04F79EFBC}") = "BNE.Test.App.Chat", "BNE.Test.App.Chat\BNE.Test.App.Chat.csproj", "{F6974E3B-1C42-4B63-B9E5-A1A0F5B1B6C4}"
EndProject
Project("{FAE04EC0-301F-11D3-BF4B-00C04F79EFBC}") = "BNE.BLL.AsyncServices", "BNE.BLL.AsyncServices\BNE.BLL.AsyncServices.csproj", "{2D01AB29-8BC5-46F0-9AF9-3DE70FFE6510}"
EndProject
Project("{FAE04EC0-301F-11D3-BF4B-00C04F79EFBC}") = "BNE.Web.Vip", "BNE.Web.Vip\BNE.Web.Vip.csproj", "{9449E378-7774-4717-B422-5848442EDD2B}"
EndProject
Project("{FAE04EC0-301F-11D3-BF4B-00C04F79EFBC}") = "BNE.Auth", "BNE.Auth\BNE.Auth.csproj", "{A3CB21C5-AD27-4718-A361-C1578861A84C}"
EndProject
Project("{FAE04EC0-301F-11D3-BF4B-00C04F79EFBC}") = "BNE.Auth.NET45", "BNE.Auth.NET45\BNE.Auth.NET45.csproj", "{49CA53E9-EC27-4E9A-A67C-23E7F74B01B5}"
EndProject
Project("{FAE04EC0-301F-11D3-BF4B-00C04F79EFBC}") = "BNE.Bridge", "BNE.Bridge\BNE.Bridge.csproj", "{F185B177-5DC7-4800-A0B6-CB5F7CAFE656}"
EndProject
Global
	GlobalSection(TeamFoundationVersionControl) = preSolution
		SccNumberOfProjects = 21
		SccEnterpriseProvider = {4CA58AB2-18FA-4F8D-95D4-32DDF27D184C}
		SccTeamFoundationServer = http://tfs.employer.com.br:8080/tfs/defaultcollection
		SccLocalPath0 = .
		SccProjectUniqueName1 = BNE.BLL\\BNE.BLL.csproj
		SccProjectTopLevelParentUniqueName1 = BNE\u0020-\u0020Site.sln
		SccProjectName1 = BNE.BLL
		SccLocalPath1 = BNE.BLL
		SccProjectUniqueName2 = BNE.EL\\BNE.EL.csproj
		SccProjectTopLevelParentUniqueName2 = BNE\u0020-\u0020Site.sln
		SccProjectName2 = BNE.EL
		SccLocalPath2 = BNE.EL
		SccProjectUniqueName3 = BNE.Sistmars.BLL\\BNE.Sistmars.BLL.csproj
		SccProjectTopLevelParentUniqueName3 = BNE\u0020-\u0020Site.sln
		SccProjectName3 = BNE.Sistmars.BLL
		SccLocalPath3 = BNE.Sistmars.BLL
		SccProjectUniqueName4 = BNE.Web\\BNE.Web.csproj
		SccProjectTopLevelParentUniqueName4 = BNE\u0020-\u0020Site.sln
		SccProjectName4 = BNE.Web
		SccLocalPath4 = BNE.Web
		SccProjectUniqueName5 = BNE.BLL.Security\\BNE.BLL.Security.csproj
		SccProjectTopLevelParentUniqueName5 = BNE\u0020-\u0020Site.sln
		SccProjectName5 = BNE.BLL.Security
		SccLocalPath5 = BNE.BLL.Security
		SccProjectUniqueName6 = BNE.RedesSociais\\BNE.RedesSociais.csproj
		SccProjectTopLevelParentUniqueName6 = BNE\u0020-\u0020Site.sln
		SccProjectName6 = BNE.RedesSociais
		SccLocalPath6 = BNE.RedesSociais
		SccProjectUniqueName7 = BNE.Web.Services.Mobile\\BNE.Web.Services.Mobile.csproj
		SccProjectTopLevelParentUniqueName7 = BNE\u0020-\u0020Site.sln
		SccProjectName7 = BNE.Web.Services.Mobile
		SccLocalPath7 = BNE.Web.Services.Mobile
		SccProjectUniqueName8 = BNE.Componentes\\BNE.Componentes.csproj
		SccProjectTopLevelParentUniqueName8 = BNE\u0020-\u0020Site.sln
		SccProjectName8 = BNE.Componentes
		SccLocalPath8 = BNE.Componentes
		SccProjectUniqueName9 = BNE.Web.Vagas\\BNE.Web.Vagas.csproj
		SccProjectTopLevelParentUniqueName9 = BNE\u0020-\u0020Site.sln
		SccProjectName9 = BNE.Web.Vagas
		SccLocalPath9 = BNE.Web.Vagas
		SccProjectUniqueName10 = BNE.Common\\BNE.Common.csproj
		SccProjectTopLevelParentUniqueName10 = BNE\u0020-\u0020Site.sln
		SccProjectName10 = BNE.Common
		SccLocalPath10 = BNE.Common
		SccProjectUniqueName11 = BNE.BLL.Commom\\BNE.BLL.Common.csproj
		SccProjectTopLevelParentUniqueName11 = BNE\u0020-\u0020Site.sln
		SccProjectName11 = BNE.BLL.Commom
		SccLocalPath11 = BNE.BLL.Commom
		SccProjectUniqueName12 = BNE.Services.Base\\BNE.Services.Base.csproj
		SccProjectTopLevelParentUniqueName12 = BNE\u0020-\u0020Site.sln
		SccProjectName12 = BNE.Services.Base
		SccLocalPath12 = BNE.Services.Base
		SccProjectUniqueName13 = BNE.CLR\\BNE.CLR.sqlproj
		SccProjectTopLevelParentUniqueName13 = BNE\u0020-\u0020Site.sln
		SccProjectName13 = BNE.CLR
		SccLocalPath13 = BNE.CLR
		SccProjectUniqueName14 = BNE.Chat\\BNE.Chat.csproj
		SccProjectTopLevelParentUniqueName14 = BNE\u0020-\u0020Site.sln
		SccProjectName14 = BNE.Chat
		SccLocalPath14 = BNE.Chat
		SccProjectUniqueName15 = BNE.Test.App.Chat\\BNE.Test.App.Chat.csproj
		SccProjectTopLevelParentUniqueName15 = BNE\u0020-\u0020Site.sln
		SccProjectName15 = BNE.Test.App.Chat
		SccLocalPath15 = BNE.Test.App.Chat
		SccProjectUniqueName16 = BNE.BLL.AsyncServices\\BNE.BLL.AsyncServices.csproj
		SccProjectTopLevelParentUniqueName16 = BNE\u0020-\u0020Site.sln
		SccProjectName16 = BNE.BLL.AsyncServices
		SccLocalPath16 = BNE.BLL.AsyncServices
		SccProjectUniqueName17 = BNE.Web.Vip\\BNE.Web.Vip.csproj
		SccProjectTopLevelParentUniqueName17 = BNE\u0020-\u0020Site.sln
		SccProjectName17 = BNE.Web.Vip
		SccLocalPath17 = BNE.Web.Vip
		SccProjectUniqueName18 = BNE.Auth\\BNE.Auth.csproj
		SccProjectTopLevelParentUniqueName18 = BNE\u0020-\u0020Site.sln
		SccProjectName18 = BNE.Auth
		SccLocalPath18 = BNE.Auth
		SccProjectUniqueName19 = BNE.Auth.NET45\\BNE.Auth.NET45.csproj
		SccProjectTopLevelParentUniqueName19 = BNE\u0020-\u0020Site.sln
		SccProjectName19 = BNE.Auth.NET45
		SccLocalPath19 = BNE.Auth.NET45
		SccProjectUniqueName20 = BNE.Bridge\\BNE.Bridge.csproj
		SccProjectTopLevelParentUniqueName20 = BNE\u0020-\u0020Site.sln
		SccProjectName20 = BNE.Bridge
		SccLocalPath20 = BNE.Bridge
	EndGlobalSection
	GlobalSection(SolutionConfigurationPlatforms) = preSolution
		Debug|Any CPU = Debug|Any CPU
		Debug|Mixed Platforms = Debug|Mixed Platforms
		Debug|x86 = Debug|x86
		Homologacao|Any CPU = Homologacao|Any CPU
		Homologacao|Mixed Platforms = Homologacao|Mixed Platforms
		Homologacao|x86 = Homologacao|x86
		Producao|Any CPU = Producao|Any CPU
		Producao|Mixed Platforms = Producao|Mixed Platforms
		Producao|x86 = Producao|x86
		Release|Any CPU = Release|Any CPU
		Release|Mixed Platforms = Release|Mixed Platforms
		Release|x86 = Release|x86
	EndGlobalSection
	GlobalSection(ProjectConfigurationPlatforms) = postSolution
		{FB4DE244-2CA4-4B86-A9DC-75159DC85871}.Debug|Any CPU.ActiveCfg = Debug|Any CPU
		{FB4DE244-2CA4-4B86-A9DC-75159DC85871}.Debug|Any CPU.Build.0 = Debug|Any CPU
		{FB4DE244-2CA4-4B86-A9DC-75159DC85871}.Debug|Mixed Platforms.ActiveCfg = Debug|Any CPU
		{FB4DE244-2CA4-4B86-A9DC-75159DC85871}.Debug|Mixed Platforms.Build.0 = Debug|Any CPU
		{FB4DE244-2CA4-4B86-A9DC-75159DC85871}.Debug|x86.ActiveCfg = Debug|Any CPU
		{FB4DE244-2CA4-4B86-A9DC-75159DC85871}.Homologacao|Any CPU.ActiveCfg = Homologacao|Any CPU
		{FB4DE244-2CA4-4B86-A9DC-75159DC85871}.Homologacao|Any CPU.Build.0 = Homologacao|Any CPU
		{FB4DE244-2CA4-4B86-A9DC-75159DC85871}.Homologacao|Mixed Platforms.ActiveCfg = Homologacao|Any CPU
		{FB4DE244-2CA4-4B86-A9DC-75159DC85871}.Homologacao|Mixed Platforms.Build.0 = Homologacao|Any CPU
		{FB4DE244-2CA4-4B86-A9DC-75159DC85871}.Homologacao|x86.ActiveCfg = Homologacao|Any CPU
		{FB4DE244-2CA4-4B86-A9DC-75159DC85871}.Producao|Any CPU.ActiveCfg = Producao|Any CPU
		{FB4DE244-2CA4-4B86-A9DC-75159DC85871}.Producao|Any CPU.Build.0 = Producao|Any CPU
		{FB4DE244-2CA4-4B86-A9DC-75159DC85871}.Producao|Mixed Platforms.ActiveCfg = Producao|Any CPU
		{FB4DE244-2CA4-4B86-A9DC-75159DC85871}.Producao|Mixed Platforms.Build.0 = Producao|Any CPU
		{FB4DE244-2CA4-4B86-A9DC-75159DC85871}.Producao|x86.ActiveCfg = Producao|Any CPU
		{FB4DE244-2CA4-4B86-A9DC-75159DC85871}.Release|Any CPU.ActiveCfg = Release|Any CPU
		{FB4DE244-2CA4-4B86-A9DC-75159DC85871}.Release|Any CPU.Build.0 = Release|Any CPU
		{FB4DE244-2CA4-4B86-A9DC-75159DC85871}.Release|Mixed Platforms.ActiveCfg = Release|Any CPU
		{FB4DE244-2CA4-4B86-A9DC-75159DC85871}.Release|Mixed Platforms.Build.0 = Release|Any CPU
		{FB4DE244-2CA4-4B86-A9DC-75159DC85871}.Release|x86.ActiveCfg = Release|Any CPU
		{B316CE73-6590-43E7-BD7A-2C24963C09FB}.Debug|Any CPU.ActiveCfg = Debug|Any CPU
		{B316CE73-6590-43E7-BD7A-2C24963C09FB}.Debug|Any CPU.Build.0 = Debug|Any CPU
		{B316CE73-6590-43E7-BD7A-2C24963C09FB}.Debug|Mixed Platforms.ActiveCfg = Debug|Any CPU
		{B316CE73-6590-43E7-BD7A-2C24963C09FB}.Debug|Mixed Platforms.Build.0 = Debug|Any CPU
		{B316CE73-6590-43E7-BD7A-2C24963C09FB}.Debug|x86.ActiveCfg = Debug|Any CPU
		{B316CE73-6590-43E7-BD7A-2C24963C09FB}.Homologacao|Any CPU.ActiveCfg = Homologacao|Any CPU
		{B316CE73-6590-43E7-BD7A-2C24963C09FB}.Homologacao|Any CPU.Build.0 = Homologacao|Any CPU
		{B316CE73-6590-43E7-BD7A-2C24963C09FB}.Homologacao|Mixed Platforms.ActiveCfg = Homologacao|Any CPU
		{B316CE73-6590-43E7-BD7A-2C24963C09FB}.Homologacao|Mixed Platforms.Build.0 = Homologacao|Any CPU
		{B316CE73-6590-43E7-BD7A-2C24963C09FB}.Homologacao|x86.ActiveCfg = Homologacao|Any CPU
		{B316CE73-6590-43E7-BD7A-2C24963C09FB}.Producao|Any CPU.ActiveCfg = Producao|Any CPU
		{B316CE73-6590-43E7-BD7A-2C24963C09FB}.Producao|Any CPU.Build.0 = Producao|Any CPU
		{B316CE73-6590-43E7-BD7A-2C24963C09FB}.Producao|Mixed Platforms.ActiveCfg = Producao|Any CPU
		{B316CE73-6590-43E7-BD7A-2C24963C09FB}.Producao|Mixed Platforms.Build.0 = Producao|Any CPU
		{B316CE73-6590-43E7-BD7A-2C24963C09FB}.Producao|x86.ActiveCfg = Producao|Any CPU
		{B316CE73-6590-43E7-BD7A-2C24963C09FB}.Release|Any CPU.ActiveCfg = Release|Any CPU
		{B316CE73-6590-43E7-BD7A-2C24963C09FB}.Release|Any CPU.Build.0 = Release|Any CPU
		{B316CE73-6590-43E7-BD7A-2C24963C09FB}.Release|Mixed Platforms.ActiveCfg = Release|Any CPU
		{B316CE73-6590-43E7-BD7A-2C24963C09FB}.Release|Mixed Platforms.Build.0 = Release|Any CPU
		{B316CE73-6590-43E7-BD7A-2C24963C09FB}.Release|x86.ActiveCfg = Release|Any CPU
		{328D2B86-DD73-410E-AA9C-42D59BD28796}.Debug|Any CPU.ActiveCfg = Debug|Any CPU
		{328D2B86-DD73-410E-AA9C-42D59BD28796}.Debug|Any CPU.Build.0 = Debug|Any CPU
		{328D2B86-DD73-410E-AA9C-42D59BD28796}.Debug|Mixed Platforms.ActiveCfg = Debug|Any CPU
		{328D2B86-DD73-410E-AA9C-42D59BD28796}.Debug|Mixed Platforms.Build.0 = Debug|Any CPU
		{328D2B86-DD73-410E-AA9C-42D59BD28796}.Debug|x86.ActiveCfg = Debug|Any CPU
		{328D2B86-DD73-410E-AA9C-42D59BD28796}.Homologacao|Any CPU.ActiveCfg = Homologacao|Any CPU
		{328D2B86-DD73-410E-AA9C-42D59BD28796}.Homologacao|Any CPU.Build.0 = Homologacao|Any CPU
		{328D2B86-DD73-410E-AA9C-42D59BD28796}.Homologacao|Mixed Platforms.ActiveCfg = Homologacao|Any CPU
		{328D2B86-DD73-410E-AA9C-42D59BD28796}.Homologacao|Mixed Platforms.Build.0 = Homologacao|Any CPU
		{328D2B86-DD73-410E-AA9C-42D59BD28796}.Homologacao|x86.ActiveCfg = Homologacao|Any CPU
		{328D2B86-DD73-410E-AA9C-42D59BD28796}.Producao|Any CPU.ActiveCfg = Producao|Any CPU
		{328D2B86-DD73-410E-AA9C-42D59BD28796}.Producao|Any CPU.Build.0 = Producao|Any CPU
		{328D2B86-DD73-410E-AA9C-42D59BD28796}.Producao|Mixed Platforms.ActiveCfg = Producao|Any CPU
		{328D2B86-DD73-410E-AA9C-42D59BD28796}.Producao|Mixed Platforms.Build.0 = Producao|Any CPU
		{328D2B86-DD73-410E-AA9C-42D59BD28796}.Producao|x86.ActiveCfg = Producao|Any CPU
		{328D2B86-DD73-410E-AA9C-42D59BD28796}.Release|Any CPU.ActiveCfg = Release|Any CPU
		{328D2B86-DD73-410E-AA9C-42D59BD28796}.Release|Any CPU.Build.0 = Release|Any CPU
		{328D2B86-DD73-410E-AA9C-42D59BD28796}.Release|Mixed Platforms.ActiveCfg = Release|Any CPU
		{328D2B86-DD73-410E-AA9C-42D59BD28796}.Release|Mixed Platforms.Build.0 = Release|Any CPU
		{328D2B86-DD73-410E-AA9C-42D59BD28796}.Release|x86.ActiveCfg = Release|Any CPU
		{19CB3255-8F72-489A-A894-794566E88F09}.Debug|Any CPU.ActiveCfg = Debug|Any CPU
		{19CB3255-8F72-489A-A894-794566E88F09}.Debug|Any CPU.Build.0 = Debug|Any CPU
		{19CB3255-8F72-489A-A894-794566E88F09}.Debug|Mixed Platforms.ActiveCfg = Debug|Any CPU
		{19CB3255-8F72-489A-A894-794566E88F09}.Debug|Mixed Platforms.Build.0 = Debug|Any CPU
		{19CB3255-8F72-489A-A894-794566E88F09}.Debug|x86.ActiveCfg = Debug|Any CPU
		{19CB3255-8F72-489A-A894-794566E88F09}.Homologacao|Any CPU.ActiveCfg = Homologacao|Any CPU
		{19CB3255-8F72-489A-A894-794566E88F09}.Homologacao|Any CPU.Build.0 = Homologacao|Any CPU
		{19CB3255-8F72-489A-A894-794566E88F09}.Homologacao|Mixed Platforms.ActiveCfg = Homologacao|Any CPU
		{19CB3255-8F72-489A-A894-794566E88F09}.Homologacao|Mixed Platforms.Build.0 = Homologacao|Any CPU
		{19CB3255-8F72-489A-A894-794566E88F09}.Homologacao|x86.ActiveCfg = Homologacao|Any CPU
		{19CB3255-8F72-489A-A894-794566E88F09}.Producao|Any CPU.ActiveCfg = Producao|Any CPU
		{19CB3255-8F72-489A-A894-794566E88F09}.Producao|Any CPU.Build.0 = Producao|Any CPU
		{19CB3255-8F72-489A-A894-794566E88F09}.Producao|Mixed Platforms.ActiveCfg = Producao|Any CPU
		{19CB3255-8F72-489A-A894-794566E88F09}.Producao|Mixed Platforms.Build.0 = Producao|Any CPU
		{19CB3255-8F72-489A-A894-794566E88F09}.Producao|x86.ActiveCfg = Producao|Any CPU
		{19CB3255-8F72-489A-A894-794566E88F09}.Release|Any CPU.ActiveCfg = Release|Any CPU
		{19CB3255-8F72-489A-A894-794566E88F09}.Release|Any CPU.Build.0 = Release|Any CPU
		{19CB3255-8F72-489A-A894-794566E88F09}.Release|Mixed Platforms.ActiveCfg = Release|Any CPU
		{19CB3255-8F72-489A-A894-794566E88F09}.Release|Mixed Platforms.Build.0 = Release|Any CPU
		{19CB3255-8F72-489A-A894-794566E88F09}.Release|x86.ActiveCfg = Release|Any CPU
		{E006078B-F337-4BDD-BB41-8FA26CBFD3B6}.Debug|Any CPU.ActiveCfg = Debug|Any CPU
		{E006078B-F337-4BDD-BB41-8FA26CBFD3B6}.Debug|Any CPU.Build.0 = Debug|Any CPU
		{E006078B-F337-4BDD-BB41-8FA26CBFD3B6}.Debug|Mixed Platforms.ActiveCfg = Debug|Any CPU
		{E006078B-F337-4BDD-BB41-8FA26CBFD3B6}.Debug|Mixed Platforms.Build.0 = Debug|Any CPU
		{E006078B-F337-4BDD-BB41-8FA26CBFD3B6}.Debug|x86.ActiveCfg = Debug|Any CPU
		{E006078B-F337-4BDD-BB41-8FA26CBFD3B6}.Homologacao|Any CPU.ActiveCfg = Homologacao|Any CPU
		{E006078B-F337-4BDD-BB41-8FA26CBFD3B6}.Homologacao|Any CPU.Build.0 = Homologacao|Any CPU
		{E006078B-F337-4BDD-BB41-8FA26CBFD3B6}.Homologacao|Mixed Platforms.ActiveCfg = Homologacao|Any CPU
		{E006078B-F337-4BDD-BB41-8FA26CBFD3B6}.Homologacao|Mixed Platforms.Build.0 = Homologacao|Any CPU
		{E006078B-F337-4BDD-BB41-8FA26CBFD3B6}.Homologacao|x86.ActiveCfg = Homologacao|Any CPU
		{E006078B-F337-4BDD-BB41-8FA26CBFD3B6}.Producao|Any CPU.ActiveCfg = Producao|Any CPU
		{E006078B-F337-4BDD-BB41-8FA26CBFD3B6}.Producao|Any CPU.Build.0 = Producao|Any CPU
		{E006078B-F337-4BDD-BB41-8FA26CBFD3B6}.Producao|Mixed Platforms.ActiveCfg = Producao|Any CPU
		{E006078B-F337-4BDD-BB41-8FA26CBFD3B6}.Producao|Mixed Platforms.Build.0 = Producao|Any CPU
		{E006078B-F337-4BDD-BB41-8FA26CBFD3B6}.Producao|x86.ActiveCfg = Producao|Any CPU
		{E006078B-F337-4BDD-BB41-8FA26CBFD3B6}.Release|Any CPU.ActiveCfg = Release|Any CPU
		{E006078B-F337-4BDD-BB41-8FA26CBFD3B6}.Release|Any CPU.Build.0 = Release|Any CPU
		{E006078B-F337-4BDD-BB41-8FA26CBFD3B6}.Release|Mixed Platforms.ActiveCfg = Release|Any CPU
		{E006078B-F337-4BDD-BB41-8FA26CBFD3B6}.Release|Mixed Platforms.Build.0 = Release|Any CPU
		{E006078B-F337-4BDD-BB41-8FA26CBFD3B6}.Release|x86.ActiveCfg = Release|Any CPU
		{6531A217-E16C-476D-9DDD-EDE23087308D}.Debug|Any CPU.ActiveCfg = Debug|Any CPU
		{6531A217-E16C-476D-9DDD-EDE23087308D}.Debug|Any CPU.Build.0 = Debug|Any CPU
		{6531A217-E16C-476D-9DDD-EDE23087308D}.Debug|Mixed Platforms.ActiveCfg = Debug|Any CPU
		{6531A217-E16C-476D-9DDD-EDE23087308D}.Debug|Mixed Platforms.Build.0 = Debug|Any CPU
		{6531A217-E16C-476D-9DDD-EDE23087308D}.Debug|x86.ActiveCfg = Debug|Any CPU
		{6531A217-E16C-476D-9DDD-EDE23087308D}.Homologacao|Any CPU.ActiveCfg = Homologacao|Any CPU
		{6531A217-E16C-476D-9DDD-EDE23087308D}.Homologacao|Any CPU.Build.0 = Homologacao|Any CPU
		{6531A217-E16C-476D-9DDD-EDE23087308D}.Homologacao|Mixed Platforms.ActiveCfg = Homologacao|Any CPU
		{6531A217-E16C-476D-9DDD-EDE23087308D}.Homologacao|Mixed Platforms.Build.0 = Homologacao|Any CPU
		{6531A217-E16C-476D-9DDD-EDE23087308D}.Homologacao|x86.ActiveCfg = Homologacao|Any CPU
		{6531A217-E16C-476D-9DDD-EDE23087308D}.Producao|Any CPU.ActiveCfg = Producao|Any CPU
		{6531A217-E16C-476D-9DDD-EDE23087308D}.Producao|Any CPU.Build.0 = Producao|Any CPU
		{6531A217-E16C-476D-9DDD-EDE23087308D}.Producao|Mixed Platforms.ActiveCfg = Producao|Any CPU
		{6531A217-E16C-476D-9DDD-EDE23087308D}.Producao|Mixed Platforms.Build.0 = Producao|Any CPU
		{6531A217-E16C-476D-9DDD-EDE23087308D}.Producao|x86.ActiveCfg = Producao|Any CPU
		{6531A217-E16C-476D-9DDD-EDE23087308D}.Release|Any CPU.ActiveCfg = Release|Any CPU
		{6531A217-E16C-476D-9DDD-EDE23087308D}.Release|Any CPU.Build.0 = Release|Any CPU
		{6531A217-E16C-476D-9DDD-EDE23087308D}.Release|Mixed Platforms.ActiveCfg = Release|Any CPU
		{6531A217-E16C-476D-9DDD-EDE23087308D}.Release|Mixed Platforms.Build.0 = Release|Any CPU
		{6531A217-E16C-476D-9DDD-EDE23087308D}.Release|x86.ActiveCfg = Release|Any CPU
		{D4002D00-0F81-435C-ABEE-950BC284F2B3}.Debug|Any CPU.ActiveCfg = Debug|Any CPU
		{D4002D00-0F81-435C-ABEE-950BC284F2B3}.Debug|Any CPU.Build.0 = Debug|Any CPU
		{D4002D00-0F81-435C-ABEE-950BC284F2B3}.Debug|Mixed Platforms.ActiveCfg = Debug|Any CPU
		{D4002D00-0F81-435C-ABEE-950BC284F2B3}.Debug|Mixed Platforms.Build.0 = Debug|Any CPU
		{D4002D00-0F81-435C-ABEE-950BC284F2B3}.Debug|x86.ActiveCfg = Debug|Any CPU
		{D4002D00-0F81-435C-ABEE-950BC284F2B3}.Homologacao|Any CPU.ActiveCfg = Release|Any CPU
		{D4002D00-0F81-435C-ABEE-950BC284F2B3}.Homologacao|Any CPU.Build.0 = Release|Any CPU
		{D4002D00-0F81-435C-ABEE-950BC284F2B3}.Homologacao|Mixed Platforms.ActiveCfg = Release|Any CPU
		{D4002D00-0F81-435C-ABEE-950BC284F2B3}.Homologacao|Mixed Platforms.Build.0 = Release|Any CPU
		{D4002D00-0F81-435C-ABEE-950BC284F2B3}.Homologacao|x86.ActiveCfg = Release|Any CPU
		{D4002D00-0F81-435C-ABEE-950BC284F2B3}.Producao|Any CPU.ActiveCfg = Release|Any CPU
		{D4002D00-0F81-435C-ABEE-950BC284F2B3}.Producao|Any CPU.Build.0 = Release|Any CPU
		{D4002D00-0F81-435C-ABEE-950BC284F2B3}.Producao|Mixed Platforms.ActiveCfg = Release|Any CPU
		{D4002D00-0F81-435C-ABEE-950BC284F2B3}.Producao|Mixed Platforms.Build.0 = Release|Any CPU
		{D4002D00-0F81-435C-ABEE-950BC284F2B3}.Producao|x86.ActiveCfg = Release|Any CPU
		{D4002D00-0F81-435C-ABEE-950BC284F2B3}.Release|Any CPU.ActiveCfg = Release|Any CPU
		{D4002D00-0F81-435C-ABEE-950BC284F2B3}.Release|Any CPU.Build.0 = Release|Any CPU
		{D4002D00-0F81-435C-ABEE-950BC284F2B3}.Release|Mixed Platforms.ActiveCfg = Release|Any CPU
		{D4002D00-0F81-435C-ABEE-950BC284F2B3}.Release|Mixed Platforms.Build.0 = Release|Any CPU
		{D4002D00-0F81-435C-ABEE-950BC284F2B3}.Release|x86.ActiveCfg = Release|Any CPU
		{15EA9E89-5731-4D34-B1C9-5532F6668DD9}.Debug|Any CPU.ActiveCfg = Debug|Any CPU
		{15EA9E89-5731-4D34-B1C9-5532F6668DD9}.Debug|Any CPU.Build.0 = Debug|Any CPU
		{15EA9E89-5731-4D34-B1C9-5532F6668DD9}.Debug|Mixed Platforms.ActiveCfg = Debug|Any CPU
		{15EA9E89-5731-4D34-B1C9-5532F6668DD9}.Debug|Mixed Platforms.Build.0 = Debug|Any CPU
		{15EA9E89-5731-4D34-B1C9-5532F6668DD9}.Debug|x86.ActiveCfg = Debug|Any CPU
		{15EA9E89-5731-4D34-B1C9-5532F6668DD9}.Homologacao|Any CPU.ActiveCfg = Release|Any CPU
		{15EA9E89-5731-4D34-B1C9-5532F6668DD9}.Homologacao|Any CPU.Build.0 = Release|Any CPU
		{15EA9E89-5731-4D34-B1C9-5532F6668DD9}.Homologacao|Mixed Platforms.ActiveCfg = Release|Any CPU
		{15EA9E89-5731-4D34-B1C9-5532F6668DD9}.Homologacao|Mixed Platforms.Build.0 = Release|Any CPU
		{15EA9E89-5731-4D34-B1C9-5532F6668DD9}.Homologacao|x86.ActiveCfg = Release|Any CPU
		{15EA9E89-5731-4D34-B1C9-5532F6668DD9}.Producao|Any CPU.ActiveCfg = Release|Any CPU
		{15EA9E89-5731-4D34-B1C9-5532F6668DD9}.Producao|Any CPU.Build.0 = Release|Any CPU
		{15EA9E89-5731-4D34-B1C9-5532F6668DD9}.Producao|Mixed Platforms.ActiveCfg = Release|Any CPU
		{15EA9E89-5731-4D34-B1C9-5532F6668DD9}.Producao|Mixed Platforms.Build.0 = Release|Any CPU
		{15EA9E89-5731-4D34-B1C9-5532F6668DD9}.Producao|x86.ActiveCfg = Release|Any CPU
		{15EA9E89-5731-4D34-B1C9-5532F6668DD9}.Release|Any CPU.ActiveCfg = Release|Any CPU
		{15EA9E89-5731-4D34-B1C9-5532F6668DD9}.Release|Any CPU.Build.0 = Release|Any CPU
		{15EA9E89-5731-4D34-B1C9-5532F6668DD9}.Release|Mixed Platforms.ActiveCfg = Release|Any CPU
		{15EA9E89-5731-4D34-B1C9-5532F6668DD9}.Release|Mixed Platforms.Build.0 = Release|Any CPU
		{15EA9E89-5731-4D34-B1C9-5532F6668DD9}.Release|x86.ActiveCfg = Release|Any CPU
		{EF601A10-6B77-4D0C-8860-8BA2B22A4336}.Debug|Any CPU.ActiveCfg = Debug|Any CPU
		{EF601A10-6B77-4D0C-8860-8BA2B22A4336}.Debug|Any CPU.Build.0 = Debug|Any CPU
		{EF601A10-6B77-4D0C-8860-8BA2B22A4336}.Debug|Mixed Platforms.ActiveCfg = Debug|Any CPU
		{EF601A10-6B77-4D0C-8860-8BA2B22A4336}.Debug|Mixed Platforms.Build.0 = Debug|Any CPU
		{EF601A10-6B77-4D0C-8860-8BA2B22A4336}.Debug|x86.ActiveCfg = Debug|Any CPU
		{EF601A10-6B77-4D0C-8860-8BA2B22A4336}.Homologacao|Any CPU.ActiveCfg = Release|Any CPU
		{EF601A10-6B77-4D0C-8860-8BA2B22A4336}.Homologacao|Any CPU.Build.0 = Release|Any CPU
		{EF601A10-6B77-4D0C-8860-8BA2B22A4336}.Homologacao|Mixed Platforms.ActiveCfg = Release|Any CPU
		{EF601A10-6B77-4D0C-8860-8BA2B22A4336}.Homologacao|Mixed Platforms.Build.0 = Release|Any CPU
		{EF601A10-6B77-4D0C-8860-8BA2B22A4336}.Homologacao|x86.ActiveCfg = Release|Any CPU
		{EF601A10-6B77-4D0C-8860-8BA2B22A4336}.Producao|Any CPU.ActiveCfg = Release|Any CPU
		{EF601A10-6B77-4D0C-8860-8BA2B22A4336}.Producao|Any CPU.Build.0 = Release|Any CPU
		{EF601A10-6B77-4D0C-8860-8BA2B22A4336}.Producao|Mixed Platforms.ActiveCfg = Release|Any CPU
		{EF601A10-6B77-4D0C-8860-8BA2B22A4336}.Producao|Mixed Platforms.Build.0 = Release|Any CPU
		{EF601A10-6B77-4D0C-8860-8BA2B22A4336}.Producao|x86.ActiveCfg = Release|Any CPU
		{EF601A10-6B77-4D0C-8860-8BA2B22A4336}.Release|Any CPU.ActiveCfg = Release|Any CPU
		{EF601A10-6B77-4D0C-8860-8BA2B22A4336}.Release|Any CPU.Build.0 = Release|Any CPU
		{EF601A10-6B77-4D0C-8860-8BA2B22A4336}.Release|Mixed Platforms.ActiveCfg = Release|Any CPU
		{EF601A10-6B77-4D0C-8860-8BA2B22A4336}.Release|Mixed Platforms.Build.0 = Release|Any CPU
		{EF601A10-6B77-4D0C-8860-8BA2B22A4336}.Release|x86.ActiveCfg = Release|Any CPU
		{8B630179-734F-47F0-9D72-CC500F4482EB}.Debug|Any CPU.ActiveCfg = Debug|Any CPU
		{8B630179-734F-47F0-9D72-CC500F4482EB}.Debug|Any CPU.Build.0 = Debug|Any CPU
		{8B630179-734F-47F0-9D72-CC500F4482EB}.Debug|Mixed Platforms.ActiveCfg = Debug|Any CPU
		{8B630179-734F-47F0-9D72-CC500F4482EB}.Debug|Mixed Platforms.Build.0 = Debug|Any CPU
		{8B630179-734F-47F0-9D72-CC500F4482EB}.Debug|x86.ActiveCfg = Debug|Any CPU
		{8B630179-734F-47F0-9D72-CC500F4482EB}.Homologacao|Any CPU.ActiveCfg = Release|Any CPU
		{8B630179-734F-47F0-9D72-CC500F4482EB}.Homologacao|Any CPU.Build.0 = Release|Any CPU
		{8B630179-734F-47F0-9D72-CC500F4482EB}.Homologacao|Mixed Platforms.ActiveCfg = Release|Any CPU
		{8B630179-734F-47F0-9D72-CC500F4482EB}.Homologacao|Mixed Platforms.Build.0 = Release|Any CPU
		{8B630179-734F-47F0-9D72-CC500F4482EB}.Homologacao|x86.ActiveCfg = Release|Any CPU
		{8B630179-734F-47F0-9D72-CC500F4482EB}.Producao|Any CPU.ActiveCfg = Release|Any CPU
		{8B630179-734F-47F0-9D72-CC500F4482EB}.Producao|Any CPU.Build.0 = Release|Any CPU
		{8B630179-734F-47F0-9D72-CC500F4482EB}.Producao|Mixed Platforms.ActiveCfg = Release|Any CPU
		{8B630179-734F-47F0-9D72-CC500F4482EB}.Producao|Mixed Platforms.Build.0 = Release|Any CPU
		{8B630179-734F-47F0-9D72-CC500F4482EB}.Producao|x86.ActiveCfg = Release|Any CPU
		{8B630179-734F-47F0-9D72-CC500F4482EB}.Release|Any CPU.ActiveCfg = Release|Any CPU
		{8B630179-734F-47F0-9D72-CC500F4482EB}.Release|Any CPU.Build.0 = Release|Any CPU
		{8B630179-734F-47F0-9D72-CC500F4482EB}.Release|Mixed Platforms.ActiveCfg = Release|Any CPU
		{8B630179-734F-47F0-9D72-CC500F4482EB}.Release|Mixed Platforms.Build.0 = Release|Any CPU
		{8B630179-734F-47F0-9D72-CC500F4482EB}.Release|x86.ActiveCfg = Release|Any CPU
		{F41B8060-1EA8-4C42-9FA0-02868DAC7F8E}.Debug|Any CPU.ActiveCfg = Debug|Any CPU
		{F41B8060-1EA8-4C42-9FA0-02868DAC7F8E}.Debug|Any CPU.Build.0 = Debug|Any CPU
		{F41B8060-1EA8-4C42-9FA0-02868DAC7F8E}.Debug|Mixed Platforms.ActiveCfg = Debug|Any CPU
		{F41B8060-1EA8-4C42-9FA0-02868DAC7F8E}.Debug|Mixed Platforms.Build.0 = Debug|Any CPU
		{F41B8060-1EA8-4C42-9FA0-02868DAC7F8E}.Debug|x86.ActiveCfg = Debug|Any CPU
		{F41B8060-1EA8-4C42-9FA0-02868DAC7F8E}.Homologacao|Any CPU.ActiveCfg = Release|Any CPU
		{F41B8060-1EA8-4C42-9FA0-02868DAC7F8E}.Homologacao|Any CPU.Build.0 = Release|Any CPU
		{F41B8060-1EA8-4C42-9FA0-02868DAC7F8E}.Homologacao|Mixed Platforms.ActiveCfg = Release|Any CPU
		{F41B8060-1EA8-4C42-9FA0-02868DAC7F8E}.Homologacao|Mixed Platforms.Build.0 = Release|Any CPU
		{F41B8060-1EA8-4C42-9FA0-02868DAC7F8E}.Homologacao|x86.ActiveCfg = Release|Any CPU
		{F41B8060-1EA8-4C42-9FA0-02868DAC7F8E}.Producao|Any CPU.ActiveCfg = Release|Any CPU
		{F41B8060-1EA8-4C42-9FA0-02868DAC7F8E}.Producao|Any CPU.Build.0 = Release|Any CPU
		{F41B8060-1EA8-4C42-9FA0-02868DAC7F8E}.Producao|Mixed Platforms.ActiveCfg = Release|Any CPU
		{F41B8060-1EA8-4C42-9FA0-02868DAC7F8E}.Producao|Mixed Platforms.Build.0 = Release|Any CPU
		{F41B8060-1EA8-4C42-9FA0-02868DAC7F8E}.Producao|x86.ActiveCfg = Release|Any CPU
		{F41B8060-1EA8-4C42-9FA0-02868DAC7F8E}.Release|Any CPU.ActiveCfg = Release|Any CPU
		{F41B8060-1EA8-4C42-9FA0-02868DAC7F8E}.Release|Any CPU.Build.0 = Release|Any CPU
		{F41B8060-1EA8-4C42-9FA0-02868DAC7F8E}.Release|Mixed Platforms.ActiveCfg = Release|Any CPU
		{F41B8060-1EA8-4C42-9FA0-02868DAC7F8E}.Release|Mixed Platforms.Build.0 = Release|Any CPU
		{F41B8060-1EA8-4C42-9FA0-02868DAC7F8E}.Release|x86.ActiveCfg = Release|Any CPU
		{043F37E4-113A-4BCE-AF0D-D05B61DDBEA4}.Debug|Any CPU.ActiveCfg = Debug|Any CPU
		{043F37E4-113A-4BCE-AF0D-D05B61DDBEA4}.Debug|Any CPU.Build.0 = Debug|Any CPU
		{043F37E4-113A-4BCE-AF0D-D05B61DDBEA4}.Debug|Mixed Platforms.ActiveCfg = Debug|Any CPU
		{043F37E4-113A-4BCE-AF0D-D05B61DDBEA4}.Debug|Mixed Platforms.Build.0 = Debug|Any CPU
		{043F37E4-113A-4BCE-AF0D-D05B61DDBEA4}.Debug|x86.ActiveCfg = Debug|Any CPU
		{043F37E4-113A-4BCE-AF0D-D05B61DDBEA4}.Homologacao|Any CPU.ActiveCfg = Homologacao|Any CPU
		{043F37E4-113A-4BCE-AF0D-D05B61DDBEA4}.Homologacao|Any CPU.Build.0 = Homologacao|Any CPU
		{043F37E4-113A-4BCE-AF0D-D05B61DDBEA4}.Homologacao|Mixed Platforms.ActiveCfg = Homologacao|Any CPU
		{043F37E4-113A-4BCE-AF0D-D05B61DDBEA4}.Homologacao|Mixed Platforms.Build.0 = Homologacao|Any CPU
		{043F37E4-113A-4BCE-AF0D-D05B61DDBEA4}.Homologacao|x86.ActiveCfg = Homologacao|Any CPU
		{043F37E4-113A-4BCE-AF0D-D05B61DDBEA4}.Producao|Any CPU.ActiveCfg = Homologacao|Any CPU
		{043F37E4-113A-4BCE-AF0D-D05B61DDBEA4}.Producao|Any CPU.Build.0 = Homologacao|Any CPU
		{043F37E4-113A-4BCE-AF0D-D05B61DDBEA4}.Producao|Mixed Platforms.ActiveCfg = Homologacao|Any CPU
		{043F37E4-113A-4BCE-AF0D-D05B61DDBEA4}.Producao|Mixed Platforms.Build.0 = Homologacao|Any CPU
		{043F37E4-113A-4BCE-AF0D-D05B61DDBEA4}.Producao|x86.ActiveCfg = Homologacao|Any CPU
		{043F37E4-113A-4BCE-AF0D-D05B61DDBEA4}.Release|Any CPU.ActiveCfg = Release|Any CPU
		{043F37E4-113A-4BCE-AF0D-D05B61DDBEA4}.Release|Any CPU.Build.0 = Release|Any CPU
		{043F37E4-113A-4BCE-AF0D-D05B61DDBEA4}.Release|Mixed Platforms.ActiveCfg = Release|Any CPU
		{043F37E4-113A-4BCE-AF0D-D05B61DDBEA4}.Release|Mixed Platforms.Build.0 = Release|Any CPU
		{043F37E4-113A-4BCE-AF0D-D05B61DDBEA4}.Release|x86.ActiveCfg = Release|Any CPU
		{CB568B3C-88F0-4531-BA75-6C442234162D}.Debug|Any CPU.ActiveCfg = Debug|Any CPU
		{CB568B3C-88F0-4531-BA75-6C442234162D}.Debug|Any CPU.Build.0 = Debug|Any CPU
		{CB568B3C-88F0-4531-BA75-6C442234162D}.Debug|Any CPU.Deploy.0 = Debug|Any CPU
		{CB568B3C-88F0-4531-BA75-6C442234162D}.Debug|Mixed Platforms.ActiveCfg = Debug|Any CPU
		{CB568B3C-88F0-4531-BA75-6C442234162D}.Debug|Mixed Platforms.Build.0 = Debug|Any CPU
		{CB568B3C-88F0-4531-BA75-6C442234162D}.Debug|x86.ActiveCfg = Debug|Any CPU
		{CB568B3C-88F0-4531-BA75-6C442234162D}.Homologacao|Any CPU.ActiveCfg = Release|Any CPU
		{CB568B3C-88F0-4531-BA75-6C442234162D}.Homologacao|Any CPU.Build.0 = Release|Any CPU
		{CB568B3C-88F0-4531-BA75-6C442234162D}.Homologacao|Any CPU.Deploy.0 = Release|Any CPU
		{CB568B3C-88F0-4531-BA75-6C442234162D}.Homologacao|Mixed Platforms.ActiveCfg = Release|Any CPU
		{CB568B3C-88F0-4531-BA75-6C442234162D}.Homologacao|Mixed Platforms.Build.0 = Release|Any CPU
		{CB568B3C-88F0-4531-BA75-6C442234162D}.Homologacao|Mixed Platforms.Deploy.0 = Release|Any CPU
		{CB568B3C-88F0-4531-BA75-6C442234162D}.Homologacao|x86.ActiveCfg = Release|Any CPU
		{CB568B3C-88F0-4531-BA75-6C442234162D}.Producao|Any CPU.ActiveCfg = Release|Any CPU
		{CB568B3C-88F0-4531-BA75-6C442234162D}.Producao|Any CPU.Build.0 = Release|Any CPU
		{CB568B3C-88F0-4531-BA75-6C442234162D}.Producao|Any CPU.Deploy.0 = Release|Any CPU
		{CB568B3C-88F0-4531-BA75-6C442234162D}.Producao|Mixed Platforms.ActiveCfg = Release|Any CPU
		{CB568B3C-88F0-4531-BA75-6C442234162D}.Producao|Mixed Platforms.Build.0 = Release|Any CPU
		{CB568B3C-88F0-4531-BA75-6C442234162D}.Producao|Mixed Platforms.Deploy.0 = Release|Any CPU
		{CB568B3C-88F0-4531-BA75-6C442234162D}.Producao|x86.ActiveCfg = Release|Any CPU
		{CB568B3C-88F0-4531-BA75-6C442234162D}.Release|Any CPU.ActiveCfg = Release|Any CPU
		{CB568B3C-88F0-4531-BA75-6C442234162D}.Release|Any CPU.Build.0 = Release|Any CPU
		{CB568B3C-88F0-4531-BA75-6C442234162D}.Release|Any CPU.Deploy.0 = Release|Any CPU
		{CB568B3C-88F0-4531-BA75-6C442234162D}.Release|Mixed Platforms.ActiveCfg = Release|Any CPU
		{CB568B3C-88F0-4531-BA75-6C442234162D}.Release|Mixed Platforms.Build.0 = Release|Any CPU
		{CB568B3C-88F0-4531-BA75-6C442234162D}.Release|Mixed Platforms.Deploy.0 = Release|Any CPU
		{CB568B3C-88F0-4531-BA75-6C442234162D}.Release|x86.ActiveCfg = Release|Any CPU
		{AADEA832-EFF4-42AA-8D81-89F294BE1A6C}.Debug|Any CPU.ActiveCfg = Debug|Any CPU
		{AADEA832-EFF4-42AA-8D81-89F294BE1A6C}.Debug|Any CPU.Build.0 = Debug|Any CPU
		{AADEA832-EFF4-42AA-8D81-89F294BE1A6C}.Debug|Mixed Platforms.ActiveCfg = Debug|Any CPU
		{AADEA832-EFF4-42AA-8D81-89F294BE1A6C}.Debug|Mixed Platforms.Build.0 = Debug|Any CPU
		{AADEA832-EFF4-42AA-8D81-89F294BE1A6C}.Debug|x86.ActiveCfg = Debug|Any CPU
		{AADEA832-EFF4-42AA-8D81-89F294BE1A6C}.Homologacao|Any CPU.ActiveCfg = Release|Any CPU
		{AADEA832-EFF4-42AA-8D81-89F294BE1A6C}.Homologacao|Any CPU.Build.0 = Release|Any CPU
		{AADEA832-EFF4-42AA-8D81-89F294BE1A6C}.Homologacao|Mixed Platforms.ActiveCfg = Release|Any CPU
		{AADEA832-EFF4-42AA-8D81-89F294BE1A6C}.Homologacao|Mixed Platforms.Build.0 = Release|Any CPU
		{AADEA832-EFF4-42AA-8D81-89F294BE1A6C}.Homologacao|x86.ActiveCfg = Release|Any CPU
		{AADEA832-EFF4-42AA-8D81-89F294BE1A6C}.Producao|Any CPU.ActiveCfg = Release|Any CPU
		{AADEA832-EFF4-42AA-8D81-89F294BE1A6C}.Producao|Any CPU.Build.0 = Release|Any CPU
		{AADEA832-EFF4-42AA-8D81-89F294BE1A6C}.Producao|Mixed Platforms.ActiveCfg = Release|Any CPU
		{AADEA832-EFF4-42AA-8D81-89F294BE1A6C}.Producao|Mixed Platforms.Build.0 = Release|Any CPU
		{AADEA832-EFF4-42AA-8D81-89F294BE1A6C}.Producao|x86.ActiveCfg = Release|Any CPU
		{AADEA832-EFF4-42AA-8D81-89F294BE1A6C}.Release|Any CPU.ActiveCfg = Release|Any CPU
		{AADEA832-EFF4-42AA-8D81-89F294BE1A6C}.Release|Any CPU.Build.0 = Release|Any CPU
		{AADEA832-EFF4-42AA-8D81-89F294BE1A6C}.Release|Mixed Platforms.ActiveCfg = Release|Any CPU
		{AADEA832-EFF4-42AA-8D81-89F294BE1A6C}.Release|Mixed Platforms.Build.0 = Release|Any CPU
		{AADEA832-EFF4-42AA-8D81-89F294BE1A6C}.Release|x86.ActiveCfg = Release|Any CPU
		{F6974E3B-1C42-4B63-B9E5-A1A0F5B1B6C4}.Debug|Any CPU.ActiveCfg = Debug|Any CPU
		{F6974E3B-1C42-4B63-B9E5-A1A0F5B1B6C4}.Debug|Any CPU.Build.0 = Debug|Any CPU
		{F6974E3B-1C42-4B63-B9E5-A1A0F5B1B6C4}.Debug|Mixed Platforms.ActiveCfg = Debug|Any CPU
		{F6974E3B-1C42-4B63-B9E5-A1A0F5B1B6C4}.Debug|Mixed Platforms.Build.0 = Debug|Any CPU
		{F6974E3B-1C42-4B63-B9E5-A1A0F5B1B6C4}.Debug|x86.ActiveCfg = Debug|Any CPU
		{F6974E3B-1C42-4B63-B9E5-A1A0F5B1B6C4}.Homologacao|Any CPU.ActiveCfg = Release|Any CPU
		{F6974E3B-1C42-4B63-B9E5-A1A0F5B1B6C4}.Homologacao|Any CPU.Build.0 = Release|Any CPU
		{F6974E3B-1C42-4B63-B9E5-A1A0F5B1B6C4}.Homologacao|Mixed Platforms.ActiveCfg = Release|Any CPU
		{F6974E3B-1C42-4B63-B9E5-A1A0F5B1B6C4}.Homologacao|Mixed Platforms.Build.0 = Release|Any CPU
		{F6974E3B-1C42-4B63-B9E5-A1A0F5B1B6C4}.Homologacao|x86.ActiveCfg = Release|Any CPU
		{F6974E3B-1C42-4B63-B9E5-A1A0F5B1B6C4}.Producao|Any CPU.ActiveCfg = Release|Any CPU
		{F6974E3B-1C42-4B63-B9E5-A1A0F5B1B6C4}.Producao|Any CPU.Build.0 = Release|Any CPU
		{F6974E3B-1C42-4B63-B9E5-A1A0F5B1B6C4}.Producao|Mixed Platforms.ActiveCfg = Release|Any CPU
		{F6974E3B-1C42-4B63-B9E5-A1A0F5B1B6C4}.Producao|Mixed Platforms.Build.0 = Release|Any CPU
		{F6974E3B-1C42-4B63-B9E5-A1A0F5B1B6C4}.Producao|x86.ActiveCfg = Release|Any CPU
		{F6974E3B-1C42-4B63-B9E5-A1A0F5B1B6C4}.Release|Any CPU.ActiveCfg = Release|Any CPU
		{F6974E3B-1C42-4B63-B9E5-A1A0F5B1B6C4}.Release|Any CPU.Build.0 = Release|Any CPU
		{F6974E3B-1C42-4B63-B9E5-A1A0F5B1B6C4}.Release|Mixed Platforms.ActiveCfg = Release|Any CPU
		{F6974E3B-1C42-4B63-B9E5-A1A0F5B1B6C4}.Release|Mixed Platforms.Build.0 = Release|Any CPU
		{F6974E3B-1C42-4B63-B9E5-A1A0F5B1B6C4}.Release|x86.ActiveCfg = Release|Any CPU
		{2D01AB29-8BC5-46F0-9AF9-3DE70FFE6510}.Debug|Any CPU.ActiveCfg = Debug|Any CPU
		{2D01AB29-8BC5-46F0-9AF9-3DE70FFE6510}.Debug|Any CPU.Build.0 = Debug|Any CPU
		{2D01AB29-8BC5-46F0-9AF9-3DE70FFE6510}.Debug|Mixed Platforms.ActiveCfg = Debug|Any CPU
		{2D01AB29-8BC5-46F0-9AF9-3DE70FFE6510}.Debug|Mixed Platforms.Build.0 = Debug|Any CPU
		{2D01AB29-8BC5-46F0-9AF9-3DE70FFE6510}.Debug|x86.ActiveCfg = Debug|Any CPU
		{2D01AB29-8BC5-46F0-9AF9-3DE70FFE6510}.Homologacao|Any CPU.ActiveCfg = Release|Any CPU
		{2D01AB29-8BC5-46F0-9AF9-3DE70FFE6510}.Homologacao|Any CPU.Build.0 = Release|Any CPU
		{2D01AB29-8BC5-46F0-9AF9-3DE70FFE6510}.Homologacao|Mixed Platforms.ActiveCfg = Release|Any CPU
		{2D01AB29-8BC5-46F0-9AF9-3DE70FFE6510}.Homologacao|Mixed Platforms.Build.0 = Release|Any CPU
		{2D01AB29-8BC5-46F0-9AF9-3DE70FFE6510}.Homologacao|x86.ActiveCfg = Release|Any CPU
		{2D01AB29-8BC5-46F0-9AF9-3DE70FFE6510}.Producao|Any CPU.ActiveCfg = Release|Any CPU
		{2D01AB29-8BC5-46F0-9AF9-3DE70FFE6510}.Producao|Any CPU.Build.0 = Release|Any CPU
		{2D01AB29-8BC5-46F0-9AF9-3DE70FFE6510}.Producao|Mixed Platforms.ActiveCfg = Release|Any CPU
		{2D01AB29-8BC5-46F0-9AF9-3DE70FFE6510}.Producao|Mixed Platforms.Build.0 = Release|Any CPU
		{2D01AB29-8BC5-46F0-9AF9-3DE70FFE6510}.Producao|x86.ActiveCfg = Release|Any CPU
		{2D01AB29-8BC5-46F0-9AF9-3DE70FFE6510}.Release|Any CPU.ActiveCfg = Release|Any CPU
		{2D01AB29-8BC5-46F0-9AF9-3DE70FFE6510}.Release|Any CPU.Build.0 = Release|Any CPU
		{2D01AB29-8BC5-46F0-9AF9-3DE70FFE6510}.Release|Mixed Platforms.ActiveCfg = Release|Any CPU
		{2D01AB29-8BC5-46F0-9AF9-3DE70FFE6510}.Release|Mixed Platforms.Build.0 = Release|Any CPU
		{2D01AB29-8BC5-46F0-9AF9-3DE70FFE6510}.Release|x86.ActiveCfg = Release|Any CPU
		{9449E378-7774-4717-B422-5848442EDD2B}.Debug|Any CPU.ActiveCfg = Debug|Any CPU
		{9449E378-7774-4717-B422-5848442EDD2B}.Debug|Any CPU.Build.0 = Debug|Any CPU
		{9449E378-7774-4717-B422-5848442EDD2B}.Debug|Mixed Platforms.ActiveCfg = Debug|Any CPU
		{9449E378-7774-4717-B422-5848442EDD2B}.Debug|Mixed Platforms.Build.0 = Debug|Any CPU
		{9449E378-7774-4717-B422-5848442EDD2B}.Debug|x86.ActiveCfg = Debug|Any CPU
		{9449E378-7774-4717-B422-5848442EDD2B}.Homologacao|Any CPU.ActiveCfg = Release|Any CPU
		{9449E378-7774-4717-B422-5848442EDD2B}.Homologacao|Any CPU.Build.0 = Release|Any CPU
		{9449E378-7774-4717-B422-5848442EDD2B}.Homologacao|Mixed Platforms.ActiveCfg = Release|Any CPU
		{9449E378-7774-4717-B422-5848442EDD2B}.Homologacao|Mixed Platforms.Build.0 = Release|Any CPU
		{9449E378-7774-4717-B422-5848442EDD2B}.Homologacao|x86.ActiveCfg = Release|Any CPU
		{9449E378-7774-4717-B422-5848442EDD2B}.Producao|Any CPU.ActiveCfg = Release|Any CPU
		{9449E378-7774-4717-B422-5848442EDD2B}.Producao|Any CPU.Build.0 = Release|Any CPU
		{9449E378-7774-4717-B422-5848442EDD2B}.Producao|Mixed Platforms.ActiveCfg = Release|Any CPU
		{9449E378-7774-4717-B422-5848442EDD2B}.Producao|Mixed Platforms.Build.0 = Release|Any CPU
		{9449E378-7774-4717-B422-5848442EDD2B}.Producao|x86.ActiveCfg = Release|Any CPU
		{9449E378-7774-4717-B422-5848442EDD2B}.Release|Any CPU.ActiveCfg = Release|Any CPU
		{9449E378-7774-4717-B422-5848442EDD2B}.Release|Any CPU.Build.0 = Release|Any CPU
		{9449E378-7774-4717-B422-5848442EDD2B}.Release|Mixed Platforms.ActiveCfg = Release|Any CPU
		{9449E378-7774-4717-B422-5848442EDD2B}.Release|Mixed Platforms.Build.0 = Release|Any CPU
		{9449E378-7774-4717-B422-5848442EDD2B}.Release|x86.ActiveCfg = Release|Any CPU
		{A3CB21C5-AD27-4718-A361-C1578861A84C}.Debug|Any CPU.ActiveCfg = Debug|Any CPU
		{A3CB21C5-AD27-4718-A361-C1578861A84C}.Debug|Any CPU.Build.0 = Debug|Any CPU
		{A3CB21C5-AD27-4718-A361-C1578861A84C}.Debug|Mixed Platforms.ActiveCfg = Debug|Any CPU
		{A3CB21C5-AD27-4718-A361-C1578861A84C}.Debug|Mixed Platforms.Build.0 = Debug|Any CPU
		{A3CB21C5-AD27-4718-A361-C1578861A84C}.Debug|x86.ActiveCfg = Debug|Any CPU
		{A3CB21C5-AD27-4718-A361-C1578861A84C}.Homologacao|Any CPU.ActiveCfg = Release|Any CPU
		{A3CB21C5-AD27-4718-A361-C1578861A84C}.Homologacao|Any CPU.Build.0 = Release|Any CPU
		{A3CB21C5-AD27-4718-A361-C1578861A84C}.Homologacao|Mixed Platforms.ActiveCfg = Release|Any CPU
		{A3CB21C5-AD27-4718-A361-C1578861A84C}.Homologacao|Mixed Platforms.Build.0 = Release|Any CPU
		{A3CB21C5-AD27-4718-A361-C1578861A84C}.Homologacao|x86.ActiveCfg = Release|Any CPU
		{A3CB21C5-AD27-4718-A361-C1578861A84C}.Producao|Any CPU.ActiveCfg = Release|Any CPU
		{A3CB21C5-AD27-4718-A361-C1578861A84C}.Producao|Any CPU.Build.0 = Release|Any CPU
		{A3CB21C5-AD27-4718-A361-C1578861A84C}.Producao|Mixed Platforms.ActiveCfg = Release|Any CPU
		{A3CB21C5-AD27-4718-A361-C1578861A84C}.Producao|Mixed Platforms.Build.0 = Release|Any CPU
		{A3CB21C5-AD27-4718-A361-C1578861A84C}.Producao|x86.ActiveCfg = Release|Any CPU
		{A3CB21C5-AD27-4718-A361-C1578861A84C}.Release|Any CPU.ActiveCfg = Release|Any CPU
		{A3CB21C5-AD27-4718-A361-C1578861A84C}.Release|Any CPU.Build.0 = Release|Any CPU
		{A3CB21C5-AD27-4718-A361-C1578861A84C}.Release|Mixed Platforms.ActiveCfg = Release|Any CPU
		{A3CB21C5-AD27-4718-A361-C1578861A84C}.Release|Mixed Platforms.Build.0 = Release|Any CPU
		{A3CB21C5-AD27-4718-A361-C1578861A84C}.Release|x86.ActiveCfg = Release|Any CPU
		{49CA53E9-EC27-4E9A-A67C-23E7F74B01B5}.Debug|Any CPU.ActiveCfg = Debug|Any CPU
		{49CA53E9-EC27-4E9A-A67C-23E7F74B01B5}.Debug|Any CPU.Build.0 = Debug|Any CPU
		{49CA53E9-EC27-4E9A-A67C-23E7F74B01B5}.Debug|Mixed Platforms.ActiveCfg = Debug|Any CPU
		{49CA53E9-EC27-4E9A-A67C-23E7F74B01B5}.Debug|Mixed Platforms.Build.0 = Debug|Any CPU
		{49CA53E9-EC27-4E9A-A67C-23E7F74B01B5}.Debug|x86.ActiveCfg = Debug|Any CPU
		{49CA53E9-EC27-4E9A-A67C-23E7F74B01B5}.Homologacao|Any CPU.ActiveCfg = Release|Any CPU
		{49CA53E9-EC27-4E9A-A67C-23E7F74B01B5}.Homologacao|Any CPU.Build.0 = Release|Any CPU
		{49CA53E9-EC27-4E9A-A67C-23E7F74B01B5}.Homologacao|Mixed Platforms.ActiveCfg = Release|Any CPU
		{49CA53E9-EC27-4E9A-A67C-23E7F74B01B5}.Homologacao|Mixed Platforms.Build.0 = Release|Any CPU
		{49CA53E9-EC27-4E9A-A67C-23E7F74B01B5}.Homologacao|x86.ActiveCfg = Release|Any CPU
		{49CA53E9-EC27-4E9A-A67C-23E7F74B01B5}.Producao|Any CPU.ActiveCfg = Release|Any CPU
		{49CA53E9-EC27-4E9A-A67C-23E7F74B01B5}.Producao|Any CPU.Build.0 = Release|Any CPU
		{49CA53E9-EC27-4E9A-A67C-23E7F74B01B5}.Producao|Mixed Platforms.ActiveCfg = Release|Any CPU
		{49CA53E9-EC27-4E9A-A67C-23E7F74B01B5}.Producao|Mixed Platforms.Build.0 = Release|Any CPU
		{49CA53E9-EC27-4E9A-A67C-23E7F74B01B5}.Producao|x86.ActiveCfg = Release|Any CPU
		{49CA53E9-EC27-4E9A-A67C-23E7F74B01B5}.Release|Any CPU.ActiveCfg = Release|Any CPU
		{49CA53E9-EC27-4E9A-A67C-23E7F74B01B5}.Release|Any CPU.Build.0 = Release|Any CPU
		{49CA53E9-EC27-4E9A-A67C-23E7F74B01B5}.Release|Mixed Platforms.ActiveCfg = Release|Any CPU
		{49CA53E9-EC27-4E9A-A67C-23E7F74B01B5}.Release|Mixed Platforms.Build.0 = Release|Any CPU
		{49CA53E9-EC27-4E9A-A67C-23E7F74B01B5}.Release|x86.ActiveCfg = Release|Any CPU
		{F185B177-5DC7-4800-A0B6-CB5F7CAFE656}.Debug|Any CPU.ActiveCfg = Debug|Any CPU
		{F185B177-5DC7-4800-A0B6-CB5F7CAFE656}.Debug|Any CPU.Build.0 = Debug|Any CPU
		{F185B177-5DC7-4800-A0B6-CB5F7CAFE656}.Debug|Mixed Platforms.ActiveCfg = Debug|Any CPU
		{F185B177-5DC7-4800-A0B6-CB5F7CAFE656}.Debug|Mixed Platforms.Build.0 = Debug|Any CPU
		{F185B177-5DC7-4800-A0B6-CB5F7CAFE656}.Debug|x86.ActiveCfg = Debug|Any CPU
		{F185B177-5DC7-4800-A0B6-CB5F7CAFE656}.Homologacao|Any CPU.ActiveCfg = Release|Any CPU
		{F185B177-5DC7-4800-A0B6-CB5F7CAFE656}.Homologacao|Any CPU.Build.0 = Release|Any CPU
		{F185B177-5DC7-4800-A0B6-CB5F7CAFE656}.Homologacao|Mixed Platforms.ActiveCfg = Release|Any CPU
		{F185B177-5DC7-4800-A0B6-CB5F7CAFE656}.Homologacao|Mixed Platforms.Build.0 = Release|Any CPU
		{F185B177-5DC7-4800-A0B6-CB5F7CAFE656}.Homologacao|x86.ActiveCfg = Release|Any CPU
		{F185B177-5DC7-4800-A0B6-CB5F7CAFE656}.Producao|Any CPU.ActiveCfg = Release|Any CPU
		{F185B177-5DC7-4800-A0B6-CB5F7CAFE656}.Producao|Any CPU.Build.0 = Release|Any CPU
		{F185B177-5DC7-4800-A0B6-CB5F7CAFE656}.Producao|Mixed Platforms.ActiveCfg = Release|Any CPU
		{F185B177-5DC7-4800-A0B6-CB5F7CAFE656}.Producao|Mixed Platforms.Build.0 = Release|Any CPU
		{F185B177-5DC7-4800-A0B6-CB5F7CAFE656}.Producao|x86.ActiveCfg = Release|Any CPU
		{F185B177-5DC7-4800-A0B6-CB5F7CAFE656}.Release|Any CPU.ActiveCfg = Release|Any CPU
		{F185B177-5DC7-4800-A0B6-CB5F7CAFE656}.Release|Any CPU.Build.0 = Release|Any CPU
		{F185B177-5DC7-4800-A0B6-CB5F7CAFE656}.Release|Mixed Platforms.ActiveCfg = Release|Any CPU
		{F185B177-5DC7-4800-A0B6-CB5F7CAFE656}.Release|Mixed Platforms.Build.0 = Release|Any CPU
		{F185B177-5DC7-4800-A0B6-CB5F7CAFE656}.Release|x86.ActiveCfg = Release|Any CPU
	EndGlobalSection
	GlobalSection(SolutionProperties) = preSolution
		HideSolutionNode = FALSE
	EndGlobalSection
	GlobalSection(NestedProjects) = preSolution
		{B316CE73-6590-43E7-BD7A-2C24963C09FB} = {1447F2E9-4923-48FC-9208-583DD3411274}
		{19CB3255-8F72-489A-A894-794566E88F09} = {1447F2E9-4923-48FC-9208-583DD3411274}
		{E006078B-F337-4BDD-BB41-8FA26CBFD3B6} = {1447F2E9-4923-48FC-9208-583DD3411274}
		{F41B8060-1EA8-4C42-9FA0-02868DAC7F8E} = {1447F2E9-4923-48FC-9208-583DD3411274}
		{043F37E4-113A-4BCE-AF0D-D05B61DDBEA4} = {1447F2E9-4923-48FC-9208-583DD3411274}
		{CB568B3C-88F0-4531-BA75-6C442234162D} = {1447F2E9-4923-48FC-9208-583DD3411274}
		{2D01AB29-8BC5-46F0-9AF9-3DE70FFE6510} = {1447F2E9-4923-48FC-9208-583DD3411274}
		{D4002D00-0F81-435C-ABEE-950BC284F2B3} = {F5B9FACD-1FCF-4D3D-AA4B-7D3252EA1AEE}
		{FB4DE244-2CA4-4B86-A9DC-75159DC85871} = {2B11A149-546A-4DD5-A38F-018429146AB3}
		{328D2B86-DD73-410E-AA9C-42D59BD28796} = {2B11A149-546A-4DD5-A38F-018429146AB3}
		{15EA9E89-5731-4D34-B1C9-5532F6668DD9} = {2B11A149-546A-4DD5-A38F-018429146AB3}
		{EF601A10-6B77-4D0C-8860-8BA2B22A4336} = {2B11A149-546A-4DD5-A38F-018429146AB3}
		{8B630179-734F-47F0-9D72-CC500F4482EB} = {2B11A149-546A-4DD5-A38F-018429146AB3}
		{AADEA832-EFF4-42AA-8D81-89F294BE1A6C} = {2B11A149-546A-4DD5-A38F-018429146AB3}
		{F6974E3B-1C42-4B63-B9E5-A1A0F5B1B6C4} = {2B11A149-546A-4DD5-A38F-018429146AB3}
		{2D01AB29-8BC5-46F0-9AF9-3DE70FFE6510} = {1447F2E9-4923-48FC-9208-583DD3411274}
		{9449E378-7774-4717-B422-5848442EDD2B} = {2B11A149-546A-4DD5-A38F-018429146AB3}
		{A3CB21C5-AD27-4718-A361-C1578861A84C} = {2B11A149-546A-4DD5-A38F-018429146AB3}
		{49CA53E9-EC27-4E9A-A67C-23E7F74B01B5} = {2B11A149-546A-4DD5-A38F-018429146AB3}
		{F185B177-5DC7-4800-A0B6-CB5F7CAFE656} = {2B11A149-546A-4DD5-A38F-018429146AB3}
	EndGlobalSection
EndGlobal
