
Microsoft Visual Studio Solution File, Format Version 12.00
# Visual Studio 2013
VisualStudioVersion = 12.0.40629.0
MinimumVisualStudioVersion = 10.0.40219.1
Project("{FAE04EC0-301F-11D3-BF4B-00C04F79EFBC}") = "BNE.NugetServer.Web", "BNE.NugetServer.Web\BNE.NugetServer.Web.csproj", "{144550DA-14E2-429B-84B5-5F7E7ACF1CDE}"
EndProject
Project("{2150E333-8FDC-42A3-9474-1A3956D46DE8}") = "Packages", "Packages", "{AFF88A94-F40C-43D3-A85F-474F87A6493E}"
EndProject
Project("{FAE04EC0-301F-11D3-BF4B-00C04F79EFBC}") = "BNE.Cache", "BNE.Cache\BNE.Cache.csproj", "{2DB41E50-B394-4023-92FD-5E7A01BD48E8}"
EndProject
Project("{FAE04EC0-301F-11D3-BF4B-00C04F79EFBC}") = "BNE.ValidaCelular", "BNE.ValidaCelular\BNE.ValidaCelular.csproj", "{1118B6BC-F872-4B2A-987C-970B917D21CF}"
EndProject
Project("{2150E333-8FDC-42A3-9474-1A3956D46DE8}") = ".nuget", ".nuget", "{924C05E8-C256-4885-BA6A-6A78F4A9962B}"
	ProjectSection(SolutionItems) = preProject
		.nuget\NuGet.Config = .nuget\NuGet.Config
		.nuget\NuGet.exe = .nuget\NuGet.exe
		.nuget\NuGet.targets = .nuget\NuGet.targets
	EndProjectSection
EndProject
Project("{FAE04EC0-301F-11D3-BF4B-00C04F79EFBC}") = "BNE.Compress.Console", "BNE.Compress.Console\BNE.Compress.Console.csproj", "{B61B8203-2E7E-4E0C-B4E7-08FB9961CA2D}"
EndProject
Project("{FAE04EC0-301F-11D3-BF4B-00C04F79EFBC}") = "BNE.Compress.WPF", "BNE.Compress.WPF\BNE.Compress.WPF.csproj", "{7374AD76-048F-4F5D-9974-80E264E1FE50}"
EndProject
Project("{FAE04EC0-301F-11D3-BF4B-00C04F79EFBC}") = "BNE.Cryptography", "BNE.Cryptography\BNE.Cryptography.csproj", "{50054A5B-0972-4CEB-9F81-E2D7EC8DCFD6}"
EndProject
Project("{2150E333-8FDC-42A3-9474-1A3956D46DE8}") = "Tests", "Tests", "{3D0CCA6A-7095-410A-801E-FBB787658434}"
EndProject
Project("{FAE04EC0-301F-11D3-BF4B-00C04F79EFBC}") = "BNE.NugetServer.Test", "BNE.NugetServer.Test\BNE.NugetServer.Test.csproj", "{8816F8F8-D788-4F3E-920D-4338CB1E507F}"
EndProject
Project("{FAE04EC0-301F-11D3-BF4B-00C04F79EFBC}") = "BNE.StorageManager", "BNE.Softlayer.ObjectStorage\BNE.StorageManager.csproj", "{561566C4-B960-49EB-85D2-26EE63E5B686}"
EndProject
Project("{FAE04EC0-301F-11D3-BF4B-00C04F79EFBC}") = "BNE.Cdn", "BNE.CDN\BNE.Cdn.csproj", "{B61FADE4-7BD4-4B58-B89B-1DADCD842E80}"
EndProject
Project("{FAE04EC0-301F-11D3-BF4B-00C04F79EFBC}") = "BNE.Cielo", "BNE.Cielo\BNE.Cielo.csproj", "{775C9F90-50E7-4080-BA70-F7BB0E13D202}"
EndProject
Project("{2150E333-8FDC-42A3-9474-1A3956D46DE8}") = "BNE.Auth", "BNE.Auth", "{574510F6-2D67-4E6A-9CE2-53F024712D6C}"
EndProject
Project("{FAE04EC0-301F-11D3-BF4B-00C04F79EFBC}") = "BNE.Auth.Core", "BNE.Auth.Core\BNE.Auth.Core.csproj", "{692A456A-A8FC-4AE2-BF9C-D05A783BB5EC}"
EndProject
Project("{FAE04EC0-301F-11D3-BF4B-00C04F79EFBC}") = "BNE.Auth.NET45", "BNE.Auth.NET45\BNE.Auth.NET45.csproj", "{49CA53E9-EC27-4E9A-A67C-23E7F74B01B5}"
EndProject
Project("{FAE04EC0-301F-11D3-BF4B-00C04F79EFBC}") = "TesteCielo", "TesteCielo\TesteCielo.csproj", "{2FDF480A-2F26-40F1-B311-422054128414}"
EndProject
Project("{FAE04EC0-301F-11D3-BF4B-00C04F79EFBC}") = "BNE.Log", "BNE.Log\BNE.Log.csproj", "{79EAD9E8-244F-4D6B-9A69-977C9102DEBB}"
EndProject
Project("{FAE04EC0-301F-11D3-BF4B-00C04F79EFBC}") = "BNE.Log.ADO", "BNE.Log.ADO\BNE.Log.ADO.csproj", "{9ACF8F3C-4731-4C3B-AA1B-66C545979106}"
EndProject
Project("{FAE04EC0-301F-11D3-BF4B-00C04F79EFBC}") = "BNE.Logger", "BNE.Logger\BNE.Logger.csproj", "{5FF511DD-6705-4338-AAF7-0174B87DEE18}"
EndProject
Project("{2150E333-8FDC-42A3-9474-1A3956D46DE8}") = "Log", "Log", "{E397E3DE-A5AA-4578-BD0C-7BB60C6BC854}"
EndProject
Project("{FAE04EC0-301F-11D3-BF4B-00C04F79EFBC}") = "BNE.Log.Base", "BNE.Log.Base\BNE.Log.Base.csproj", "{1FAE0CD9-E994-4D4F-A22B-F30137545002}"
EndProject
Project("{FAE04EC0-301F-11D3-BF4B-00C04F79EFBC}") = "AmazonS3Test", "AmazonS3Test\AmazonS3Test.csproj", "{2C406BAE-A9AE-4B1C-92A4-EB575DBBCB23}"
EndProject
Global
	GlobalSection(TeamFoundationVersionControl) = preSolution
		SccNumberOfProjects = 19
		SccEnterpriseProvider = {4CA58AB2-18FA-4F8D-95D4-32DDF27D184C}
		SccTeamFoundationServer = http://tfs.employer.com.br:8080/tfs/defaultcollection
		SccLocalPath0 = .
		SccProjectUniqueName1 = BNE.Softlayer.ObjectStorage\\BNE.StorageManager.csproj
		SccProjectTopLevelParentUniqueName1 = BNE.NugetServer.sln
		SccProjectName1 = BNE.Softlayer.ObjectStorage
		SccLocalPath1 = BNE.Softlayer.ObjectStorage
		SccProjectUniqueName2 = BNE.Cache\\BNE.Cache.csproj
		SccProjectTopLevelParentUniqueName2 = BNE.NugetServer.sln
		SccProjectName2 = BNE.Cache
		SccLocalPath2 = BNE.Cache
		SccProjectUniqueName3 = BNE.NugetServer.Web\\BNE.NugetServer.Web.csproj
		SccProjectName3 = BNE.NugetServer.Web
		SccLocalPath3 = BNE.NugetServer.Web
		SccProjectUniqueName4 = BNE.ValidaCelular\\BNE.ValidaCelular.csproj
		SccProjectTopLevelParentUniqueName4 = BNE.NugetServer.sln
		SccProjectName4 = BNE.ValidaCelular
		SccLocalPath4 = BNE.ValidaCelular
		SccProjectUniqueName5 = BNE.Compress.Console\\BNE.Compress.Console.csproj
		SccProjectTopLevelParentUniqueName5 = BNE.NugetServer.sln
		SccProjectName5 = BNE.Compress.Console
		SccLocalPath5 = BNE.Compress.Console
		SccProjectUniqueName6 = BNE.Compress.WPF\\BNE.Compress.WPF.csproj
		SccProjectTopLevelParentUniqueName6 = BNE.NugetServer.sln
		SccProjectName6 = BNE.Compress.WPF
		SccLocalPath6 = BNE.Compress.WPF
		SccProjectUniqueName7 = BNE.Cryptography\\BNE.Cryptography.csproj
		SccProjectTopLevelParentUniqueName7 = BNE.NugetServer.sln
		SccProjectName7 = BNE.Cryptography
		SccLocalPath7 = BNE.Cryptography
		SccProjectUniqueName8 = BNE.CDN\\BNE.Cdn.csproj
		SccProjectTopLevelParentUniqueName8 = BNE.NugetServer.sln
		SccProjectName8 = BNE.CDN
		SccLocalPath8 = BNE.CDN
		SccProjectUniqueName9 = BNE.Cielo\\BNE.Cielo.csproj
		SccProjectTopLevelParentUniqueName9 = BNE.NugetServer.sln
		SccProjectName9 = BNE.Cielo
		SccLocalPath9 = BNE.Cielo
		SccProjectUniqueName10 = BNE.NugetServer.Test\\BNE.NugetServer.Test.csproj
		SccProjectTopLevelParentUniqueName10 = BNE.NugetServer.sln
		SccProjectName10 = BNE.NugetServer.Test
		SccLocalPath10 = BNE.NugetServer.Test
		SccProjectUniqueName11 = BNE.Auth.Core\\BNE.Auth.Core.csproj
		SccProjectTopLevelParentUniqueName11 = BNE.NugetServer.sln
		SccProjectName11 = BNE.Auth.Core
		SccLocalPath11 = BNE.Auth.Core
		SccProjectUniqueName12 = BNE.Auth.NET45\\BNE.Auth.NET45.csproj
		SccProjectTopLevelParentUniqueName12 = BNE.NugetServer.sln
		SccProjectName12 = BNE.Auth.NET45
		SccLocalPath12 = BNE.Auth.NET45
		SccProjectUniqueName13 = TesteCielo\\TesteCielo.csproj
		SccProjectName13 = TesteCielo
		SccLocalPath13 = TesteCielo
		SccProjectUniqueName14 = BNE.Log.Base\\BNE.Log.Base.csproj
		SccProjectTopLevelParentUniqueName14 = BNE.NugetServer.sln
		SccProjectName14 = BNE.Log.Base
		SccLocalPath14 = BNE.Log.Base
		SccProjectUniqueName15 = BNE.Log.ADO\\BNE.Log.ADO.csproj
		SccProjectTopLevelParentUniqueName15 = BNE.NugetServer.sln
		SccProjectName15 = BNE.Log.ADO
		SccLocalPath15 = BNE.Log.ADO
		SccProjectUniqueName16 = BNE.Log\\BNE.Log.csproj
		SccProjectTopLevelParentUniqueName16 = BNE.NugetServer.sln
		SccProjectName16 = BNE.Log
		SccLocalPath16 = BNE.Log
		SccProjectUniqueName17 = BNE.Logger\\BNE.Logger.csproj
		SccProjectTopLevelParentUniqueName17 = BNE.NugetServer.sln
		SccProjectName17 = BNE.Logger
		SccLocalPath17 = BNE.Logger
		SccProjectUniqueName18 = AmazonS3Test\\AmazonS3Test.csproj
		SccProjectTopLevelParentUniqueName18 = BNE.NugetServer.sln
		SccProjectName18 = AmazonS3Test
		SccLocalPath18 = AmazonS3Test
	EndGlobalSection
	GlobalSection(SolutionConfigurationPlatforms) = preSolution
		Debug|Any CPU = Debug|Any CPU
		Debug|x64 = Debug|x64
		Homologacao|Any CPU = Homologacao|Any CPU
		Homologacao|x64 = Homologacao|x64
		Release|Any CPU = Release|Any CPU
		Release|x64 = Release|x64
	EndGlobalSection
	GlobalSection(ProjectConfigurationPlatforms) = postSolution
		{144550DA-14E2-429B-84B5-5F7E7ACF1CDE}.Debug|Any CPU.ActiveCfg = Debug|Any CPU
		{144550DA-14E2-429B-84B5-5F7E7ACF1CDE}.Debug|Any CPU.Build.0 = Debug|Any CPU
		{144550DA-14E2-429B-84B5-5F7E7ACF1CDE}.Debug|x64.ActiveCfg = Debug|Any CPU
		{144550DA-14E2-429B-84B5-5F7E7ACF1CDE}.Homologacao|Any CPU.ActiveCfg = Release|Any CPU
		{144550DA-14E2-429B-84B5-5F7E7ACF1CDE}.Homologacao|Any CPU.Build.0 = Release|Any CPU
		{144550DA-14E2-429B-84B5-5F7E7ACF1CDE}.Homologacao|x64.ActiveCfg = Release|Any CPU
		{144550DA-14E2-429B-84B5-5F7E7ACF1CDE}.Release|Any CPU.ActiveCfg = Release|Any CPU
		{144550DA-14E2-429B-84B5-5F7E7ACF1CDE}.Release|Any CPU.Build.0 = Release|Any CPU
		{144550DA-14E2-429B-84B5-5F7E7ACF1CDE}.Release|x64.ActiveCfg = Release|Any CPU
		{2DB41E50-B394-4023-92FD-5E7A01BD48E8}.Debug|Any CPU.ActiveCfg = Debug|Any CPU
		{2DB41E50-B394-4023-92FD-5E7A01BD48E8}.Debug|Any CPU.Build.0 = Debug|Any CPU
		{2DB41E50-B394-4023-92FD-5E7A01BD48E8}.Debug|x64.ActiveCfg = Debug|Any CPU
		{2DB41E50-B394-4023-92FD-5E7A01BD48E8}.Homologacao|Any CPU.ActiveCfg = Release|Any CPU
		{2DB41E50-B394-4023-92FD-5E7A01BD48E8}.Homologacao|Any CPU.Build.0 = Release|Any CPU
		{2DB41E50-B394-4023-92FD-5E7A01BD48E8}.Homologacao|x64.ActiveCfg = Release|Any CPU
		{2DB41E50-B394-4023-92FD-5E7A01BD48E8}.Release|Any CPU.ActiveCfg = Release|Any CPU
		{2DB41E50-B394-4023-92FD-5E7A01BD48E8}.Release|Any CPU.Build.0 = Release|Any CPU
		{2DB41E50-B394-4023-92FD-5E7A01BD48E8}.Release|x64.ActiveCfg = Release|Any CPU
		{1118B6BC-F872-4B2A-987C-970B917D21CF}.Debug|Any CPU.ActiveCfg = Debug|Any CPU
		{1118B6BC-F872-4B2A-987C-970B917D21CF}.Debug|Any CPU.Build.0 = Debug|Any CPU
		{1118B6BC-F872-4B2A-987C-970B917D21CF}.Debug|x64.ActiveCfg = Debug|Any CPU
		{1118B6BC-F872-4B2A-987C-970B917D21CF}.Homologacao|Any CPU.ActiveCfg = Release|Any CPU
		{1118B6BC-F872-4B2A-987C-970B917D21CF}.Homologacao|Any CPU.Build.0 = Release|Any CPU
		{1118B6BC-F872-4B2A-987C-970B917D21CF}.Homologacao|x64.ActiveCfg = Release|Any CPU
		{1118B6BC-F872-4B2A-987C-970B917D21CF}.Release|Any CPU.ActiveCfg = Release|Any CPU
		{1118B6BC-F872-4B2A-987C-970B917D21CF}.Release|Any CPU.Build.0 = Release|Any CPU
		{1118B6BC-F872-4B2A-987C-970B917D21CF}.Release|x64.ActiveCfg = Release|Any CPU
		{B61B8203-2E7E-4E0C-B4E7-08FB9961CA2D}.Debug|Any CPU.ActiveCfg = Debug|Any CPU
		{B61B8203-2E7E-4E0C-B4E7-08FB9961CA2D}.Debug|Any CPU.Build.0 = Debug|Any CPU
		{B61B8203-2E7E-4E0C-B4E7-08FB9961CA2D}.Debug|x64.ActiveCfg = Debug|Any CPU
		{B61B8203-2E7E-4E0C-B4E7-08FB9961CA2D}.Homologacao|Any CPU.ActiveCfg = Release|Any CPU
		{B61B8203-2E7E-4E0C-B4E7-08FB9961CA2D}.Homologacao|Any CPU.Build.0 = Release|Any CPU
		{B61B8203-2E7E-4E0C-B4E7-08FB9961CA2D}.Homologacao|x64.ActiveCfg = Release|Any CPU
		{B61B8203-2E7E-4E0C-B4E7-08FB9961CA2D}.Release|Any CPU.ActiveCfg = Release|Any CPU
		{B61B8203-2E7E-4E0C-B4E7-08FB9961CA2D}.Release|Any CPU.Build.0 = Release|Any CPU
		{B61B8203-2E7E-4E0C-B4E7-08FB9961CA2D}.Release|x64.ActiveCfg = Release|Any CPU
		{7374AD76-048F-4F5D-9974-80E264E1FE50}.Debug|Any CPU.ActiveCfg = Debug|Any CPU
		{7374AD76-048F-4F5D-9974-80E264E1FE50}.Debug|Any CPU.Build.0 = Debug|Any CPU
		{7374AD76-048F-4F5D-9974-80E264E1FE50}.Debug|x64.ActiveCfg = Debug|Any CPU
		{7374AD76-048F-4F5D-9974-80E264E1FE50}.Homologacao|Any CPU.ActiveCfg = Release|Any CPU
		{7374AD76-048F-4F5D-9974-80E264E1FE50}.Homologacao|Any CPU.Build.0 = Release|Any CPU
		{7374AD76-048F-4F5D-9974-80E264E1FE50}.Homologacao|x64.ActiveCfg = Release|Any CPU
		{7374AD76-048F-4F5D-9974-80E264E1FE50}.Release|Any CPU.ActiveCfg = Release|Any CPU
		{7374AD76-048F-4F5D-9974-80E264E1FE50}.Release|Any CPU.Build.0 = Release|Any CPU
		{7374AD76-048F-4F5D-9974-80E264E1FE50}.Release|x64.ActiveCfg = Release|Any CPU
		{50054A5B-0972-4CEB-9F81-E2D7EC8DCFD6}.Debug|Any CPU.ActiveCfg = Debug|Any CPU
		{50054A5B-0972-4CEB-9F81-E2D7EC8DCFD6}.Debug|Any CPU.Build.0 = Debug|Any CPU
		{50054A5B-0972-4CEB-9F81-E2D7EC8DCFD6}.Debug|x64.ActiveCfg = Debug|Any CPU
		{50054A5B-0972-4CEB-9F81-E2D7EC8DCFD6}.Homologacao|Any CPU.ActiveCfg = Release|Any CPU
		{50054A5B-0972-4CEB-9F81-E2D7EC8DCFD6}.Homologacao|Any CPU.Build.0 = Release|Any CPU
		{50054A5B-0972-4CEB-9F81-E2D7EC8DCFD6}.Homologacao|x64.ActiveCfg = Release|Any CPU
		{50054A5B-0972-4CEB-9F81-E2D7EC8DCFD6}.Release|Any CPU.ActiveCfg = Release|Any CPU
		{50054A5B-0972-4CEB-9F81-E2D7EC8DCFD6}.Release|Any CPU.Build.0 = Release|Any CPU
		{50054A5B-0972-4CEB-9F81-E2D7EC8DCFD6}.Release|x64.ActiveCfg = Release|Any CPU
		{8816F8F8-D788-4F3E-920D-4338CB1E507F}.Debug|Any CPU.ActiveCfg = Debug|Any CPU
		{8816F8F8-D788-4F3E-920D-4338CB1E507F}.Debug|Any CPU.Build.0 = Debug|Any CPU
		{8816F8F8-D788-4F3E-920D-4338CB1E507F}.Debug|x64.ActiveCfg = Debug|Any CPU
		{8816F8F8-D788-4F3E-920D-4338CB1E507F}.Homologacao|Any CPU.ActiveCfg = Release|Any CPU
		{8816F8F8-D788-4F3E-920D-4338CB1E507F}.Homologacao|Any CPU.Build.0 = Release|Any CPU
		{8816F8F8-D788-4F3E-920D-4338CB1E507F}.Homologacao|x64.ActiveCfg = Release|Any CPU
		{8816F8F8-D788-4F3E-920D-4338CB1E507F}.Release|Any CPU.ActiveCfg = Release|Any CPU
		{8816F8F8-D788-4F3E-920D-4338CB1E507F}.Release|Any CPU.Build.0 = Release|Any CPU
		{8816F8F8-D788-4F3E-920D-4338CB1E507F}.Release|x64.ActiveCfg = Release|Any CPU
		{561566C4-B960-49EB-85D2-26EE63E5B686}.Debug|Any CPU.ActiveCfg = Debug|Any CPU
		{561566C4-B960-49EB-85D2-26EE63E5B686}.Debug|Any CPU.Build.0 = Debug|Any CPU
		{561566C4-B960-49EB-85D2-26EE63E5B686}.Debug|x64.ActiveCfg = Debug|Any CPU
		{561566C4-B960-49EB-85D2-26EE63E5B686}.Homologacao|Any CPU.ActiveCfg = Release|Any CPU
		{561566C4-B960-49EB-85D2-26EE63E5B686}.Homologacao|Any CPU.Build.0 = Release|Any CPU
		{561566C4-B960-49EB-85D2-26EE63E5B686}.Homologacao|x64.ActiveCfg = Release|Any CPU
		{561566C4-B960-49EB-85D2-26EE63E5B686}.Release|Any CPU.ActiveCfg = Release|Any CPU
		{561566C4-B960-49EB-85D2-26EE63E5B686}.Release|Any CPU.Build.0 = Release|Any CPU
		{561566C4-B960-49EB-85D2-26EE63E5B686}.Release|x64.ActiveCfg = Release|Any CPU
		{B61FADE4-7BD4-4B58-B89B-1DADCD842E80}.Debug|Any CPU.ActiveCfg = Debug|Any CPU
		{B61FADE4-7BD4-4B58-B89B-1DADCD842E80}.Debug|Any CPU.Build.0 = Debug|Any CPU
		{B61FADE4-7BD4-4B58-B89B-1DADCD842E80}.Debug|x64.ActiveCfg = Debug|Any CPU
		{B61FADE4-7BD4-4B58-B89B-1DADCD842E80}.Homologacao|Any CPU.ActiveCfg = Release|Any CPU
		{B61FADE4-7BD4-4B58-B89B-1DADCD842E80}.Homologacao|Any CPU.Build.0 = Release|Any CPU
		{B61FADE4-7BD4-4B58-B89B-1DADCD842E80}.Homologacao|x64.ActiveCfg = Release|Any CPU
		{B61FADE4-7BD4-4B58-B89B-1DADCD842E80}.Release|Any CPU.ActiveCfg = Release|Any CPU
		{B61FADE4-7BD4-4B58-B89B-1DADCD842E80}.Release|Any CPU.Build.0 = Release|Any CPU
		{B61FADE4-7BD4-4B58-B89B-1DADCD842E80}.Release|x64.ActiveCfg = Release|Any CPU
		{775C9F90-50E7-4080-BA70-F7BB0E13D202}.Debug|Any CPU.ActiveCfg = Debug|Any CPU
		{775C9F90-50E7-4080-BA70-F7BB0E13D202}.Debug|Any CPU.Build.0 = Debug|Any CPU
		{775C9F90-50E7-4080-BA70-F7BB0E13D202}.Debug|x64.ActiveCfg = Debug|Any CPU
		{775C9F90-50E7-4080-BA70-F7BB0E13D202}.Homologacao|Any CPU.ActiveCfg = Release|Any CPU
		{775C9F90-50E7-4080-BA70-F7BB0E13D202}.Homologacao|Any CPU.Build.0 = Release|Any CPU
		{775C9F90-50E7-4080-BA70-F7BB0E13D202}.Homologacao|x64.ActiveCfg = Release|Any CPU
		{775C9F90-50E7-4080-BA70-F7BB0E13D202}.Release|Any CPU.ActiveCfg = Release|Any CPU
		{775C9F90-50E7-4080-BA70-F7BB0E13D202}.Release|Any CPU.Build.0 = Release|Any CPU
		{775C9F90-50E7-4080-BA70-F7BB0E13D202}.Release|x64.ActiveCfg = Release|Any CPU
		{692A456A-A8FC-4AE2-BF9C-D05A783BB5EC}.Debug|Any CPU.ActiveCfg = Debug|Any CPU
		{692A456A-A8FC-4AE2-BF9C-D05A783BB5EC}.Debug|Any CPU.Build.0 = Debug|Any CPU
		{692A456A-A8FC-4AE2-BF9C-D05A783BB5EC}.Debug|x64.ActiveCfg = Debug|Any CPU
		{692A456A-A8FC-4AE2-BF9C-D05A783BB5EC}.Homologacao|Any CPU.ActiveCfg = Release|Any CPU
		{692A456A-A8FC-4AE2-BF9C-D05A783BB5EC}.Homologacao|Any CPU.Build.0 = Release|Any CPU
		{692A456A-A8FC-4AE2-BF9C-D05A783BB5EC}.Homologacao|x64.ActiveCfg = Release|Any CPU
		{692A456A-A8FC-4AE2-BF9C-D05A783BB5EC}.Release|Any CPU.ActiveCfg = Release|Any CPU
		{692A456A-A8FC-4AE2-BF9C-D05A783BB5EC}.Release|Any CPU.Build.0 = Release|Any CPU
		{692A456A-A8FC-4AE2-BF9C-D05A783BB5EC}.Release|x64.ActiveCfg = Release|Any CPU
		{49CA53E9-EC27-4E9A-A67C-23E7F74B01B5}.Debug|Any CPU.ActiveCfg = Debug|Any CPU
		{49CA53E9-EC27-4E9A-A67C-23E7F74B01B5}.Debug|Any CPU.Build.0 = Debug|Any CPU
		{49CA53E9-EC27-4E9A-A67C-23E7F74B01B5}.Debug|x64.ActiveCfg = Debug|x64
		{49CA53E9-EC27-4E9A-A67C-23E7F74B01B5}.Debug|x64.Build.0 = Debug|x64
		{49CA53E9-EC27-4E9A-A67C-23E7F74B01B5}.Homologacao|Any CPU.ActiveCfg = Homologacao|Any CPU
		{49CA53E9-EC27-4E9A-A67C-23E7F74B01B5}.Homologacao|Any CPU.Build.0 = Homologacao|Any CPU
		{49CA53E9-EC27-4E9A-A67C-23E7F74B01B5}.Homologacao|x64.ActiveCfg = Homologacao|x64
		{49CA53E9-EC27-4E9A-A67C-23E7F74B01B5}.Homologacao|x64.Build.0 = Homologacao|x64
		{49CA53E9-EC27-4E9A-A67C-23E7F74B01B5}.Release|Any CPU.ActiveCfg = Release|Any CPU
		{49CA53E9-EC27-4E9A-A67C-23E7F74B01B5}.Release|Any CPU.Build.0 = Release|Any CPU
		{49CA53E9-EC27-4E9A-A67C-23E7F74B01B5}.Release|x64.ActiveCfg = Release|x64
		{49CA53E9-EC27-4E9A-A67C-23E7F74B01B5}.Release|x64.Build.0 = Release|x64
		{2FDF480A-2F26-40F1-B311-422054128414}.Debug|Any CPU.ActiveCfg = Debug|Any CPU
		{2FDF480A-2F26-40F1-B311-422054128414}.Debug|Any CPU.Build.0 = Debug|Any CPU
		{2FDF480A-2F26-40F1-B311-422054128414}.Debug|x64.ActiveCfg = Debug|Any CPU
		{2FDF480A-2F26-40F1-B311-422054128414}.Homologacao|Any CPU.ActiveCfg = Release|Any CPU
		{2FDF480A-2F26-40F1-B311-422054128414}.Homologacao|Any CPU.Build.0 = Release|Any CPU
		{2FDF480A-2F26-40F1-B311-422054128414}.Homologacao|x64.ActiveCfg = Release|Any CPU
		{2FDF480A-2F26-40F1-B311-422054128414}.Release|Any CPU.ActiveCfg = Release|Any CPU
		{2FDF480A-2F26-40F1-B311-422054128414}.Release|Any CPU.Build.0 = Release|Any CPU
		{2FDF480A-2F26-40F1-B311-422054128414}.Release|x64.ActiveCfg = Release|Any CPU
		{79EAD9E8-244F-4D6B-9A69-977C9102DEBB}.Debug|Any CPU.ActiveCfg = Debug|Any CPU
		{79EAD9E8-244F-4D6B-9A69-977C9102DEBB}.Debug|Any CPU.Build.0 = Debug|Any CPU
		{79EAD9E8-244F-4D6B-9A69-977C9102DEBB}.Debug|x64.ActiveCfg = Debug|Any CPU
		{79EAD9E8-244F-4D6B-9A69-977C9102DEBB}.Debug|x64.Build.0 = Debug|Any CPU
		{79EAD9E8-244F-4D6B-9A69-977C9102DEBB}.Homologacao|Any CPU.ActiveCfg = Release|Any CPU
		{79EAD9E8-244F-4D6B-9A69-977C9102DEBB}.Homologacao|Any CPU.Build.0 = Release|Any CPU
		{79EAD9E8-244F-4D6B-9A69-977C9102DEBB}.Homologacao|x64.ActiveCfg = Release|Any CPU
		{79EAD9E8-244F-4D6B-9A69-977C9102DEBB}.Homologacao|x64.Build.0 = Release|Any CPU
		{79EAD9E8-244F-4D6B-9A69-977C9102DEBB}.Release|Any CPU.ActiveCfg = Release|Any CPU
		{79EAD9E8-244F-4D6B-9A69-977C9102DEBB}.Release|Any CPU.Build.0 = Release|Any CPU
		{79EAD9E8-244F-4D6B-9A69-977C9102DEBB}.Release|x64.ActiveCfg = Release|Any CPU
		{79EAD9E8-244F-4D6B-9A69-977C9102DEBB}.Release|x64.Build.0 = Release|Any CPU
		{9ACF8F3C-4731-4C3B-AA1B-66C545979106}.Debug|Any CPU.ActiveCfg = Debug|Any CPU
		{9ACF8F3C-4731-4C3B-AA1B-66C545979106}.Debug|Any CPU.Build.0 = Debug|Any CPU
		{9ACF8F3C-4731-4C3B-AA1B-66C545979106}.Debug|x64.ActiveCfg = Debug|Any CPU
		{9ACF8F3C-4731-4C3B-AA1B-66C545979106}.Debug|x64.Build.0 = Debug|Any CPU
		{9ACF8F3C-4731-4C3B-AA1B-66C545979106}.Homologacao|Any CPU.ActiveCfg = Release|Any CPU
		{9ACF8F3C-4731-4C3B-AA1B-66C545979106}.Homologacao|Any CPU.Build.0 = Release|Any CPU
		{9ACF8F3C-4731-4C3B-AA1B-66C545979106}.Homologacao|x64.ActiveCfg = Release|Any CPU
		{9ACF8F3C-4731-4C3B-AA1B-66C545979106}.Homologacao|x64.Build.0 = Release|Any CPU
		{9ACF8F3C-4731-4C3B-AA1B-66C545979106}.Release|Any CPU.ActiveCfg = Release|Any CPU
		{9ACF8F3C-4731-4C3B-AA1B-66C545979106}.Release|Any CPU.Build.0 = Release|Any CPU
		{9ACF8F3C-4731-4C3B-AA1B-66C545979106}.Release|x64.ActiveCfg = Release|Any CPU
		{9ACF8F3C-4731-4C3B-AA1B-66C545979106}.Release|x64.Build.0 = Release|Any CPU
		{5FF511DD-6705-4338-AAF7-0174B87DEE18}.Debug|Any CPU.ActiveCfg = Debug|Any CPU
		{5FF511DD-6705-4338-AAF7-0174B87DEE18}.Debug|Any CPU.Build.0 = Debug|Any CPU
		{5FF511DD-6705-4338-AAF7-0174B87DEE18}.Debug|x64.ActiveCfg = Debug|Any CPU
		{5FF511DD-6705-4338-AAF7-0174B87DEE18}.Debug|x64.Build.0 = Debug|Any CPU
		{5FF511DD-6705-4338-AAF7-0174B87DEE18}.Homologacao|Any CPU.ActiveCfg = Release|Any CPU
		{5FF511DD-6705-4338-AAF7-0174B87DEE18}.Homologacao|Any CPU.Build.0 = Release|Any CPU
		{5FF511DD-6705-4338-AAF7-0174B87DEE18}.Homologacao|x64.ActiveCfg = Release|Any CPU
		{5FF511DD-6705-4338-AAF7-0174B87DEE18}.Homologacao|x64.Build.0 = Release|Any CPU
		{5FF511DD-6705-4338-AAF7-0174B87DEE18}.Release|Any CPU.ActiveCfg = Release|Any CPU
		{5FF511DD-6705-4338-AAF7-0174B87DEE18}.Release|Any CPU.Build.0 = Release|Any CPU
		{5FF511DD-6705-4338-AAF7-0174B87DEE18}.Release|x64.ActiveCfg = Release|Any CPU
		{5FF511DD-6705-4338-AAF7-0174B87DEE18}.Release|x64.Build.0 = Release|Any CPU
		{1FAE0CD9-E994-4D4F-A22B-F30137545002}.Debug|Any CPU.ActiveCfg = Debug|Any CPU
		{1FAE0CD9-E994-4D4F-A22B-F30137545002}.Debug|Any CPU.Build.0 = Debug|Any CPU
		{1FAE0CD9-E994-4D4F-A22B-F30137545002}.Debug|x64.ActiveCfg = Debug|Any CPU
		{1FAE0CD9-E994-4D4F-A22B-F30137545002}.Debug|x64.Build.0 = Debug|Any CPU
		{1FAE0CD9-E994-4D4F-A22B-F30137545002}.Homologacao|Any CPU.ActiveCfg = Release|Any CPU
		{1FAE0CD9-E994-4D4F-A22B-F30137545002}.Homologacao|Any CPU.Build.0 = Release|Any CPU
		{1FAE0CD9-E994-4D4F-A22B-F30137545002}.Homologacao|x64.ActiveCfg = Release|Any CPU
		{1FAE0CD9-E994-4D4F-A22B-F30137545002}.Homologacao|x64.Build.0 = Release|Any CPU
		{1FAE0CD9-E994-4D4F-A22B-F30137545002}.Release|Any CPU.ActiveCfg = Release|Any CPU
		{1FAE0CD9-E994-4D4F-A22B-F30137545002}.Release|Any CPU.Build.0 = Release|Any CPU
		{1FAE0CD9-E994-4D4F-A22B-F30137545002}.Release|x64.ActiveCfg = Release|Any CPU
		{1FAE0CD9-E994-4D4F-A22B-F30137545002}.Release|x64.Build.0 = Release|Any CPU
		{2C406BAE-A9AE-4B1C-92A4-EB575DBBCB23}.Debug|Any CPU.ActiveCfg = Debug|Any CPU
		{2C406BAE-A9AE-4B1C-92A4-EB575DBBCB23}.Debug|Any CPU.Build.0 = Debug|Any CPU
		{2C406BAE-A9AE-4B1C-92A4-EB575DBBCB23}.Debug|x64.ActiveCfg = Debug|Any CPU
		{2C406BAE-A9AE-4B1C-92A4-EB575DBBCB23}.Homologacao|Any CPU.ActiveCfg = Release|Any CPU
		{2C406BAE-A9AE-4B1C-92A4-EB575DBBCB23}.Homologacao|Any CPU.Build.0 = Release|Any CPU
		{2C406BAE-A9AE-4B1C-92A4-EB575DBBCB23}.Homologacao|x64.ActiveCfg = Release|Any CPU
		{2C406BAE-A9AE-4B1C-92A4-EB575DBBCB23}.Release|Any CPU.ActiveCfg = Release|Any CPU
		{2C406BAE-A9AE-4B1C-92A4-EB575DBBCB23}.Release|Any CPU.Build.0 = Release|Any CPU
		{2C406BAE-A9AE-4B1C-92A4-EB575DBBCB23}.Release|x64.ActiveCfg = Release|Any CPU
	EndGlobalSection
	GlobalSection(SolutionProperties) = preSolution
		HideSolutionNode = FALSE
	EndGlobalSection
	GlobalSection(NestedProjects) = preSolution
		{2DB41E50-B394-4023-92FD-5E7A01BD48E8} = {AFF88A94-F40C-43D3-A85F-474F87A6493E}
		{1118B6BC-F872-4B2A-987C-970B917D21CF} = {AFF88A94-F40C-43D3-A85F-474F87A6493E}
		{B61B8203-2E7E-4E0C-B4E7-08FB9961CA2D} = {AFF88A94-F40C-43D3-A85F-474F87A6493E}
		{7374AD76-048F-4F5D-9974-80E264E1FE50} = {AFF88A94-F40C-43D3-A85F-474F87A6493E}
		{50054A5B-0972-4CEB-9F81-E2D7EC8DCFD6} = {AFF88A94-F40C-43D3-A85F-474F87A6493E}
		{8816F8F8-D788-4F3E-920D-4338CB1E507F} = {3D0CCA6A-7095-410A-801E-FBB787658434}
		{561566C4-B960-49EB-85D2-26EE63E5B686} = {AFF88A94-F40C-43D3-A85F-474F87A6493E}
		{B61FADE4-7BD4-4B58-B89B-1DADCD842E80} = {AFF88A94-F40C-43D3-A85F-474F87A6493E}
		{775C9F90-50E7-4080-BA70-F7BB0E13D202} = {AFF88A94-F40C-43D3-A85F-474F87A6493E}
		{574510F6-2D67-4E6A-9CE2-53F024712D6C} = {AFF88A94-F40C-43D3-A85F-474F87A6493E}
		{692A456A-A8FC-4AE2-BF9C-D05A783BB5EC} = {574510F6-2D67-4E6A-9CE2-53F024712D6C}
		{49CA53E9-EC27-4E9A-A67C-23E7F74B01B5} = {574510F6-2D67-4E6A-9CE2-53F024712D6C}
		{79EAD9E8-244F-4D6B-9A69-977C9102DEBB} = {E397E3DE-A5AA-4578-BD0C-7BB60C6BC854}
		{9ACF8F3C-4731-4C3B-AA1B-66C545979106} = {E397E3DE-A5AA-4578-BD0C-7BB60C6BC854}
		{5FF511DD-6705-4338-AAF7-0174B87DEE18} = {E397E3DE-A5AA-4578-BD0C-7BB60C6BC854}
		{E397E3DE-A5AA-4578-BD0C-7BB60C6BC854} = {AFF88A94-F40C-43D3-A85F-474F87A6493E}
		{1FAE0CD9-E994-4D4F-A22B-F30137545002} = {E397E3DE-A5AA-4578-BD0C-7BB60C6BC854}
		{2C406BAE-A9AE-4B1C-92A4-EB575DBBCB23} = {3D0CCA6A-7095-410A-801E-FBB787658434}
	EndGlobalSection
	GlobalSection(TeamFoundationVersionControl) = preSolution
		SccNumberOfProjects = 19
		SccEnterpriseProvider = {4CA58AB2-18FA-4F8D-95D4-32DDF27D184C}
		SccTeamFoundationServer = http://tfs.employer.com.br:8080/tfs/defaultcollection
		SccLocalPath0 = .
		SccProjectUniqueName1 = BNE.NugetServer.Web\\BNE.NugetServer.Web.csproj
		SccProjectName1 = BNE.NugetServer.Web
		SccLocalPath1 = BNE.NugetServer.Web
		SccProjectUniqueName2 = BNE.Cache\\BNE.Cache.csproj
		SccProjectTopLevelParentUniqueName2 = BNE.NugetServer.sln
		SccProjectName2 = BNE.Cache
		SccLocalPath2 = BNE.Cache
		SccProjectUniqueName3 = BNE.ValidaCelular\\BNE.ValidaCelular.csproj
		SccProjectTopLevelParentUniqueName3 = BNE.NugetServer.sln
		SccProjectName3 = BNE.ValidaCelular
		SccLocalPath3 = BNE.ValidaCelular
		SccProjectUniqueName4 = BNE.Compress.Console\\BNE.Compress.Console.csproj
		SccProjectTopLevelParentUniqueName4 = BNE.NugetServer.sln
		SccProjectName4 = BNE.Compress.Console
		SccLocalPath4 = BNE.Compress.Console
		SccProjectUniqueName5 = BNE.Compress.WPF\\BNE.Compress.WPF.csproj
		SccProjectTopLevelParentUniqueName5 = BNE.NugetServer.sln
		SccProjectName5 = BNE.Compress.WPF
		SccLocalPath5 = BNE.Compress.WPF
		SccProjectUniqueName6 = BNE.Cryptography\\BNE.Cryptography.csproj
		SccProjectTopLevelParentUniqueName6 = BNE.NugetServer.sln
		SccProjectName6 = BNE.Cryptography
		SccLocalPath6 = BNE.Cryptography
		SccProjectUniqueName7 = BNE.NugetServer.Test\\BNE.NugetServer.Test.csproj
		SccProjectTopLevelParentUniqueName7 = BNE.NugetServer.sln
		SccProjectName7 = BNE.NugetServer.Test
		SccLocalPath7 = BNE.NugetServer.Test
		SccProjectUniqueName8 = BNE.CDN\\BNE.Cdn.csproj
		SccProjectTopLevelParentUniqueName8 = BNE.NugetServer.sln
		SccProjectName8 = BNE.CDN
		SccLocalPath8 = BNE.CDN
		SccProjectUniqueName9 = BNE.Softlayer.ObjectStorage\\BNE.StorageManager.csproj
		SccProjectTopLevelParentUniqueName9 = BNE.NugetServer.sln
		SccProjectName9 = BNE.Softlayer.ObjectStorage
		SccLocalPath9 = BNE.Softlayer.ObjectStorage
		SccProjectUniqueName10 = BNE.Cielo\\BNE.Cielo.csproj
		SccProjectTopLevelParentUniqueName10 = BNE.NugetServer.sln
		SccProjectName10 = BNE.Cielo
		SccLocalPath10 = BNE.Cielo
		SccProjectUniqueName11 = BNE.Auth.Core\\BNE.Auth.Core.csproj
		SccProjectTopLevelParentUniqueName11 = BNE.NugetServer.sln
		SccProjectName11 = BNE.Auth.Core
		SccLocalPath11 = BNE.Auth.Core
		SccProjectUniqueName12 = BNE.Auth.NET45\\BNE.Auth.NET45.csproj
		SccProjectTopLevelParentUniqueName12 = BNE.NugetServer.sln
		SccProjectName12 = BNE.Auth.NET45
		SccLocalPath12 = BNE.Auth.NET45
		SccProjectUniqueName13 = TesteCielo\\TesteCielo.csproj
		SccProjectName13 = TesteCielo
		SccLocalPath13 = TesteCielo
		SccProjectUniqueName14 = BNE.Log\\BNE.Log.csproj
		SccProjectTopLevelParentUniqueName14 = BNE.NugetServer.sln
		SccProjectName14 = BNE.Log
		SccLocalPath14 = BNE.Log
		SccProjectUniqueName15 = BNE.Log.ADO\\BNE.Log.ADO.csproj
		SccProjectTopLevelParentUniqueName15 = BNE.NugetServer.sln
		SccProjectName15 = BNE.Log.ADO
		SccLocalPath15 = BNE.Log.ADO
		SccProjectUniqueName16 = BNE.Logger\\BNE.Logger.csproj
		SccProjectTopLevelParentUniqueName17 = BNE.NugetServer.sln
		SccProjectName16 = BNE.Logger
		SccLocalPath16 = BNE.Logger
		SccProjectUniqueName17 = BNE.Log.Base\\BNE.Log.Base.csproj
		SccProjectName17 = BNE.Log.Base
		SccLocalPath17 = BNE.Log.Base
	EndGlobalSection
EndGlobal
