
Microsoft Visual Studio Solution File, Format Version 12.00
# Visual Studio 2013
VisualStudioVersion = 12.0.31101.0
MinimumVisualStudioVersion = 10.0.40219.1
Project("{FAE04EC0-301F-11D3-BF4B-00C04F79EFBC}") = "BNE.Dashboard.Entities", "BNE.Dashboard.Entities\BNE.Dashboard.Entities.csproj", "{CC6200FC-3168-4DCA-AF4B-738B928FB9C9}"
EndProject
Project("{FAE04EC0-301F-11D3-BF4B-00C04F79EFBC}") = "BNE.Dashboard.Data", "BNE.Dashboard.Data\BNE.Dashboard.Data.csproj", "{F4B53401-B67A-4224-99AF-D2382D7752F6}"
EndProject
Project("{FAE04EC0-301F-11D3-BF4B-00C04F79EFBC}") = "BNE.Dashboard.Business", "BNE.Dashboard.Business\BNE.Dashboard.Business.csproj", "{050F304A-BAF2-4BE8-93F9-559DF582A937}"
EndProject
Project("{2150E333-8FDC-42A3-9474-1A3956D46DE8}") = "BNE", "BNE", "{44288A14-543D-46C9-9934-0FBDFDBB5B44}"
EndProject
Project("{FAE04EC0-301F-11D3-BF4B-00C04F79EFBC}") = "BNE.BLL", "..\BNE.BLL\BNE.BLL.csproj", "{B316CE73-6590-43E7-BD7A-2C24963C09FB}"
EndProject
Project("{FAE04EC0-301F-11D3-BF4B-00C04F79EFBC}") = "BNE.Dashboard.Web", "BNE.Dashboard.Web\BNE.Dashboard.Web.csproj", "{5A13EEB8-8A71-4843-9E6E-707DC39DDEF6}"
EndProject
Project("{2150E333-8FDC-42A3-9474-1A3956D46DE8}") = "Solution Items", "Solution Items", "{952BCFBE-6E62-48EA-B4E5-2AC855A8C51B}"
	ProjectSection(SolutionItems) = preProject
		ReadME.txt = ReadME.txt
	EndProjectSection
EndProject
Project("{FAE04EC0-301F-11D3-BF4B-00C04F79EFBC}") = "BNE.Dashboard.Test", "BNE.Dashboard.Test\BNE.Dashboard.Test.csproj", "{634A49F5-5E3D-4D2C-BF3B-218F149396DF}"
EndProject
Project("{FAE04EC0-301F-11D3-BF4B-00C04F79EFBC}") = "BNE.Dashboard.API", "BNE.Dashboard.API\BNE.Dashboard.API.csproj", "{883BC1F2-6DED-43E6-AAB1-7E12DC023A76}"
EndProject
Global
	GlobalSection(TeamFoundationVersionControl) = preSolution
		SccNumberOfProjects = 8
		SccEnterpriseProvider = {4CA58AB2-18FA-4F8D-95D4-32DDF27D184C}
		SccTeamFoundationServer = http://tfs.employer.com.br:8080/tfs/defaultcollection
		SccLocalPath0 = .
		SccProjectUniqueName1 = BNE.Dashboard.Entities\\BNE.Dashboard.Entities.csproj
		SccProjectName1 = BNE.Dashboard.Entities
		SccLocalPath1 = BNE.Dashboard.Entities
		SccProjectUniqueName2 = BNE.Dashboard.Data\\BNE.Dashboard.Data.csproj
		SccProjectName2 = BNE.Dashboard.Data
		SccLocalPath2 = BNE.Dashboard.Data
		SccProjectUniqueName3 = BNE.Dashboard.Business\\BNE.Dashboard.Business.csproj
		SccProjectName3 = BNE.Dashboard.Business
		SccLocalPath3 = BNE.Dashboard.Business
		SccProjectUniqueName4 = ..\\BNE.BLL\\BNE.BLL.csproj
		SccProjectTopLevelParentUniqueName4 = BNE.Dashboard.sln
		SccProjectName4 = ../BNE.BLL
		SccLocalPath4 = ..\\BNE.BLL
		SccProjectUniqueName5 = BNE.Dashboard.Web\\BNE.Dashboard.Web.csproj
		SccProjectName5 = BNE.Dashboard.Web
		SccLocalPath5 = BNE.Dashboard.Web
		SccProjectUniqueName6 = BNE.Dashboard.Test\\BNE.Dashboard.Test.csproj
		SccProjectName6 = BNE.Dashboard.Test
		SccLocalPath6 = BNE.Dashboard.Test
		SccProjectUniqueName7 = BNE.Dashboard.API\\BNE.Dashboard.API.csproj
		SccProjectName7 = BNE.Dashboard.API
		SccLocalPath7 = BNE.Dashboard.API
	EndGlobalSection
	GlobalSection(SolutionConfigurationPlatforms) = preSolution
		BNE_Dev|Any CPU = BNE_Dev|Any CPU
		BNE_Dev|x64 = BNE_Dev|x64
		BNE_Dev|x86 = BNE_Dev|x86
		Debug|Any CPU = Debug|Any CPU
		Debug|x64 = Debug|x64
		Debug|x86 = Debug|x86
		Homologacao|Any CPU = Homologacao|Any CPU
		Homologacao|x64 = Homologacao|x64
		Homologacao|x86 = Homologacao|x86
		Producao|Any CPU = Producao|Any CPU
		Producao|x64 = Producao|x64
		Producao|x86 = Producao|x86
		Release|Any CPU = Release|Any CPU
		Release|x64 = Release|x64
		Release|x86 = Release|x86
	EndGlobalSection
	GlobalSection(ProjectConfigurationPlatforms) = postSolution
		{CC6200FC-3168-4DCA-AF4B-738B928FB9C9}.BNE_Dev|Any CPU.ActiveCfg = Release|Any CPU
		{CC6200FC-3168-4DCA-AF4B-738B928FB9C9}.BNE_Dev|Any CPU.Build.0 = Release|Any CPU
		{CC6200FC-3168-4DCA-AF4B-738B928FB9C9}.BNE_Dev|x64.ActiveCfg = Release|Any CPU
		{CC6200FC-3168-4DCA-AF4B-738B928FB9C9}.BNE_Dev|x86.ActiveCfg = Release|Any CPU
		{CC6200FC-3168-4DCA-AF4B-738B928FB9C9}.Debug|Any CPU.ActiveCfg = Debug|Any CPU
		{CC6200FC-3168-4DCA-AF4B-738B928FB9C9}.Debug|Any CPU.Build.0 = Debug|Any CPU
		{CC6200FC-3168-4DCA-AF4B-738B928FB9C9}.Debug|x64.ActiveCfg = Debug|Any CPU
		{CC6200FC-3168-4DCA-AF4B-738B928FB9C9}.Debug|x86.ActiveCfg = Debug|Any CPU
		{CC6200FC-3168-4DCA-AF4B-738B928FB9C9}.Homologacao|Any CPU.ActiveCfg = Release|Any CPU
		{CC6200FC-3168-4DCA-AF4B-738B928FB9C9}.Homologacao|Any CPU.Build.0 = Release|Any CPU
		{CC6200FC-3168-4DCA-AF4B-738B928FB9C9}.Homologacao|x64.ActiveCfg = Release|Any CPU
		{CC6200FC-3168-4DCA-AF4B-738B928FB9C9}.Homologacao|x86.ActiveCfg = Release|Any CPU
		{CC6200FC-3168-4DCA-AF4B-738B928FB9C9}.Producao|Any CPU.ActiveCfg = Release|Any CPU
		{CC6200FC-3168-4DCA-AF4B-738B928FB9C9}.Producao|Any CPU.Build.0 = Release|Any CPU
		{CC6200FC-3168-4DCA-AF4B-738B928FB9C9}.Producao|x64.ActiveCfg = Release|Any CPU
		{CC6200FC-3168-4DCA-AF4B-738B928FB9C9}.Producao|x86.ActiveCfg = Release|Any CPU
		{CC6200FC-3168-4DCA-AF4B-738B928FB9C9}.Release|Any CPU.ActiveCfg = Release|Any CPU
		{CC6200FC-3168-4DCA-AF4B-738B928FB9C9}.Release|Any CPU.Build.0 = Release|Any CPU
		{CC6200FC-3168-4DCA-AF4B-738B928FB9C9}.Release|x64.ActiveCfg = Release|Any CPU
		{CC6200FC-3168-4DCA-AF4B-738B928FB9C9}.Release|x86.ActiveCfg = Release|Any CPU
		{F4B53401-B67A-4224-99AF-D2382D7752F6}.BNE_Dev|Any CPU.ActiveCfg = Release|Any CPU
		{F4B53401-B67A-4224-99AF-D2382D7752F6}.BNE_Dev|Any CPU.Build.0 = Release|Any CPU
		{F4B53401-B67A-4224-99AF-D2382D7752F6}.BNE_Dev|x64.ActiveCfg = Release|Any CPU
		{F4B53401-B67A-4224-99AF-D2382D7752F6}.BNE_Dev|x86.ActiveCfg = Release|Any CPU
		{F4B53401-B67A-4224-99AF-D2382D7752F6}.Debug|Any CPU.ActiveCfg = Debug|Any CPU
		{F4B53401-B67A-4224-99AF-D2382D7752F6}.Debug|Any CPU.Build.0 = Debug|Any CPU
		{F4B53401-B67A-4224-99AF-D2382D7752F6}.Debug|x64.ActiveCfg = Debug|Any CPU
		{F4B53401-B67A-4224-99AF-D2382D7752F6}.Debug|x86.ActiveCfg = Debug|Any CPU
		{F4B53401-B67A-4224-99AF-D2382D7752F6}.Homologacao|Any CPU.ActiveCfg = Release|Any CPU
		{F4B53401-B67A-4224-99AF-D2382D7752F6}.Homologacao|Any CPU.Build.0 = Release|Any CPU
		{F4B53401-B67A-4224-99AF-D2382D7752F6}.Homologacao|x64.ActiveCfg = Release|Any CPU
		{F4B53401-B67A-4224-99AF-D2382D7752F6}.Homologacao|x86.ActiveCfg = Release|Any CPU
		{F4B53401-B67A-4224-99AF-D2382D7752F6}.Producao|Any CPU.ActiveCfg = Release|Any CPU
		{F4B53401-B67A-4224-99AF-D2382D7752F6}.Producao|Any CPU.Build.0 = Release|Any CPU
		{F4B53401-B67A-4224-99AF-D2382D7752F6}.Producao|x64.ActiveCfg = Release|Any CPU
		{F4B53401-B67A-4224-99AF-D2382D7752F6}.Producao|x86.ActiveCfg = Release|Any CPU
		{F4B53401-B67A-4224-99AF-D2382D7752F6}.Release|Any CPU.ActiveCfg = Release|Any CPU
		{F4B53401-B67A-4224-99AF-D2382D7752F6}.Release|Any CPU.Build.0 = Release|Any CPU
		{F4B53401-B67A-4224-99AF-D2382D7752F6}.Release|x64.ActiveCfg = Release|Any CPU
		{F4B53401-B67A-4224-99AF-D2382D7752F6}.Release|x86.ActiveCfg = Release|Any CPU
		{050F304A-BAF2-4BE8-93F9-559DF582A937}.BNE_Dev|Any CPU.ActiveCfg = Release|Any CPU
		{050F304A-BAF2-4BE8-93F9-559DF582A937}.BNE_Dev|Any CPU.Build.0 = Release|Any CPU
		{050F304A-BAF2-4BE8-93F9-559DF582A937}.BNE_Dev|x64.ActiveCfg = Release|Any CPU
		{050F304A-BAF2-4BE8-93F9-559DF582A937}.BNE_Dev|x86.ActiveCfg = Release|Any CPU
		{050F304A-BAF2-4BE8-93F9-559DF582A937}.Debug|Any CPU.ActiveCfg = Debug|Any CPU
		{050F304A-BAF2-4BE8-93F9-559DF582A937}.Debug|Any CPU.Build.0 = Debug|Any CPU
		{050F304A-BAF2-4BE8-93F9-559DF582A937}.Debug|x64.ActiveCfg = Debug|Any CPU
		{050F304A-BAF2-4BE8-93F9-559DF582A937}.Debug|x86.ActiveCfg = Debug|Any CPU
		{050F304A-BAF2-4BE8-93F9-559DF582A937}.Homologacao|Any CPU.ActiveCfg = Release|Any CPU
		{050F304A-BAF2-4BE8-93F9-559DF582A937}.Homologacao|Any CPU.Build.0 = Release|Any CPU
		{050F304A-BAF2-4BE8-93F9-559DF582A937}.Homologacao|x64.ActiveCfg = Release|Any CPU
		{050F304A-BAF2-4BE8-93F9-559DF582A937}.Homologacao|x86.ActiveCfg = Release|Any CPU
		{050F304A-BAF2-4BE8-93F9-559DF582A937}.Producao|Any CPU.ActiveCfg = Release|Any CPU
		{050F304A-BAF2-4BE8-93F9-559DF582A937}.Producao|Any CPU.Build.0 = Release|Any CPU
		{050F304A-BAF2-4BE8-93F9-559DF582A937}.Producao|x64.ActiveCfg = Release|Any CPU
		{050F304A-BAF2-4BE8-93F9-559DF582A937}.Producao|x86.ActiveCfg = Release|Any CPU
		{050F304A-BAF2-4BE8-93F9-559DF582A937}.Release|Any CPU.ActiveCfg = Release|Any CPU
		{050F304A-BAF2-4BE8-93F9-559DF582A937}.Release|Any CPU.Build.0 = Release|Any CPU
		{050F304A-BAF2-4BE8-93F9-559DF582A937}.Release|x64.ActiveCfg = Release|Any CPU
		{050F304A-BAF2-4BE8-93F9-559DF582A937}.Release|x86.ActiveCfg = Release|Any CPU
		{B316CE73-6590-43E7-BD7A-2C24963C09FB}.BNE_Dev|Any CPU.ActiveCfg = BNE_Dev|Any CPU
		{B316CE73-6590-43E7-BD7A-2C24963C09FB}.BNE_Dev|Any CPU.Build.0 = BNE_Dev|Any CPU
		{B316CE73-6590-43E7-BD7A-2C24963C09FB}.BNE_Dev|x64.ActiveCfg = BNE_Dev|x64
		{B316CE73-6590-43E7-BD7A-2C24963C09FB}.BNE_Dev|x64.Build.0 = BNE_Dev|x64
		{B316CE73-6590-43E7-BD7A-2C24963C09FB}.BNE_Dev|x86.ActiveCfg = BNE_Dev|x86
		{B316CE73-6590-43E7-BD7A-2C24963C09FB}.BNE_Dev|x86.Build.0 = BNE_Dev|x86
		{B316CE73-6590-43E7-BD7A-2C24963C09FB}.Debug|Any CPU.ActiveCfg = Debug|Any CPU
		{B316CE73-6590-43E7-BD7A-2C24963C09FB}.Debug|Any CPU.Build.0 = Debug|Any CPU
		{B316CE73-6590-43E7-BD7A-2C24963C09FB}.Debug|x64.ActiveCfg = Debug|x64
		{B316CE73-6590-43E7-BD7A-2C24963C09FB}.Debug|x64.Build.0 = Debug|x64
		{B316CE73-6590-43E7-BD7A-2C24963C09FB}.Debug|x86.ActiveCfg = Debug|x86
		{B316CE73-6590-43E7-BD7A-2C24963C09FB}.Debug|x86.Build.0 = Debug|x86
		{B316CE73-6590-43E7-BD7A-2C24963C09FB}.Homologacao|Any CPU.ActiveCfg = Homologacao|Any CPU
		{B316CE73-6590-43E7-BD7A-2C24963C09FB}.Homologacao|Any CPU.Build.0 = Homologacao|Any CPU
		{B316CE73-6590-43E7-BD7A-2C24963C09FB}.Homologacao|x64.ActiveCfg = Homologacao|x64
		{B316CE73-6590-43E7-BD7A-2C24963C09FB}.Homologacao|x64.Build.0 = Homologacao|x64
		{B316CE73-6590-43E7-BD7A-2C24963C09FB}.Homologacao|x86.ActiveCfg = Homologacao|x86
		{B316CE73-6590-43E7-BD7A-2C24963C09FB}.Homologacao|x86.Build.0 = Homologacao|x86
		{B316CE73-6590-43E7-BD7A-2C24963C09FB}.Producao|Any CPU.ActiveCfg = Producao|Any CPU
		{B316CE73-6590-43E7-BD7A-2C24963C09FB}.Producao|Any CPU.Build.0 = Producao|Any CPU
		{B316CE73-6590-43E7-BD7A-2C24963C09FB}.Producao|x64.ActiveCfg = Producao|x64
		{B316CE73-6590-43E7-BD7A-2C24963C09FB}.Producao|x64.Build.0 = Producao|x64
		{B316CE73-6590-43E7-BD7A-2C24963C09FB}.Producao|x86.ActiveCfg = Producao|x86
		{B316CE73-6590-43E7-BD7A-2C24963C09FB}.Producao|x86.Build.0 = Producao|x86
		{B316CE73-6590-43E7-BD7A-2C24963C09FB}.Release|Any CPU.ActiveCfg = Release|Any CPU
		{B316CE73-6590-43E7-BD7A-2C24963C09FB}.Release|Any CPU.Build.0 = Release|Any CPU
		{B316CE73-6590-43E7-BD7A-2C24963C09FB}.Release|x64.ActiveCfg = Release|x64
		{B316CE73-6590-43E7-BD7A-2C24963C09FB}.Release|x64.Build.0 = Release|x64
		{B316CE73-6590-43E7-BD7A-2C24963C09FB}.Release|x86.ActiveCfg = Release|x86
		{B316CE73-6590-43E7-BD7A-2C24963C09FB}.Release|x86.Build.0 = Release|x86
		{5A13EEB8-8A71-4843-9E6E-707DC39DDEF6}.BNE_Dev|Any CPU.ActiveCfg = Release|Any CPU
		{5A13EEB8-8A71-4843-9E6E-707DC39DDEF6}.BNE_Dev|Any CPU.Build.0 = Release|Any CPU
		{5A13EEB8-8A71-4843-9E6E-707DC39DDEF6}.BNE_Dev|x64.ActiveCfg = Release|Any CPU
		{5A13EEB8-8A71-4843-9E6E-707DC39DDEF6}.BNE_Dev|x86.ActiveCfg = Release|Any CPU
		{5A13EEB8-8A71-4843-9E6E-707DC39DDEF6}.Debug|Any CPU.ActiveCfg = Debug|Any CPU
		{5A13EEB8-8A71-4843-9E6E-707DC39DDEF6}.Debug|Any CPU.Build.0 = Debug|Any CPU
		{5A13EEB8-8A71-4843-9E6E-707DC39DDEF6}.Debug|x64.ActiveCfg = Debug|Any CPU
		{5A13EEB8-8A71-4843-9E6E-707DC39DDEF6}.Debug|x86.ActiveCfg = Debug|Any CPU
		{5A13EEB8-8A71-4843-9E6E-707DC39DDEF6}.Homologacao|Any CPU.ActiveCfg = Release|Any CPU
		{5A13EEB8-8A71-4843-9E6E-707DC39DDEF6}.Homologacao|Any CPU.Build.0 = Release|Any CPU
		{5A13EEB8-8A71-4843-9E6E-707DC39DDEF6}.Homologacao|x64.ActiveCfg = Release|Any CPU
		{5A13EEB8-8A71-4843-9E6E-707DC39DDEF6}.Homologacao|x86.ActiveCfg = Release|Any CPU
		{5A13EEB8-8A71-4843-9E6E-707DC39DDEF6}.Producao|Any CPU.ActiveCfg = Release|Any CPU
		{5A13EEB8-8A71-4843-9E6E-707DC39DDEF6}.Producao|Any CPU.Build.0 = Release|Any CPU
		{5A13EEB8-8A71-4843-9E6E-707DC39DDEF6}.Producao|x64.ActiveCfg = Release|Any CPU
		{5A13EEB8-8A71-4843-9E6E-707DC39DDEF6}.Producao|x86.ActiveCfg = Release|Any CPU
		{5A13EEB8-8A71-4843-9E6E-707DC39DDEF6}.Release|Any CPU.ActiveCfg = Release|Any CPU
		{5A13EEB8-8A71-4843-9E6E-707DC39DDEF6}.Release|Any CPU.Build.0 = Release|Any CPU
		{5A13EEB8-8A71-4843-9E6E-707DC39DDEF6}.Release|x64.ActiveCfg = Release|Any CPU
		{5A13EEB8-8A71-4843-9E6E-707DC39DDEF6}.Release|x86.ActiveCfg = Release|Any CPU
		{634A49F5-5E3D-4D2C-BF3B-218F149396DF}.BNE_Dev|Any CPU.ActiveCfg = Release|Any CPU
		{634A49F5-5E3D-4D2C-BF3B-218F149396DF}.BNE_Dev|Any CPU.Build.0 = Release|Any CPU
		{634A49F5-5E3D-4D2C-BF3B-218F149396DF}.BNE_Dev|x64.ActiveCfg = Release|Any CPU
		{634A49F5-5E3D-4D2C-BF3B-218F149396DF}.BNE_Dev|x86.ActiveCfg = Release|Any CPU
		{634A49F5-5E3D-4D2C-BF3B-218F149396DF}.Debug|Any CPU.ActiveCfg = Debug|Any CPU
		{634A49F5-5E3D-4D2C-BF3B-218F149396DF}.Debug|Any CPU.Build.0 = Debug|Any CPU
		{634A49F5-5E3D-4D2C-BF3B-218F149396DF}.Debug|x64.ActiveCfg = Debug|Any CPU
		{634A49F5-5E3D-4D2C-BF3B-218F149396DF}.Debug|x86.ActiveCfg = Debug|Any CPU
		{634A49F5-5E3D-4D2C-BF3B-218F149396DF}.Homologacao|Any CPU.ActiveCfg = Release|Any CPU
		{634A49F5-5E3D-4D2C-BF3B-218F149396DF}.Homologacao|Any CPU.Build.0 = Release|Any CPU
		{634A49F5-5E3D-4D2C-BF3B-218F149396DF}.Homologacao|x64.ActiveCfg = Release|Any CPU
		{634A49F5-5E3D-4D2C-BF3B-218F149396DF}.Homologacao|x86.ActiveCfg = Release|Any CPU
		{634A49F5-5E3D-4D2C-BF3B-218F149396DF}.Producao|Any CPU.ActiveCfg = Release|Any CPU
		{634A49F5-5E3D-4D2C-BF3B-218F149396DF}.Producao|Any CPU.Build.0 = Release|Any CPU
		{634A49F5-5E3D-4D2C-BF3B-218F149396DF}.Producao|x64.ActiveCfg = Release|Any CPU
		{634A49F5-5E3D-4D2C-BF3B-218F149396DF}.Producao|x86.ActiveCfg = Release|Any CPU
		{634A49F5-5E3D-4D2C-BF3B-218F149396DF}.Release|Any CPU.ActiveCfg = Release|Any CPU
		{634A49F5-5E3D-4D2C-BF3B-218F149396DF}.Release|Any CPU.Build.0 = Release|Any CPU
		{634A49F5-5E3D-4D2C-BF3B-218F149396DF}.Release|x64.ActiveCfg = Release|Any CPU
		{634A49F5-5E3D-4D2C-BF3B-218F149396DF}.Release|x86.ActiveCfg = Release|Any CPU
		{883BC1F2-6DED-43E6-AAB1-7E12DC023A76}.BNE_Dev|Any CPU.ActiveCfg = Release|Any CPU
		{883BC1F2-6DED-43E6-AAB1-7E12DC023A76}.BNE_Dev|Any CPU.Build.0 = Release|Any CPU
		{883BC1F2-6DED-43E6-AAB1-7E12DC023A76}.BNE_Dev|x64.ActiveCfg = Release|Any CPU
		{883BC1F2-6DED-43E6-AAB1-7E12DC023A76}.BNE_Dev|x86.ActiveCfg = Release|Any CPU
		{883BC1F2-6DED-43E6-AAB1-7E12DC023A76}.Debug|Any CPU.ActiveCfg = Debug|Any CPU
		{883BC1F2-6DED-43E6-AAB1-7E12DC023A76}.Debug|Any CPU.Build.0 = Debug|Any CPU
		{883BC1F2-6DED-43E6-AAB1-7E12DC023A76}.Debug|x64.ActiveCfg = Debug|Any CPU
		{883BC1F2-6DED-43E6-AAB1-7E12DC023A76}.Debug|x86.ActiveCfg = Debug|Any CPU
		{883BC1F2-6DED-43E6-AAB1-7E12DC023A76}.Homologacao|Any CPU.ActiveCfg = Release|Any CPU
		{883BC1F2-6DED-43E6-AAB1-7E12DC023A76}.Homologacao|Any CPU.Build.0 = Release|Any CPU
		{883BC1F2-6DED-43E6-AAB1-7E12DC023A76}.Homologacao|x64.ActiveCfg = Release|Any CPU
		{883BC1F2-6DED-43E6-AAB1-7E12DC023A76}.Homologacao|x86.ActiveCfg = Release|Any CPU
		{883BC1F2-6DED-43E6-AAB1-7E12DC023A76}.Producao|Any CPU.ActiveCfg = Release|Any CPU
		{883BC1F2-6DED-43E6-AAB1-7E12DC023A76}.Producao|Any CPU.Build.0 = Release|Any CPU
		{883BC1F2-6DED-43E6-AAB1-7E12DC023A76}.Producao|x64.ActiveCfg = Release|Any CPU
		{883BC1F2-6DED-43E6-AAB1-7E12DC023A76}.Producao|x86.ActiveCfg = Release|Any CPU
		{883BC1F2-6DED-43E6-AAB1-7E12DC023A76}.Release|Any CPU.ActiveCfg = Release|Any CPU
		{883BC1F2-6DED-43E6-AAB1-7E12DC023A76}.Release|Any CPU.Build.0 = Release|Any CPU
		{883BC1F2-6DED-43E6-AAB1-7E12DC023A76}.Release|x64.ActiveCfg = Release|Any CPU
		{883BC1F2-6DED-43E6-AAB1-7E12DC023A76}.Release|x86.ActiveCfg = Release|Any CPU
	EndGlobalSection
	GlobalSection(SolutionProperties) = preSolution
		HideSolutionNode = FALSE
	EndGlobalSection
	GlobalSection(NestedProjects) = preSolution
		{B316CE73-6590-43E7-BD7A-2C24963C09FB} = {44288A14-543D-46C9-9934-0FBDFDBB5B44}
	EndGlobalSection
EndGlobal
